<?xml version="1.0" encoding="utf-8"?>
<Project ToolsVersion="4.0" xmlns="http://schemas.microsoft.com/developer/msbuild/2003">
  <ItemGroup>
    <ClInclude Include="qle\quantext.hpp" />
    <ClInclude Include="qle\quotes\logquote.hpp">
      <Filter>quotes</Filter>
    </ClInclude>
    <ClInclude Include="qle\auto_link.hpp" />
    <ClInclude Include="qle\currencies\africa.hpp">
      <Filter>currencies</Filter>
    </ClInclude>
    <ClInclude Include="qle\currencies\america.hpp">
      <Filter>currencies</Filter>
    </ClInclude>
    <ClInclude Include="qle\currencies\asia.hpp">
      <Filter>currencies</Filter>
    </ClInclude>
    <ClInclude Include="qle\indexes\genericiborindex.hpp">
      <Filter>indexes</Filter>
    </ClInclude>
    <ClInclude Include="qle\indexes\ibor\ambor.hpp">
      <Filter>indexes\ibor</Filter>
    </ClInclude>
    <ClInclude Include="qle\indexes\ibor\ameribor.hpp">
      <Filter>indexes\ibor</Filter>
    </ClInclude>
    <ClInclude Include="qle\indexes\ibor\audbbsw.hpp">
      <Filter>indexes\ibor</Filter>
    </ClInclude>
    <ClInclude Include="qle\indexes\ibor\boebaserate.hpp">
      <Filter>indexes\ibor</Filter>
    </ClInclude>
    <ClInclude Include="qle\indexes\ibor\chftois.hpp">
      <Filter>indexes\ibor</Filter>
    </ClInclude>
    <ClInclude Include="qle\indexes\ibor\czkpribor.hpp">
      <Filter>indexes\ibor</Filter>
    </ClInclude>
    <ClInclude Include="qle\indexes\ibor\dkkcibor.hpp">
      <Filter>indexes\ibor</Filter>
    </ClInclude>
    <ClInclude Include="qle\indexes\ibor\hkdhibor.hpp">
      <Filter>indexes\ibor</Filter>
    </ClInclude>
    <ClInclude Include="qle\indexes\ibor\hkdhonia.hpp">
      <Filter>indexes\ibor</Filter>
    </ClInclude>
    <ClInclude Include="qle\indexes\ibor\hufbubor.hpp">
      <Filter>indexes\ibor</Filter>
    </ClInclude>
    <ClInclude Include="qle\indexes\ibor\idridrfix.hpp">
      <Filter>indexes\ibor</Filter>
    </ClInclude>
    <ClInclude Include="qle\indexes\ibor\inrmifor.hpp">
      <Filter>indexes\ibor</Filter>
    </ClInclude>
    <ClInclude Include="qle\indexes\ibor\mxntiie.hpp">
      <Filter>indexes\ibor</Filter>
    </ClInclude>
    <ClInclude Include="qle\indexes\ibor\noknibor.hpp">
      <Filter>indexes\ibor</Filter>
    </ClInclude>
    <ClInclude Include="qle\indexes\ibor\nzdbkbm.hpp">
      <Filter>indexes\ibor</Filter>
    </ClInclude>
    <ClInclude Include="qle\indexes\ibor\plnwibor.hpp">
      <Filter>indexes\ibor</Filter>
    </ClInclude>
    <ClInclude Include="qle\indexes\ibor\sekstibor.hpp">
      <Filter>indexes\ibor</Filter>
    </ClInclude>
    <ClInclude Include="qle\indexes\ibor\sgdsibor.hpp">
      <Filter>indexes\ibor</Filter>
    </ClInclude>
    <ClInclude Include="qle\indexes\ibor\sgdsor.hpp">
      <Filter>indexes\ibor</Filter>
    </ClInclude>
    <ClInclude Include="qle\indexes\ibor\skkbribor.hpp">
      <Filter>indexes\ibor</Filter>
    </ClInclude>
    <ClInclude Include="qle\indexes\ibor\tonar.hpp">
      <Filter>indexes\ibor</Filter>
    </ClInclude>
    <ClInclude Include="qle\termstructures\interpolateddiscountcurve.hpp">
      <Filter>termstructures</Filter>
    </ClInclude>
    <ClInclude Include="qle\cashflows\averageonindexedcoupon.hpp">
      <Filter>cashflows</Filter>
    </ClInclude>
    <ClInclude Include="qle\cashflows\averageonindexedcouponpricer.hpp">
      <Filter>cashflows</Filter>
    </ClInclude>
    <ClInclude Include="qle\cashflows\couponpricer.hpp">
      <Filter>cashflows</Filter>
    </ClInclude>
    <ClInclude Include="qle\cashflows\cmbcoupon.hpp">
      <Filter>cashflows</Filter>
    </ClInclude>
    <ClInclude Include="qle\cashflows\subperiodscoupon.hpp">
      <Filter>cashflows</Filter>
    </ClInclude>
    <ClInclude Include="qle\cashflows\subperiodscouponpricer.hpp">
      <Filter>cashflows</Filter>
    </ClInclude>
    <ClInclude Include="qle\instruments\averageois.hpp">
      <Filter>instruments</Filter>
    </ClInclude>
    <ClInclude Include="qle\instruments\crossccybasisswap.hpp">
      <Filter>instruments</Filter>
    </ClInclude>
    <ClInclude Include="qle\instruments\crossccyswap.hpp">
      <Filter>instruments</Filter>
    </ClInclude>
    <ClInclude Include="qle\instruments\fxforward.hpp">
      <Filter>instruments</Filter>
    </ClInclude>
    <ClInclude Include="qle\instruments\makeaverageois.hpp">
      <Filter>instruments</Filter>
    </ClInclude>
    <ClInclude Include="qle\instruments\tenorbasisswap.hpp">
      <Filter>instruments</Filter>
    </ClInclude>
    <ClInclude Include="qle\instruments\genericswaption.hpp">
      <Filter>instruments</Filter>
    </ClInclude>
    <ClInclude Include="qle\instruments\varianceswap.hpp">
      <Filter>instruments</Filter>
    </ClInclude>
    <ClInclude Include="qle\pricingengines\varianceswapgeneralreplicationengine.hpp">
      <Filter>pricingengines</Filter>
    </ClInclude>
    <ClInclude Include="qle\pricingengines\volatilityfromvarianceswapengine.hpp">
      <Filter>pricingengines</Filter>
    </ClInclude>
    <ClInclude Include="qle\pricingengines\crossccyswapengine.hpp">
      <Filter>pricingengines</Filter>
    </ClInclude>
    <ClInclude Include="qle\pricingengines\discountingfxforwardengine.hpp">
      <Filter>pricingengines</Filter>
    </ClInclude>
    <ClInclude Include="qle\termstructures\averageoisratehelper.hpp">
      <Filter>termstructures</Filter>
    </ClInclude>
    <ClInclude Include="qle\termstructures\basistwoswaphelper.hpp">
      <Filter>termstructures</Filter>
    </ClInclude>
    <ClInclude Include="qle\termstructures\crossccybasisswaphelper.hpp">
      <Filter>termstructures</Filter>
    </ClInclude>
    <ClInclude Include="qle\termstructures\oisratehelper.hpp">
      <Filter>termstructures</Filter>
    </ClInclude>
    <ClInclude Include="qle\termstructures\tenorbasisswaphelper.hpp">
      <Filter>termstructures</Filter>
    </ClInclude>
    <ClInclude Include="qle\instruments\currencyswap.hpp">
      <Filter>instruments</Filter>
    </ClInclude>
    <ClInclude Include="qle\instruments\oibasisswap.hpp">
      <Filter>instruments</Filter>
    </ClInclude>
    <ClInclude Include="qle\instruments\oiccbasisswap.hpp">
      <Filter>instruments</Filter>
    </ClInclude>
    <ClInclude Include="qle\instruments\nullinstrument.hpp">
      <Filter>instruments</Filter>
    </ClInclude>
    <ClInclude Include="qle\models\crossassetanalytics.hpp">
      <Filter>models</Filter>
    </ClInclude>
    <ClInclude Include="qle\models\crossassetanalyticsbase.hpp">
      <Filter>models</Filter>
    </ClInclude>
    <ClInclude Include="qle\models\crossassetmodel.hpp">
      <Filter>models</Filter>
    </ClInclude>
    <ClInclude Include="qle\models\fxbsconstantparametrization.hpp">
      <Filter>models</Filter>
    </ClInclude>
    <ClInclude Include="qle\models\fxbsparametrization.hpp">
      <Filter>models</Filter>
    </ClInclude>
    <ClInclude Include="qle\models\fxbspiecewiseconstantparametrization.hpp">
      <Filter>models</Filter>
    </ClInclude>
    <ClInclude Include="qle\models\gaussian1dcrossassetadaptor.hpp">
      <Filter>models</Filter>
    </ClInclude>
    <ClInclude Include="qle\models\irlgm1fconstantparametrization.hpp">
      <Filter>models</Filter>
    </ClInclude>
    <ClInclude Include="qle\models\irlgm1fparametrization.hpp">
      <Filter>models</Filter>
    </ClInclude>
    <ClInclude Include="qle\models\irlgm1fpiecewiseconstanthullwhiteadaptor.hpp">
      <Filter>models</Filter>
    </ClInclude>
    <ClInclude Include="qle\models\irlgm1fpiecewiseconstantparametrization.hpp">
      <Filter>models</Filter>
    </ClInclude>
    <ClInclude Include="qle\models\irlgm1fpiecewiselinearparametrization.hpp">
      <Filter>models</Filter>
    </ClInclude>
    <ClInclude Include="qle\models\lgm.hpp">
      <Filter>models</Filter>
    </ClInclude>
    <ClInclude Include="qle\models\lgmcalibrationinfo.hpp">
      <Filter>models</Filter>
    </ClInclude>
    <ClInclude Include="qle\models\lgmimpliedyieldtermstructure.hpp">
      <Filter>models</Filter>
    </ClInclude>
    <ClInclude Include="qle\models\linkablecalibratedmodel.hpp">
      <Filter>models</Filter>
    </ClInclude>
    <ClInclude Include="qle\models\parametrization.hpp">
      <Filter>models</Filter>
    </ClInclude>
    <ClInclude Include="qle\models\piecewiseconstanthelper.hpp">
      <Filter>models</Filter>
    </ClInclude>
    <ClInclude Include="qle\models\pseudoparameter.hpp">
      <Filter>models</Filter>
    </ClInclude>
    <ClInclude Include="qle\methods\multipathgeneratorbase.hpp">
      <Filter>methods</Filter>
    </ClInclude>
    <ClInclude Include="qle\pricingengines\commodityswaptionengine.hpp">
      <Filter>pricingengines</Filter>
    </ClInclude>
    <ClInclude Include="qle\pricingengines\analyticcclgmfxoptionengine.hpp">
      <Filter>pricingengines</Filter>
    </ClInclude>
    <ClInclude Include="qle\pricingengines\analyticlgmswaptionengine.hpp">
      <Filter>pricingengines</Filter>
    </ClInclude>
    <ClInclude Include="qle\pricingengines\discountingcurrencyswapengine.hpp">
      <Filter>pricingengines</Filter>
    </ClInclude>
    <ClInclude Include="qle\pricingengines\oiccbasisswapengine.hpp">
      <Filter>pricingengines</Filter>
    </ClInclude>
    <ClInclude Include="qle\processes\crossassetstateprocess.hpp">
      <Filter>processes</Filter>
    </ClInclude>
    <ClInclude Include="qle\processes\irlgm1fstateprocess.hpp">
      <Filter>processes</Filter>
    </ClInclude>
    <ClInclude Include="qle\termstructures\blackinvertedvoltermstructure.hpp">
      <Filter>termstructures</Filter>
    </ClInclude>
    <ClInclude Include="qle\termstructures\dynamicblackvoltermstructure.hpp">
      <Filter>termstructures</Filter>
    </ClInclude>
    <ClInclude Include="qle\termstructures\dynamicswaptionvolmatrix.hpp">
      <Filter>termstructures</Filter>
    </ClInclude>
    <ClInclude Include="qle\termstructures\oibasisswaphelper.hpp">
      <Filter>termstructures</Filter>
    </ClInclude>
    <ClInclude Include="qle\termstructures\oiccbasisswaphelper.hpp">
      <Filter>termstructures</Filter>
    </ClInclude>
    <ClInclude Include="qle\termstructures\staticallycorrectedyieldtermstructure.hpp">
      <Filter>termstructures</Filter>
    </ClInclude>
    <ClInclude Include="qle\termstructures\hazardspreadeddefaulttermstructure.hpp">
      <Filter>termstructures</Filter>
    </ClInclude>
    <ClInclude Include="qle\models\crossassetmodelimpliedfxvoltermstructure.hpp">
      <Filter>models</Filter>
    </ClInclude>
    <ClInclude Include="qle\termstructures\blackvariancecurve3.hpp">
      <Filter>termstructures</Filter>
    </ClInclude>
    <ClInclude Include="qle\termstructures\blackvariancesurfacemoneyness.hpp">
      <Filter>termstructures</Filter>
    </ClInclude>
    <ClInclude Include="qle\pricingengines\discountingswapenginemulticurve.hpp">
      <Filter>pricingengines</Filter>
    </ClInclude>
    <ClInclude Include="qle\termstructures\datedstrippedoptionlet.hpp">
      <Filter>termstructures</Filter>
    </ClInclude>
    <ClInclude Include="qle\termstructures\datedstrippedoptionletadapter.hpp">
      <Filter>termstructures</Filter>
    </ClInclude>
    <ClInclude Include="qle\termstructures\datedstrippedoptionletbase.hpp">
      <Filter>termstructures</Filter>
    </ClInclude>
    <ClInclude Include="qle\termstructures\dynamicoptionletvolatilitystructure.hpp">
      <Filter>termstructures</Filter>
    </ClInclude>
    <ClInclude Include="qle\indexes\fxindex.hpp">
      <Filter>indexes</Filter>
    </ClInclude>
    <ClInclude Include="qle\cashflows\floatingratefxlinkednotionalcoupon.hpp">
      <Filter>cashflows</Filter>
    </ClInclude>
    <ClInclude Include="qle\cashflows\fxlinkedcashflow.hpp">
      <Filter>cashflows</Filter>
    </ClInclude>
    <ClInclude Include="qle\termstructures\optionletstripper1.hpp">
      <Filter>termstructures</Filter>
    </ClInclude>
    <ClInclude Include="qle\termstructures\optionletstripper2.hpp">
      <Filter>termstructures</Filter>
    </ClInclude>
    <ClInclude Include="qle\termstructures\swaptionvolatilityconverter.hpp">
      <Filter>termstructures</Filter>
    </ClInclude>
    <ClInclude Include="qle\termstructures\interpolateddiscountcurve2.hpp">
      <Filter>termstructures</Filter>
    </ClInclude>
    <ClInclude Include="qle\termstructures\spreadedoptionletvolatility.hpp">
      <Filter>termstructures</Filter>
    </ClInclude>
    <ClInclude Include="qle\termstructures\spreadedsmilesection.hpp">
      <Filter>termstructures</Filter>
    </ClInclude>
    <ClInclude Include="qle\termstructures\spreadedswaptionvolatility.hpp">
      <Filter>termstructures</Filter>
    </ClInclude>
    <ClInclude Include="qle\termstructures\dynamicstype.hpp">
      <Filter>termstructures</Filter>
    </ClInclude>
    <ClInclude Include="qle\instruments\deposit.hpp">
      <Filter>instruments</Filter>
    </ClInclude>
    <ClInclude Include="qle\pricingengines\depositengine.hpp">
      <Filter>pricingengines</Filter>
    </ClInclude>
    <ClInclude Include="qle\termstructures\strippedoptionletadapter2.hpp">
      <Filter>termstructures</Filter>
    </ClInclude>
    <ClInclude Include="qle\pricingengines\discountingequityforwardengine.hpp">
      <Filter>pricingengines</Filter>
    </ClInclude>
    <ClInclude Include="qle\instruments\equityforward.hpp">
      <Filter>instruments</Filter>
    </ClInclude>
    <ClInclude Include="qle\indexes\inflationindexwrapper.hpp">
      <Filter>indexes</Filter>
    </ClInclude>
    <ClInclude Include="qle\indexes\ibor\twdtaibor.hpp">
      <Filter>indexes\ibor</Filter>
    </ClInclude>
    <ClInclude Include="qle\indexes\ibor\myrklibor.hpp">
      <Filter>indexes\ibor</Filter>
    </ClInclude>
    <ClInclude Include="qle\indexes\ibor\krwkoribor.hpp">
      <Filter>indexes\ibor</Filter>
    </ClInclude>
    <ClInclude Include="qle\pricingengines\discountingriskybondengine.hpp">
      <Filter>pricingengines</Filter>
    </ClInclude>
    <ClInclude Include="qle\models\crossassetmodelimpliedeqvoltermstructure.hpp">
      <Filter>models</Filter>
    </ClInclude>
    <ClInclude Include="qle\models\eqbsconstantparametrization.hpp">
      <Filter>models</Filter>
    </ClInclude>
    <ClInclude Include="qle\models\eqbsparametrization.hpp">
      <Filter>models</Filter>
    </ClInclude>
    <ClInclude Include="qle\models\eqbspiecewiseconstantparametrization.hpp">
      <Filter>models</Filter>
    </ClInclude>
    <ClInclude Include="qle\pricingengines\analyticxassetlgmeqoptionengine.hpp">
      <Filter>pricingengines</Filter>
    </ClInclude>
    <ClInclude Include="qle\models\fxeqoptionhelper.hpp">
      <Filter>models</Filter>
    </ClInclude>
    <ClInclude Include="qle\instruments\subperiodsswap.hpp">
      <Filter>instruments</Filter>
    </ClInclude>
    <ClInclude Include="qle\termstructures\subperiodsswaphelper.hpp">
      <Filter>termstructures</Filter>
    </ClInclude>
    <ClInclude Include="qle\instruments\cdsoption.hpp">
      <Filter>instruments</Filter>
    </ClInclude>
    <ClInclude Include="qle\models\cdsoptionhelper.hpp">
      <Filter>models</Filter>
    </ClInclude>
    <ClInclude Include="qle\models\cpicapfloorhelper.hpp">
      <Filter>models</Filter>
    </ClInclude>
    <ClInclude Include="qle\models\crlgm1fparametrization.hpp">
      <Filter>models</Filter>
    </ClInclude>
    <ClInclude Include="qle\models\infdkparametrization.hpp">
      <Filter>models</Filter>
    </ClInclude>
    <ClInclude Include="qle\models\lgmimplieddefaulttermstructure.hpp">
      <Filter>models</Filter>
    </ClInclude>
    <ClInclude Include="qle\pricingengines\analyticdkcpicapfloorengine.hpp">
      <Filter>pricingengines</Filter>
    </ClInclude>
    <ClInclude Include="qle\pricingengines\analyticlgmcdsoptionengine.hpp">
      <Filter>pricingengines</Filter>
    </ClInclude>
    <ClInclude Include="qle\pricingengines\blackcdsoptionengine.hpp">
      <Filter>pricingengines</Filter>
    </ClInclude>
    <ClInclude Include="qle\termstructures\survivalprobabilitycurve.hpp">
      <Filter>termstructures</Filter>
    </ClInclude>
    <ClInclude Include="qle\termstructures\blackvolsurfacewithatm.hpp">
      <Filter>termstructures</Filter>
    </ClInclude>
    <ClInclude Include="qle\indexes\ibor\twdtaibor.hpp">
      <Filter>indexes\ibor</Filter>
    </ClInclude>
    <ClInclude Include="qle\indexes\ibor\myrklibor.hpp">
      <Filter>indexes\ibor</Filter>
    </ClInclude>
    <ClInclude Include="qle\indexes\ibor\krwkoribor.hpp">
      <Filter>indexes\ibor</Filter>
    </ClInclude>
    <ClInclude Include="qle\instruments\makecds.hpp">
      <Filter>instruments</Filter>
    </ClInclude>
    <ClInclude Include="qle\pricingengines\discountingriskybondengine.hpp">
      <Filter>pricingengines</Filter>
    </ClInclude>
    <ClInclude Include="qle\termstructures\swaptionvolcubewithatm.hpp">
      <Filter>termstructures</Filter>
    </ClInclude>
    <ClInclude Include="qle\termstructures\swaptionvolcube2.hpp">
      <Filter>termstructures</Filter>
    </ClInclude>
    <ClInclude Include="qle\termstructures\swaptionvolconstantspread.hpp">
      <Filter>termstructures</Filter>
    </ClInclude>
    <ClInclude Include="qle\termstructures\fxblackvolsurface.hpp">
      <Filter>termstructures</Filter>
    </ClInclude>
    <ClInclude Include="qle\termstructures\fxsmilesection.hpp">
      <Filter>termstructures</Filter>
    </ClInclude>
    <ClInclude Include="qle\termstructures\fxvannavolgasmilesection.hpp">
      <Filter>termstructures</Filter>
    </ClInclude>
    <ClInclude Include="qle\instruments\payment.hpp">
      <Filter>instruments</Filter>
    </ClInclude>
    <ClInclude Include="qle\pricingengines\paymentdiscountingengine.hpp">
      <Filter>pricingengines</Filter>
    </ClInclude>
    <ClInclude Include="qle\math\flatextrapolation.hpp">
      <Filter>math</Filter>
    </ClInclude>
    <ClInclude Include="qle\math\nadarayawatson.hpp">
      <Filter>math</Filter>
    </ClInclude>
    <ClInclude Include="qle\math\stabilisedglls.hpp">
      <Filter>math</Filter>
    </ClInclude>
    <ClInclude Include="qle\math\method_mt.hpp">
      <Filter>math</Filter>
    </ClInclude>
    <ClInclude Include="qle\math\problem_mt.hpp">
      <Filter>math</Filter>
    </ClInclude>
    <ClInclude Include="qle\math\differentialevolution_mt.hpp">
      <Filter>math</Filter>
    </ClInclude>
    <ClInclude Include="qle\termstructures\blackvolconstantspread.hpp">
      <Filter>termstructures</Filter>
    </ClInclude>
    <ClInclude Include="qle\cashflows\floatingannuitycoupon.hpp">
      <Filter>cashflows</Filter>
    </ClInclude>
    <ClInclude Include="qle\cashflows\floatingannuitynominal.hpp">
      <Filter>cashflows</Filter>
    </ClInclude>
    <ClInclude Include="qle\indexes\ibor\corra.hpp">
      <Filter>indexes\ibor</Filter>
    </ClInclude>
    <ClInclude Include="qle\termstructures\immfraratehelper.hpp">
      <Filter>termstructures</Filter>
    </ClInclude>
    <ClInclude Include="qle\math\trace.hpp">
      <Filter>math</Filter>
    </ClInclude>
    <ClInclude Include="qle\math\deltagammavar.hpp">
      <Filter>math</Filter>
    </ClInclude>
    <ClInclude Include="qle\models\dkimpliedzeroinflationtermstructure.hpp">
      <Filter>models</Filter>
    </ClInclude>
    <ClInclude Include="qle\indexes\inflationindexobserver.hpp">
      <Filter>indexes</Filter>
    </ClInclude>
    <ClInclude Include="qle\termstructures\zeroinflationcurveobserverstatic.hpp">
      <Filter>termstructures</Filter>
    </ClInclude>
    <ClInclude Include="qle\models\dkimpliedyoyinflationtermstructure.hpp">
      <Filter>models</Filter>
    </ClInclude>
    <ClInclude Include="qle\termstructures\zeroinflationcurveobservermoving.hpp">
      <Filter>termstructures</Filter>
    </ClInclude>
    <ClInclude Include="qle\termstructures\yoyinflationcurveobservermoving.hpp">
      <Filter>termstructures</Filter>
    </ClInclude>
    <ClInclude Include="qle\termstructures\yoyinflationcurveobserverstatic.hpp">
      <Filter>termstructures</Filter>
    </ClInclude>
    <ClInclude Include="qle\termstructures\pricecurve.hpp">
      <Filter>termstructures</Filter>
    </ClInclude>
    <ClInclude Include="qle\termstructures\pricetermstructure.hpp">
      <Filter>termstructures</Filter>
    </ClInclude>
    <ClInclude Include="qle\pricingengines\discountingcommodityforwardengine.hpp">
      <Filter>pricingengines</Filter>
    </ClInclude>
    <ClInclude Include="qle\instruments\commodityforward.hpp">
      <Filter>instruments</Filter>
    </ClInclude>
    <ClInclude Include="qle\termstructures\pricetermstructureadapter.hpp">
      <Filter>termstructures</Filter>
    </ClInclude>
    <ClInclude Include="qle\cashflows\quantocouponpricer.hpp">
      <Filter>cashflows</Filter>
    </ClInclude>
    <ClInclude Include="qle\instruments\impliedbondspread.hpp">
      <Filter>instruments</Filter>
    </ClInclude>
    <ClInclude Include="qle\termstructures\yoyinflationoptionletvolstripper.hpp">
      <Filter>termstructures</Filter>
    </ClInclude>
    <ClInclude Include="qle\termstructures\interpolatedyoycapfloortermpricesurface.hpp">
      <Filter>termstructures</Filter>
    </ClInclude>
    <ClInclude Include="qle\cashflows\quantocouponpricer.hpp">
      <Filter>cashflows</Filter>
    </ClInclude>
    <ClInclude Include="qle\indexes\equityindex.hpp">
      <Filter>indexes</Filter>
    </ClInclude>
    <ClInclude Include="qle\indexes\ibor\dkkois.hpp">
      <Filter>indexes\ibor</Filter>
    </ClInclude>
    <ClInclude Include="qle\indexes\ibor\demlibor.hpp">
      <Filter>indexes\ibor</Filter>
    </ClInclude>
    <ClInclude Include="qle\indexes\ibor\chfsaron.hpp">
      <Filter>indexes\ibor</Filter>
    </ClInclude>
    <ClInclude Include="qle\indexes\ibor\saibor.hpp">
      <Filter>indexes\ibor</Filter>
    </ClInclude>
    <ClInclude Include="qle\indexes\ibor\seksior.hpp">
      <Filter>indexes\ibor</Filter>
    </ClInclude>
    <ClInclude Include="qle\indexes\bmaindexwrapper.hpp">
      <Filter>indexes</Filter>
    </ClInclude>
    <ClInclude Include="qle\instruments\fixedbmaswap.hpp">
      <Filter>instruments</Filter>
    </ClInclude>
    <ClInclude Include="qle\calendars\colombia.hpp">
      <Filter>time\calendars</Filter>
    </ClInclude>
    <ClInclude Include="qle\calendars\malaysia.hpp">
      <Filter>time\calendars</Filter>
    </ClInclude>
    <ClInclude Include="qle\calendars\peru.hpp">
      <Filter>time\calendars</Filter>
    </ClInclude>
    <ClInclude Include="qle\calendars\philippines.hpp">
      <Filter>time\calendars</Filter>
    </ClInclude>
    <ClInclude Include="qle\calendars\switzerland.hpp">
      <Filter>time\calendars</Filter>
    </ClInclude>
    <ClInclude Include="qle\calendars\wmr.hpp">
      <Filter>time\calendars</Filter>
    </ClInclude>
    <ClInclude Include="qle\calendars\islamicweekendsonly.hpp">
      <Filter>time\calendars</Filter>
    </ClInclude>
    <ClInclude Include="qle\cashflows\equitycoupon.hpp">
      <Filter>cashflows</Filter>
    </ClInclude>
    <ClInclude Include="qle\cashflows\equitycouponpricer.hpp">
      <Filter>cashflows</Filter>
    </ClInclude>
    <ClInclude Include="qle\cashflows\equitymargincoupon.hpp">
      <Filter>cashflows</Filter>
    </ClInclude>
    <ClInclude Include="qle\cashflows\equitymargincouponpricer.hpp">
      <Filter>cashflows</Filter>
    </ClInclude>
    <ClInclude Include="qle\indexes\ibor\brlcdi.hpp">
      <Filter>indexes\ibor</Filter>
    </ClInclude>
    <ClInclude Include="qle\indexes\ibor\clpcamara.hpp">
      <Filter>indexes\ibor</Filter>
    </ClInclude>
    <ClInclude Include="qle\indexes\ibor\cnhhibor.hpp">
      <Filter>indexes\ibor</Filter>
    </ClInclude>
    <ClInclude Include="qle\indexes\ibor\cnhshibor.hpp">
      <Filter>indexes\ibor</Filter>
    </ClInclude>
    <ClInclude Include="qle\indexes\ibor\copibr.hpp">
      <Filter>indexes\ibor</Filter>
    </ClInclude>
    <ClInclude Include="qle\indexes\ibor\thbbibor.hpp">
      <Filter>indexes\ibor</Filter>
    </ClInclude>
    <ClInclude Include="qle\indexes\ibor\rubmosprime.hpp">
      <Filter>indexes\ibor</Filter>
    </ClInclude>
    <ClInclude Include="qle\indexes\ibor\rubkeyrate.hpp">
      <Filter>indexes\ibor</Filter>
    </ClInclude>
    <ClInclude Include="qle\indexes\ibor\phpphiref.hpp">
      <Filter>indexes\ibor</Filter>
    </ClInclude>
    <ClInclude Include="qle\termstructures\discountratiomodifiedcurve.hpp">
      <Filter>termstructures</Filter>
    </ClInclude>
    <ClInclude Include="qle\instruments\crossccyfixfloatswap.hpp">
      <Filter>instruments</Filter>
    </ClInclude>
    <ClInclude Include="qle\termstructures\crossccyfixfloatswaphelper.hpp">
      <Filter>termstructures</Filter>
    </ClInclude>
    <ClInclude Include="qle\indexes\region.hpp">
      <Filter>indexes</Filter>
    </ClInclude>
    <ClInclude Include="qle\indexes\secpi.hpp">
      <Filter>indexes</Filter>
    </ClInclude>
    <ClInclude Include="qle\indexes\dkcpi.hpp">
      <Filter>indexes</Filter>
    </ClInclude>
    <ClInclude Include="qle\indexes\ibor\nowa.hpp">
      <Filter>indexes\ibor</Filter>
    </ClInclude>
    <ClInclude Include="qle\cashflows\lognormalcmsspreadpricer.hpp">
      <Filter>cashflows</Filter>
    </ClInclude>
    <ClInclude Include="qle\instruments\crossccybasismtmresetswap.hpp">
      <Filter>instruments</Filter>
    </ClInclude>
    <ClInclude Include="qle\termstructures\crossccybasismtmresetswaphelper.hpp">
      <Filter>termstructures</Filter>
    </ClInclude>
    <ClInclude Include="qle\termstructures\probabilitytraits.hpp">
      <Filter>termstructures</Filter>
    </ClInclude>
    <ClInclude Include="qle\termstructures\capfloortermvolsurface.hpp">
      <Filter>termstructures</Filter>
    </ClInclude>
    <ClInclude Include="qle\termstructures\optionletstripper.hpp">
      <Filter>termstructures</Filter>
    </ClInclude>
    <ClInclude Include="qle\pricingengines\cpibacheliercapfloorengine.hpp">
      <Filter>pricingengines</Filter>
    </ClInclude>
    <ClInclude Include="qle\pricingengines\cpiblackcapfloorengine.hpp">
      <Filter>pricingengines</Filter>
    </ClInclude>
    <ClInclude Include="qle\pricingengines\cpicapfloorengines.hpp">
      <Filter>pricingengines</Filter>
    </ClInclude>
    <ClInclude Include="qle\currencies\configurablecurrency.hpp">
      <Filter>currencies</Filter>
    </ClInclude>
    <ClInclude Include="qle\currencies\metals.hpp">
      <Filter>currencies</Filter>
    </ClInclude>
    <ClInclude Include="qle\calendars\france.hpp">
      <Filter>time\calendars</Filter>
    </ClInclude>
    <ClInclude Include="qle\calendars\netherlands.hpp">
      <Filter>time\calendars</Filter>
    </ClInclude>
    <ClInclude Include="qle\models\cmscaphelper.hpp">
      <Filter>models</Filter>
    </ClInclude>
    <ClInclude Include="qle\quotes\exceptionquote.hpp">
      <Filter>quotes</Filter>
    </ClInclude>
    <ClInclude Include="qle\termstructures\correlationtermstructure.hpp">
      <Filter>termstructures</Filter>
    </ClInclude>
    <ClInclude Include="qle\termstructures\flatcorrelation.hpp">
      <Filter>termstructures</Filter>
    </ClInclude>
    <ClInclude Include="qle\termstructures\interpolatedcorrelationcurve.hpp">
      <Filter>termstructures</Filter>
    </ClInclude>
    <ClInclude Include="qle\math\fillemptymatrix.hpp">
      <Filter>math</Filter>
    </ClInclude>
    <ClInclude Include="qle\cashflows\brlcdicouponpricer.hpp">
      <Filter>cashflows</Filter>
    </ClInclude>
    <ClInclude Include="qle\instruments\brlcdiswap.hpp">
      <Filter>instruments</Filter>
    </ClInclude>
    <ClInclude Include="qle\termstructures\brlcdiratehelper.hpp">
      <Filter>termstructures</Filter>
    </ClInclude>
    <ClInclude Include="qle\time\yearcounter.hpp">
      <Filter>time</Filter>
    </ClInclude>
    <ClInclude Include="qle\math\fillemptymatrix.hpp">
      <Filter>math</Filter>
    </ClInclude>
    <ClInclude Include="qle\termstructures\optionletcurve.hpp">
      <Filter>termstructures</Filter>
    </ClInclude>
    <ClInclude Include="qle\termstructures\capfloorhelper.hpp">
      <Filter>termstructures</Filter>
    </ClInclude>
    <ClInclude Include="qle\termstructures\piecewiseoptionletcurve.hpp">
      <Filter>termstructures</Filter>
    </ClInclude>
    <ClInclude Include="qle\termstructures\piecewiseoptionletstripper.hpp">
      <Filter>termstructures</Filter>
    </ClInclude>
    <ClInclude Include="qle\termstructures\blackvariancesurfacesparse.hpp">
      <Filter>termstructures</Filter>
    </ClInclude>
    <ClInclude Include="qle\indexes\ibor\krwcd.hpp">
      <Filter>indexes\ibor</Filter>
    </ClInclude>
    <ClInclude Include="qle\termstructures\strippedoptionletadapter.hpp">
      <Filter>termstructures</Filter>
    </ClInclude>
    <ClInclude Include="qle\termstructures\optionletstripperwithatm.hpp">
      <Filter>termstructures</Filter>
    </ClInclude>
    <ClInclude Include="qle\cashflows\strippedcapflooredyoyinflationcoupon.hpp">
      <Filter>cashflows</Filter>
    </ClInclude>
    <ClInclude Include="qle\termstructures\equityforwardcurvestripper.hpp">
      <Filter>termstructures</Filter>
    </ClInclude>
    <ClInclude Include="qle\interpolators\optioninterpolator2d.hpp">
      <Filter>interpolators</Filter>
    </ClInclude>
    <ClInclude Include="qle\termstructures\optionpricesurface.hpp">
      <Filter>termstructures</Filter>
    </ClInclude>
    <ClInclude Include="qle\termstructures\strippedyoyinflationoptionletvol.hpp">
      <Filter>termstructures</Filter>
    </ClInclude>
    <ClInclude Include="qle\termstructures\strippedcpivolatilitystructure.hpp">
      <Filter>termstructures</Filter>
    </ClInclude>
    <ClInclude Include="qle\cashflows\strippedcapflooredyoyinflationcoupon.hpp">
      <Filter>termstructures</Filter>
    </ClInclude>
    <ClInclude Include="qle\pricingengines\discountingforwardbondengine.hpp">
      <Filter>pricingengines</Filter>
    </ClInclude>
    <ClInclude Include="qle\termstructures\dynamicyoyoptionletvolatilitystructure.hpp">
      <Filter>termstructures</Filter>
    </ClInclude>
    <ClInclude Include="qle\indexes\bondindex.hpp">
      <Filter>indexes</Filter>
    </ClInclude>
    <ClInclude Include="qle\instruments\forwardbond.hpp">
      <Filter>instruments</Filter>
    </ClInclude>
    <ClInclude Include="qle\termstructures\iterativebootstrap.hpp">
      <Filter>termstructures</Filter>
    </ClInclude>
    <ClInclude Include="qle\indexes\ibor\ilstelbor.hpp">
      <Filter>indexes\ibor</Filter>
    </ClInclude>
    <ClInclude Include="qle\indexes\ibor\idrjibor.hpp">
      <Filter>indexes\ibor</Filter>
    </ClInclude>
    <ClInclude Include="qle\termstructures\kinterpolatedyoyoptionletvolatilitysurface.hpp">
      <Filter>termstructures</Filter>
    </ClInclude>
    <ClInclude Include="qle\indexes\cacpi.hpp">
      <Filter>indexes</Filter>
    </ClInclude>
    <ClInclude Include="qle\termstructures\capfloortermvolcurve.hpp">
      <Filter>termstructures</Filter>
    </ClInclude>
    <ClInclude Include="qle\termstructures\piecewiseatmoptionletcurve.hpp">
      <Filter>termstructures</Filter>
    </ClInclude>
    <ClInclude Include="qle\pricingengines\baroneadesiwhaleyengine.hpp">
      <Filter>pricingengines</Filter>
    </ClInclude>
    <ClInclude Include="qle\indexes\commodityindex.hpp">
      <Filter>indexes</Filter>
    </ClInclude>
    <ClInclude Include="qle\indexes\ibor\primeindex.hpp">
      <Filter>indexes\ibor</Filter>
    </ClInclude>
    <ClInclude Include="qle\termstructures\blackvariancesurfacestddevs.hpp">
      <Filter>termstructures</Filter>
    </ClInclude>
    <ClInclude Include="qle\termstructures\blackmonotonevarvoltermstructure.hpp">
      <Filter>termstructures</Filter>
    </ClInclude>
    <ClInclude Include="qle\termstructures\crosscurrencypricetermstructure.hpp">
      <Filter>termstructures</Filter>
    </ClInclude>
    <ClInclude Include="qle\time\futureexpirycalculator.hpp">
      <Filter>time</Filter>
    </ClInclude>
    <ClInclude Include="qle\pricingengines\lgmconvolutionsolver.hpp">
      <Filter>pricingengines</Filter>
    </ClInclude>
    <ClInclude Include="qle\calendars\israel.hpp">
      <Filter>time\calendars</Filter>
    </ClInclude>
    <ClInclude Include="qle\instruments\rebatedexercise.hpp">
      <Filter>instruments</Filter>
    </ClInclude>
    <ClInclude Include="qle\indexes\ibor\ester.hpp">
      <Filter>indexes\ibor</Filter>
    </ClInclude>
    <ClInclude Include="qle\indexes\ibor\sofr.hpp">
      <Filter>indexes\ibor</Filter>
    </ClInclude>
    <ClInclude Include="qle\termstructures\blackvolsurfacedelta.hpp">
      <Filter>termstructures</Filter>
    </ClInclude>
    <ClInclude Include="qle\calendars\ice.hpp">
      <Filter>time\calendars</Filter>
    </ClInclude>
    <ClInclude Include="qle\calendars\cme.hpp">
      <Filter>time\calendars</Filter>
    </ClInclude>
    <ClInclude Include="qle\cashflows\commodityindexedaveragecashflow.hpp">
      <Filter>cashflows</Filter>
    </ClInclude>
    <ClInclude Include="qle\cashflows\commodityindexedcashflow.hpp">
      <Filter>cashflows</Filter>
    </ClInclude>
    <ClInclude Include="qle\termstructures\commodityaveragebasispricecurve.hpp">
      <Filter>termstructures</Filter>
    </ClInclude>
    <ClInclude Include="qle\termstructures\commoditybasispricecurve.hpp">
      <Filter>termstructures</Filter>
    </ClInclude>
    <ClInclude Include="qle\instruments\commodityapo.hpp">
      <Filter>instruments</Filter>
    </ClInclude>
    <ClInclude Include="qle\pricingengines\commodityapoengine.hpp">
      <Filter>pricingengines</Filter>
    </ClInclude>
    <ClInclude Include="qle\termstructures\adjusteddefaultcurve.hpp">
      <Filter>termstructures</Filter>
    </ClInclude>
    <ClInclude Include="qle\termstructures\aposurface.hpp">
      <Filter>termstructures</Filter>
    </ClInclude>
    <ClInclude Include="qle\cashflows\indexedcoupon.hpp">
      <Filter>cashflows</Filter>
    </ClInclude>
    <ClInclude Include="qle\termstructures\eqcommoptionsurfacestripper.hpp">
      <Filter>termstructures</Filter>
    </ClInclude>
    <ClInclude Include="qle\cashflows\cpicoupon.hpp">
      <Filter>cashflows</Filter>
    </ClInclude>
    <ClInclude Include="qle\cashflows\cpicouponpricer.hpp">
      <Filter>cashflows</Filter>
    </ClInclude>
    <ClInclude Include="qle\cashflows\strippedcapflooredcpicoupon.hpp">
      <Filter>cashflows</Filter>
    </ClInclude>
    <ClInclude Include="qle\termstructures\dynamiccpivolatilitystructure.hpp">
      <Filter>termstructures</Filter>
    </ClInclude>
    <ClInclude Include="qle\pricingengines\inflationcapfloorengines.hpp">
      <Filter>pricingengines</Filter>
    </ClInclude>
    <ClInclude Include="qle\cashflows\overnightindexedcoupon.hpp">
      <Filter>cashflows</Filter>
    </ClInclude>
    <ClInclude Include="qle\cashflows\blackovernightindexedcouponpricer.hpp">
      <Filter>cashflows</Filter>
    </ClInclude>
    <ClInclude Include="qle\currencies\europe.hpp">
      <Filter>currencies</Filter>
    </ClInclude>
    <ClInclude Include="qle\calendars\belgium.hpp">
      <Filter>time\calendars</Filter>
    </ClInclude>
    <ClInclude Include="qle\calendars\luxembourg.hpp">
      <Filter>time\calendars</Filter>
    </ClInclude>
    <ClInclude Include="qle\calendars\russia.hpp">
      <Filter>time\calendars</Filter>
    </ClInclude>
    <ClInclude Include="qle\calendars\spain.hpp">
      <Filter>time\calendars</Filter>
    </ClInclude>
    <ClInclude Include="qle\calendars\austria.hpp">
      <Filter>time\calendars</Filter>
    </ClInclude>
    <ClInclude Include="qle\calendars\largejointcalendar.hpp">
      <Filter>time\calendars</Filter>
    </ClInclude>
    <ClInclude Include="qle\indexes\ibor\inrmiborois.hpp">
      <Filter>indexes\ibor</Filter>
    </ClInclude>
    <ClInclude Include="qle\termstructures\futurepricehelper.hpp">
      <Filter>termstructures</Filter>
    </ClInclude>
    <ClInclude Include="qle\termstructures\interpolatedcpivolatilitysurface.hpp">
      <Filter>termstructures</Filter>
    </ClInclude>
    <ClInclude Include="qle\termstructures\averagespotpricehelper.hpp">
      <Filter>termstructures</Filter>
    </ClInclude>
    <ClInclude Include="qle\termstructures\averagefuturepricehelper.hpp">
      <Filter>termstructures</Filter>
    </ClInclude>
    <ClInclude Include="qle\termstructures\piecewisepricecurve.hpp">
      <Filter>termstructures</Filter>
    </ClInclude>
    <ClInclude Include="qle\termstructures\interpolatedcpivolatilitysurface.hpp">
      <Filter>termstructures</Filter>
    </ClInclude>
    <ClInclude Include="qle\termstructures\blackvolsurfaceproxy.hpp">
      <Filter>termstructures</Filter>
    </ClInclude>
    <ClInclude Include="qle\instruments\cashsettledeuropeanoption.hpp">
      <Filter>instruments</Filter>
    </ClInclude>
    <ClInclude Include="qle\instruments\cashflowresults.hpp">
      <Filter>instruments</Filter>
    </ClInclude>
    <ClInclude Include="qle\pricingengines\analyticcashsettledeuropeanengine.hpp">
      <Filter>pricingengines</Filter>
    </ClInclude>
    <ClInclude Include="qle\math\logquadraticinterpolation.hpp">
      <Filter>math</Filter>
    </ClInclude>
    <ClInclude Include="qle\math\quadraticinterpolation.hpp">
      <Filter>math</Filter>
    </ClInclude>
    <ClInclude Include="qle\indexes\ibor\sekstina.hpp">
      <Filter>indexes\ibor</Filter>
    </ClInclude>
    <ClInclude Include="qle\indexes\ibor\dkkcita.hpp">
      <Filter>indexes\ibor</Filter>
    </ClInclude>
    <ClInclude Include="qle\termstructures\spreadeddiscountcurve.hpp">
      <Filter>termstructures</Filter>
    </ClInclude>
    <ClInclude Include="qle\indexes\eqfxindexbase.hpp">
      <Filter>indexes</Filter>
    </ClInclude>
    <ClInclude Include="qle\calendars\amendedcalendar.hpp">
      <Filter>time\calendars</Filter>
    </ClInclude>
    <ClInclude Include="qle\models\infjyparameterization.hpp">
      <Filter>models</Filter>
    </ClInclude>
    <ClInclude Include="qle\models\zeroinflationmodeltermstructure.hpp">
      <Filter>models</Filter>
    </ClInclude>
    <ClInclude Include="qle\models\yoyinflationmodeltermstructure.hpp">
      <Filter>models</Filter>
    </ClInclude>
    <ClInclude Include="qle\models\jyimpliedyoyinflationtermstructure.hpp">
      <Filter>models</Filter>
    </ClInclude>
    <ClInclude Include="qle\models\jyimpliedzeroinflationtermstructure.hpp">
      <Filter>models</Filter>
    </ClInclude>
    <ClInclude Include="qle\termstructures\interpolatedhazardratecurve.hpp">
      <Filter>termstructures</Filter>
    </ClInclude>
    <ClInclude Include="qle\termstructures\interpolatedsurvivalprobabilitycurve.hpp">
      <Filter>termstructures</Filter>
    </ClInclude>
    <ClInclude Include="qle\termstructures\multisectiondefaultcurve.hpp">
      <Filter>termstructures</Filter>
    </ClInclude>
    <ClInclude Include="qle\termstructures\weightedyieldtermstructure.hpp">
      <Filter>termstructures</Filter>
    </ClInclude>
    <ClInclude Include="qle\termstructures\yieldplusdefaultyieldtermstructure.hpp">
      <Filter>termstructures</Filter>
    </ClInclude>
    <ClInclude Include="qle\indexes\genericindex.hpp">
      <Filter>indexes</Filter>
    </ClInclude>
    <ClInclude Include="qle\indexes\behicp.hpp">
      <Filter>indexes</Filter>
    </ClInclude>
    <ClInclude Include="qle\indexes\frcpi.hpp">
      <Filter>indexes</Filter>
    </ClInclude>
    <ClInclude Include="qle\indexes\ibor\jpyeytibor.hpp">
      <Filter>indexes\ibor</Filter>
    </ClInclude>
    <ClInclude Include="qle\models\projectedcrossassetmodel.hpp">
      <Filter>models</Filter>
    </ClInclude>
    <ClInclude Include="qle\models\yoyswaphelper.hpp">
      <Filter>models</Filter>
    </ClInclude>
    <ClInclude Include="qle\models\yoycapfloorhelper.hpp">
      <Filter>models</Filter>
    </ClInclude>
    <ClInclude Include="qle\pricingengines\analyticjycpicapfloorengine.hpp">
      <Filter>pricingengines</Filter>
    </ClInclude>
    <ClInclude Include="qle\cashflows\jyyoyinflationcouponpricer.hpp">
      <Filter>cashflows</Filter>
    </ClInclude>
    <ClInclude Include="qle\pricingengines\analyticjyyoycapfloorengine.hpp">
      <Filter>pricingengines</Filter>
    </ClInclude>
    <ClInclude Include="qle\utilities\inflation.hpp">
      <Filter>utilities</Filter>
    </ClInclude>
    <ClInclude Include="qle\models\crcirpp.hpp">
      <Filter>models</Filter>
    </ClInclude>
    <ClInclude Include="qle\processes\crcirppstateprocess.hpp">
      <Filter>processes</Filter>
    </ClInclude>
    <ClInclude Include="qle\models\cirppconstantfellerparametrization.hpp">
      <Filter>models</Filter>
    </ClInclude>
    <ClInclude Include="qle\models\cirppconstantparametrization.hpp">
      <Filter>models</Filter>
    </ClInclude>
    <ClInclude Include="qle\models\cirppimplieddefaulttermstructure.hpp">
      <Filter>models</Filter>
    </ClInclude>
    <ClInclude Include="qle\models\cirppparametrization.hpp">
      <Filter>models</Filter>
    </ClInclude>
    <ClInclude Include="qle\pricingengines\analyticeuropeanforwardengine.hpp">
      <Filter>pricingengines</Filter>
    </ClInclude>
    <ClInclude Include="qle\instruments\vanillaforwardoption.hpp">
      <Filter>instruments</Filter>
    </ClInclude>
    <ClInclude Include="qle\termstructures\spreadedblackvolatilitycurve.hpp">
      <Filter>termstructures</Filter>
    </ClInclude>
    <ClInclude Include="qle\termstructures\spreadedblackvolatilitysurfacemoneyness.hpp">
      <Filter>termstructures</Filter>
    </ClInclude>
    <ClInclude Include="qle\termstructures\spreadedcorrelationcurve.hpp">
      <Filter>termstructures</Filter>
    </ClInclude>
    <ClInclude Include="qle\termstructures\spreadedcpivolatilitysurface.hpp">
      <Filter>termstructures</Filter>
    </ClInclude>
    <ClInclude Include="qle\termstructures\spreadedinflationcurve.hpp">
      <Filter>termstructures</Filter>
    </ClInclude>
    <ClInclude Include="qle\termstructures\spreadedoptionletvolatility2.hpp">
      <Filter>termstructures</Filter>
    </ClInclude>
    <ClInclude Include="qle\termstructures\spreadedpricetermstructure.hpp">
      <Filter>termstructures</Filter>
    </ClInclude>
    <ClInclude Include="qle\termstructures\spreadedsmilesection2.hpp">
      <Filter>termstructures</Filter>
    </ClInclude>
    <ClInclude Include="qle\termstructures\spreadedsurvivalprobabilitytermstructure.hpp">
      <Filter>termstructures</Filter>
    </ClInclude>
    <ClInclude Include="qle\termstructures\spreadedyoyvolsurface.hpp">
      <Filter>termstructures</Filter>
    </ClInclude>
    <ClInclude Include="qle\cashflows\durationadjustedcmscoupon.hpp">
      <Filter>cashflows</Filter>
    </ClInclude>
    <ClInclude Include="qle\cashflows\durationadjustedcmscoupontsrpricer.hpp">
      <Filter>cashflows</Filter>
    </ClInclude>
    <ClInclude Include="qle\models\linearannuitymapping.hpp">
      <Filter>models</Filter>
    </ClInclude>
    <ClInclude Include="qle\models\annuitymapping.hpp">
      <Filter>models</Filter>
    </ClInclude>
    <ClInclude Include="qle\indexes\ibor\cnyrepofix.hpp">
      <Filter>indexes\ibor</Filter>
    </ClInclude>
    <ClInclude Include="qle\cashflows\commoditycashflow.hpp">
      <Filter>cashflows</Filter>
    </ClInclude>
    <ClInclude Include="qle\indexes\compoequityindex.hpp">
      <Filter>indexes</Filter>
    </ClInclude>
    <ClInclude Include="qle\termstructures\capfloortermvolsurfacesparse.hpp">
      <Filter>termstructures</Filter>
    </ClInclude>
    <ClInclude Include="qle\indexes\decpi.hpp">
      <Filter>indexes</Filter>
    </ClInclude>
    <ClInclude Include="qle\termstructures\averageoffpeakpowerhelper.hpp">
      <Filter>termstructures</Filter>
    </ClInclude>
    <ClInclude Include="qle\models\blackscholesmodelwrapper.hpp">
      <Filter>models</Filter>
    </ClInclude>
    <ClInclude Include="qle\models\carrmadanarbitragecheck.hpp">
      <Filter>models</Filter>
    </ClInclude>
    <ClInclude Include="qle\models\exactbachelierimpliedvolatility.hpp">
      <Filter>models</Filter>
    </ClInclude>
    <ClInclude Include="qle\models\hwmodel.hpp">
      <Filter>models</Filter>
    </ClInclude>
    <ClInclude Include="qle\models\modelimpliedyieldtermstructure.hpp">
      <Filter>models</Filter>
    </ClInclude>
    <ClInclude Include="qle\models\normalsabr.hpp">
      <Filter>models</Filter>
    </ClInclude>
    <ClInclude Include="qle\models\normalsabrinterpolation.hpp">
      <Filter>models</Filter>
    </ClInclude>
    <ClInclude Include="qle\models\normalsabrsmilesection.hpp">
      <Filter>models</Filter>
    </ClInclude>
    <ClInclude Include="qle\termstructures\blackvolsurfacebfrr.hpp">
      <Filter>termstructures</Filter>
    </ClInclude>
    <ClInclude Include="qle\termstructures\blackdeltautilities.hpp">
      <Filter>termstructures</Filter>
    </ClInclude>
    <ClInclude Include="qle\currencies\currencycomparator.hpp">
      <Filter>currencies</Filter>
    </ClInclude>
    <ClInclude Include="qle\indexes\escpi.hpp">
      <Filter>indexes</Filter>
    </ClInclude>
    <ClInclude Include="qle\indexes\ibor\plnpolonia.hpp">
      <Filter>indexes\ibor</Filter>
    </ClInclude>
    <ClInclude Include="qle\math\covariancesalvage.hpp">
      <Filter>math</Filter>
    </ClInclude>
    <ClInclude Include="qle\methods\pathgeneratorfactory.hpp">
      <Filter>methods</Filter>
    </ClInclude>
    <ClInclude Include="qle\termstructures\blacktriangulationatmvol.hpp">
      <Filter>termstructures</Filter>
    </ClInclude>
    <ClInclude Include="qle\version.hpp" />
    <ClInclude Include="qle\indexes\offpeakpowerindex.hpp">
      <Filter>indexes</Filter>
    </ClInclude>
    <ClInclude Include="qle\instruments\crossccyfixfloatmtmresetswap.hpp">
      <Filter>instruments</Filter>
    </ClInclude>
    <ClInclude Include="qle\cashflows\fixedratefxlinkednotionalcoupon.hpp">
      <Filter>cashflows</Filter>
    </ClInclude>
    <ClInclude Include="qle\indexes\fallbackiborindex.hpp">
      <Filter>indexes</Filter>
    </ClInclude>
    <ClInclude Include="qle\indexes\fallbackovernightindex.hpp">
      <Filter>indexes</Filter>
    </ClInclude>
    <ClInclude Include="qle\termstructures\iborfallbackcurve.hpp">
      <Filter>termstructures</Filter>
    </ClInclude>
    <ClInclude Include="qle\termstructures\overnightfallbackcurve.hpp">
      <Filter>termstructures</Filter>
    </ClInclude>
    <ClInclude Include="qle\termstructures\crossccyfixfloatmtmresetswaphelper.hpp">
      <Filter>termstructures</Filter>
    </ClInclude>
    <ClInclude Include="qle\cashflows\yoyinflationcoupon.hpp">
      <Filter>cashflows</Filter>
    </ClInclude>
    <ClInclude Include="qle\cashflows\zerofixedcoupon.hpp">
      <Filter>cashflows</Filter>
    </ClInclude>
    <ClInclude Include="qle\cashflows\nonstandardyoyinflationcoupon.hpp">
      <Filter>cashflows</Filter>
    </ClInclude>
    <ClInclude Include="qle\cashflows\nonstandardcapflooredyoyinflationcoupon.hpp">
      <Filter>cashflows</Filter>
    </ClInclude>
    <ClInclude Include="qle\cashflows\nonstandardinflationcouponpricer.hpp">
      <Filter>cashflows</Filter>
    </ClInclude>
    <ClInclude Include="qle\models\lgmconvolutionsolver2.hpp">
      <Filter>models</Filter>
    </ClInclude>
    <ClInclude Include="qle\models\lgmvectorised.hpp">
      <Filter>models</Filter>
    </ClInclude>
    <ClInclude Include="qle\math\randomvariable.hpp">
      <Filter>math</Filter>
    </ClInclude>
    <ClInclude Include="qle\math\randomvariable_io.hpp">
      <Filter>math</Filter>
    </ClInclude>
    <ClInclude Include="qle\pricingengines\numericlgmmultilegoptionengine.hpp">
      <Filter>pricingengines</Filter>
    </ClInclude>
    <ClInclude Include="qle\instruments\multilegoption.hpp">
      <Filter>instruments</Filter>
    </ClInclude>
    <ClInclude Include="qle\utilities\savedobservablesettings.hpp">
      <Filter>utilities</Filter>
    </ClInclude>
    <ClInclude Include="qle\time\dateutilities.hpp">
      <Filter>time</Filter>
    </ClInclude>
    <ClInclude Include="qle\calendars\ireland.hpp">
      <Filter>time\calendars</Filter>
    </ClInclude>
    <ClInclude Include="qle\calendars\cyprus.hpp">
      <Filter>time\calendars</Filter>
    </ClInclude>
    <ClInclude Include="qle\calendars\greece.hpp">
      <Filter>time\calendars</Filter>
    </ClInclude>
    <ClInclude Include="qle\instruments\makeoiscapfloor.hpp">
      <Filter>instruments</Filter>
    </ClInclude>
    <ClInclude Include="qle\termstructures\oiscapfloorhelper.hpp">
      <Filter>termstructures</Filter>
    </ClInclude>
    <ClInclude Include="qle\math\constantinterpolation.hpp">
      <Filter>math</Filter>
    </ClInclude>
    <ClInclude Include="qle\indexes\ibor\sonia.hpp">
      <Filter>indexes\ibor</Filter>
    </ClInclude>
    <ClInclude Include="qle\termstructures\creditcurve.hpp">
      <Filter>termstructures</Filter>
    </ClInclude>
    <ClInclude Include="qle\termstructures\creditvolcurve.hpp">
      <Filter>termstructures</Filter>
    </ClInclude>
    <ClInclude Include="qle\utilities\time.hpp">
      <Filter>utilities</Filter>
    </ClInclude>
    <ClInclude Include="qle\termstructures\terminterpolateddefaultcurve.hpp">
      <Filter>termstructures</Filter>
    </ClInclude>
    <ClInclude Include="qle\termstructures\proxyoptionletvolatility.hpp">
      <Filter>termstructures</Filter>
    </ClInclude>
    <ClInclude Include="qle\termstructures\proxyswaptionvolatility.hpp">
      <Filter>termstructures</Filter>
    </ClInclude>
    <ClInclude Include="qle\termstructures\atmadjustedsmilesection.hpp">
      <Filter>termstructures</Filter>
    </ClInclude>
    <ClInclude Include="qle\quotes\compositevectorquote.hpp">
      <Filter>quotes</Filter>
    </ClInclude>
    <ClInclude Include="qle\instruments\multiccycompositeinstrument.hpp">
      <Filter>instruments</Filter>
    </ClInclude>
    <ClInclude Include="qle\math\flatextrapolation2d.hpp">
      <Filter>math</Filter>
    </ClInclude>
    <ClInclude Include="qle\termstructures\credit\spreadedbasecorrelationcurve.hpp">
      <Filter>termstructures\credit</Filter>
    </ClInclude>
    <ClInclude Include="qle\termstructures\credit\basecorrelationstructure.hpp">
      <Filter>termstructures\credit</Filter>
    </ClInclude>
    <ClInclude Include="qle\termstructures\inflation\constantcpivolatility.hpp">
      <Filter>termstructures\inflation</Filter>
    </ClInclude>
    <ClInclude Include="qle\termstructures\inflation\cpivolatilitystructure.hpp">
      <Filter>termstructures\inflation</Filter>
    </ClInclude>
    <ClInclude Include="qle\termstructures\inflation\inflationtraits.hpp">
      <Filter>termstructures\inflation</Filter>
    </ClInclude>
    <ClInclude Include="qle\termstructures\inflation\piecewisezeroinflationcurve.hpp">
      <Filter>termstructures\inflation</Filter>
    </ClInclude>
    <ClInclude Include="qle\calendars\unitedarabemirates.hpp">
      <Filter>time\calendars</Filter>
    </ClInclude>
    <ClInclude Include="qle\instruments\cliquetoption.hpp">
      <Filter>instruments</Filter>
    </ClInclude>
    <ClInclude Include="qle\calendars\mauritius.hpp">
      <Filter>time\calendars</Filter>
    </ClInclude>
    <ClInclude Include="qle\pricingengines\analyticdoublebarrierbinaryengine.hpp">
      <Filter>pricingengines</Filter>
    </ClInclude>
    <ClInclude Include="qle\pricingengines\analyticeuropeanengine.hpp">
      <Filter>pricingengines</Filter>
    </ClInclude>
    <ClInclude Include="qle\models\commodityschwartzparametrization.hpp">
      <Filter>models</Filter>
    </ClInclude>
    <ClInclude Include="qle\models\futureoptionhelper.hpp">
      <Filter>models</Filter>
    </ClInclude>
    <ClInclude Include="qle\models\commodityschwartzmodel.hpp">
      <Filter>models</Filter>
    </ClInclude>
    <ClInclude Include="qle\models\modelimpliedpricetermstructure.hpp">
      <Filter>models</Filter>
    </ClInclude>
    <ClInclude Include="qle\processes\commodityschwartzstateprocess.hpp">
      <Filter>processes</Filter>
    </ClInclude>
    <ClInclude Include="qle\pricingengines\commodityschwartzfutureoptionengine.hpp">
      <Filter>pricingengines</Filter>
    </ClInclude>
    <ClInclude Include="qle\pricingengines\commodityspreadoptionengine.hpp">
      <Filter>pricingengines</Filter>
    </ClInclude>
    <ClInclude Include="qle\instruments\commodityspreadoption.hpp">
      <Filter>instruments</Filter>
    </ClInclude>
    <ClInclude Include="qle\methods\brownianbridgepathinterpolator.hpp">
      <Filter>methods</Filter>
    </ClInclude>
    <ClInclude Include="qle\methods\interpolatedvariatemultipathgenerator.hpp">
      <Filter>methods</Filter>
    </ClInclude>
    <ClInclude Include="qle\methods\multipathvariategenerator.hpp">
      <Filter>methods</Filter>
    </ClInclude>
    <ClInclude Include="qle\methods\projectedbufferedmultipathgenerator.hpp">
      <Filter>methods</Filter>
    </ClInclude>
    <ClInclude Include="qle\methods\projectedbufferedmultipathgeneratorfactory.hpp">
      <Filter>methods</Filter>
    </ClInclude>
    <ClInclude Include="qle\methods\projectedvariatemultipathgenerator.hpp">
      <Filter>methods</Filter>
    </ClInclude>
    <ClInclude Include="qle\methods\projectedvariatepathgeneratorfactory.hpp">
      <Filter>methods</Filter>
    </ClInclude>
    <ClInclude Include="qle\models\commoditymodel.hpp">
      <Filter>models</Filter>
    </ClInclude>
    <ClInclude Include="qle\models\fxbsmodel.hpp">
      <Filter>models</Filter>
    </ClInclude>
    <ClInclude Include="qle\models\fxmodel.hpp">
      <Filter>models</Filter>
    </ClInclude>
    <ClInclude Include="qle\models\hwparametrization.hpp">
      <Filter>models</Filter>
    </ClInclude>
    <ClInclude Include="qle\models\irmodel.hpp">
      <Filter>models</Filter>
    </ClInclude>
    <ClInclude Include="qle\pricingengines\amccalculator.hpp">
      <Filter>pricingengines</Filter>
    </ClInclude>
    <ClInclude Include="qle\pricingengines\analyticbarrierengine.hpp">
      <Filter>pricingengines</Filter>
    </ClInclude>
    <ClInclude Include="qle\pricingengines\analyticdoublebarrierengine.hpp">
      <Filter>pricingengines</Filter>
    </ClInclude>
    <ClInclude Include="qle\pricingengines\mccamcurrencyswapengine.hpp">
      <Filter>pricingengines</Filter>
    </ClInclude>
    <ClInclude Include="qle\pricingengines\mccamfxoptionengine.hpp">
      <Filter>pricingengines</Filter>
    </ClInclude>
    <ClInclude Include="qle\pricingengines\mclgmswapengine.hpp">
      <Filter>pricingengines</Filter>
    </ClInclude>
    <ClInclude Include="qle\pricingengines\mclgmswaptionengine.hpp">
      <Filter>pricingengines</Filter>
    </ClInclude>
    <ClInclude Include="qle\pricingengines\mcmultilegbaseengine.hpp">
      <Filter>pricingengines</Filter>
    </ClInclude>
    <ClInclude Include="qle\pricingengines\mcmultilegoptionengine.hpp">
      <Filter>pricingengines</Filter>
    </ClInclude>
    <ClInclude Include="qle\processes\fxbsstateprocess.hpp">
      <Filter>processes</Filter>
    </ClInclude>
    <ClInclude Include="qle\processes\irhwstateprocess.hpp">
      <Filter>processes</Filter>
    </ClInclude>
    <ClInclude Include="qle\termstructures\inflation\cpipricevolatilitysurface.hpp">
      <Filter>termstructures\inflation</Filter>
    </ClInclude>
    <ClInclude Include="qle\pricingengines\analyticdigitalamericanengine.hpp">
      <Filter>pricingengines</Filter>
    </ClInclude>
  </ItemGroup>
  <ItemGroup>
    <Filter Include="cashflows">
      <UniqueIdentifier>{ac57ee4f-9a17-4951-81ac-3e12860a9758}</UniqueIdentifier>
    </Filter>
    <Filter Include="currencies">
      <UniqueIdentifier>{79e30257-9bec-4d68-80fd-a59215cc688d}</UniqueIdentifier>
    </Filter>
    <Filter Include="indexes">
      <UniqueIdentifier>{82767bdf-47a1-403a-9b50-1eae878635bf}</UniqueIdentifier>
    </Filter>
    <Filter Include="instruments">
      <UniqueIdentifier>{60e1a5ca-8e4a-4485-b7a9-b649d652d75f}</UniqueIdentifier>
    </Filter>
    <Filter Include="math">
      <UniqueIdentifier>{0596e69d-c306-44c7-a7af-5f511518e5d4}</UniqueIdentifier>
    </Filter>
    <Filter Include="models">
      <UniqueIdentifier>{740551aa-03ff-4017-89bb-2a031ea2308c}</UniqueIdentifier>
    </Filter>
    <Filter Include="pricingengines">
      <UniqueIdentifier>{ac2c272c-98ad-484a-ba8f-e3150a89e598}</UniqueIdentifier>
    </Filter>
    <Filter Include="quotes">
      <UniqueIdentifier>{1b1252f6-4c99-48e1-a82c-203520ed8d9f}</UniqueIdentifier>
    </Filter>
    <Filter Include="termstructures">
      <UniqueIdentifier>{c9ba9e6b-491e-44f6-99c5-1b560aff60df}</UniqueIdentifier>
    </Filter>
    <Filter Include="processes">
      <UniqueIdentifier>{a1c64987-285d-4622-b1bf-432f5c274486}</UniqueIdentifier>
    </Filter>
    <Filter Include="indexes\ibor">
      <UniqueIdentifier>{77001a78-e7fc-4940-b0db-d00314230010}</UniqueIdentifier>
    </Filter>
    <Filter Include="methods">
      <UniqueIdentifier>{dae20b1f-586f-4e4a-994a-73bda11865fd}</UniqueIdentifier>
    </Filter>
    <Filter Include="utilities">
      <UniqueIdentifier>{e0dfc578-ff16-4b64-a977-3cf9e8ebd310}</UniqueIdentifier>
    </Filter>
    <Filter Include="time">
      <UniqueIdentifier>{a613e638-0ceb-4ac4-8d1a-9533b2d31270}</UniqueIdentifier>
    </Filter>
    <Filter Include="time\calendars">
      <UniqueIdentifier>{127ebe18-cbb6-4387-b8ac-95cae7669e94}</UniqueIdentifier>
    </Filter>
    <Filter Include="interpolators">
      <UniqueIdentifier>{5afe79b0-37bd-4c42-a9f7-5df8719d365c}</UniqueIdentifier>
    </Filter>
    <Filter Include="termstructures\credit">
      <UniqueIdentifier>{96a5a6c0-5339-472b-afed-0a81fd0372f2}</UniqueIdentifier>
    </Filter>
    <Filter Include="termstructures\inflation">
      <UniqueIdentifier>{0fb74c56-7b22-48db-9ff0-362b83ac0fe1}</UniqueIdentifier>
    </Filter>
  </ItemGroup>
  <ItemGroup>
    <ClCompile Include="qle\quotes\logquote.cpp">
      <Filter>quotes</Filter>
    </ClCompile>
    <ClCompile Include="qle\currencies\africa.cpp">
      <Filter>currencies</Filter>
    </ClCompile>
    <ClCompile Include="qle\currencies\america.cpp">
      <Filter>currencies</Filter>
    </ClCompile>
    <ClCompile Include="qle\currencies\asia.cpp">
      <Filter>currencies</Filter>
    </ClCompile>
    <ClCompile Include="qle\cashflows\cmbcoupon.cpp">
      <Filter>cashflows</Filter>
    </ClCompile>
    <ClCompile Include="qle\cashflows\averageonindexedcoupon.cpp">
      <Filter>cashflows</Filter>
    </ClCompile>
    <ClCompile Include="qle\cashflows\averageonindexedcouponpricer.cpp">
      <Filter>cashflows</Filter>
    </ClCompile>
    <ClCompile Include="qle\cashflows\couponpricer.cpp">
      <Filter>cashflows</Filter>
    </ClCompile>
    <ClCompile Include="qle\cashflows\subperiodscoupon.cpp">
      <Filter>cashflows</Filter>
    </ClCompile>
    <ClCompile Include="qle\cashflows\subperiodscouponpricer.cpp">
      <Filter>cashflows</Filter>
    </ClCompile>
    <ClCompile Include="qle\instruments\averageois.cpp">
      <Filter>instruments</Filter>
    </ClCompile>
    <ClCompile Include="qle\instruments\crossccybasisswap.cpp">
      <Filter>instruments</Filter>
    </ClCompile>
    <ClCompile Include="qle\instruments\crossccyswap.cpp">
      <Filter>instruments</Filter>
    </ClCompile>
    <ClCompile Include="qle\instruments\fxforward.cpp">
      <Filter>instruments</Filter>
    </ClCompile>
    <ClCompile Include="qle\instruments\makeaverageois.cpp">
      <Filter>instruments</Filter>
    </ClCompile>
    <ClCompile Include="qle\instruments\tenorbasisswap.cpp">
      <Filter>instruments</Filter>
    </ClCompile>
    <ClCompile Include="qle\instruments\cashflowresults.cpp">
      <Filter>instruments</Filter>
    </ClCompile>
    <ClCompile Include="qle\pricingengines\crossccyswapengine.cpp">
      <Filter>pricingengines</Filter>
    </ClCompile>
    <ClCompile Include="qle\pricingengines\discountingfxforwardengine.cpp">
      <Filter>pricingengines</Filter>
    </ClCompile>
    <ClCompile Include="qle\termstructures\averageoisratehelper.cpp">
      <Filter>termstructures</Filter>
    </ClCompile>
    <ClCompile Include="qle\termstructures\basistwoswaphelper.cpp">
      <Filter>termstructures</Filter>
    </ClCompile>
    <ClCompile Include="qle\termstructures\crossccybasisswaphelper.cpp">
      <Filter>termstructures</Filter>
    </ClCompile>
    <ClCompile Include="qle\termstructures\oisratehelper.cpp">
      <Filter>termstructures</Filter>
    </ClCompile>
    <ClCompile Include="qle\termstructures\tenorbasisswaphelper.cpp">
      <Filter>termstructures</Filter>
    </ClCompile>
    <ClCompile Include="qle\instruments\currencyswap.cpp">
      <Filter>instruments</Filter>
    </ClCompile>
    <ClCompile Include="qle\instruments\oibasisswap.cpp">
      <Filter>instruments</Filter>
    </ClCompile>
    <ClCompile Include="qle\instruments\oiccbasisswap.cpp">
      <Filter>instruments</Filter>
    </ClCompile>
    <ClCompile Include="qle\models\crossassetanalytics.cpp">
      <Filter>models</Filter>
    </ClCompile>
    <ClCompile Include="qle\models\crossassetmodel.cpp">
      <Filter>models</Filter>
    </ClCompile>
    <ClCompile Include="qle\models\fxbsconstantparametrization.cpp">
      <Filter>models</Filter>
    </ClCompile>
    <ClCompile Include="qle\models\fxbsparametrization.cpp">
      <Filter>models</Filter>
    </ClCompile>
    <ClCompile Include="qle\models\fxbspiecewiseconstantparametrization.cpp">
      <Filter>models</Filter>
    </ClCompile>
    <ClCompile Include="qle\models\gaussian1dcrossassetadaptor.cpp">
      <Filter>models</Filter>
    </ClCompile>
    <ClCompile Include="qle\models\lgm.cpp">
      <Filter>models</Filter>
    </ClCompile>
    <ClCompile Include="qle\models\lgmcalibrationinfo.cpp">
      <Filter>models</Filter>
    </ClCompile>
    <ClCompile Include="qle\models\lgmimpliedyieldtermstructure.cpp">
      <Filter>models</Filter>
    </ClCompile>
    <ClCompile Include="qle\models\linkablecalibratedmodel.cpp">
      <Filter>models</Filter>
    </ClCompile>
    <ClCompile Include="qle\models\parametrization.cpp">
      <Filter>models</Filter>
    </ClCompile>
    <ClCompile Include="qle\models\piecewiseconstanthelper.cpp">
      <Filter>models</Filter>
    </ClCompile>
    <ClCompile Include="qle\methods\multipathgeneratorbase.cpp">
      <Filter>methods</Filter>
    </ClCompile>
    <ClCompile Include="qle\pricingengines\analyticcclgmfxoptionengine.cpp">
      <Filter>pricingengines</Filter>
    </ClCompile>
    <ClCompile Include="qle\pricingengines\analyticlgmswaptionengine.cpp">
      <Filter>pricingengines</Filter>
    </ClCompile>
    <ClCompile Include="qle\pricingengines\discountingcurrencyswapengine.cpp">
      <Filter>pricingengines</Filter>
    </ClCompile>
    <ClCompile Include="qle\pricingengines\oiccbasisswapengine.cpp">
      <Filter>pricingengines</Filter>
    </ClCompile>
    <ClCompile Include="qle\processes\crossassetstateprocess.cpp">
      <Filter>processes</Filter>
    </ClCompile>
    <ClCompile Include="qle\processes\irlgm1fstateprocess.cpp">
      <Filter>processes</Filter>
    </ClCompile>
    <ClCompile Include="qle\termstructures\dynamicswaptionvolmatrix.cpp">
      <Filter>termstructures</Filter>
    </ClCompile>
    <ClCompile Include="qle\termstructures\oibasisswaphelper.cpp">
      <Filter>termstructures</Filter>
    </ClCompile>
    <ClCompile Include="qle\termstructures\oiccbasisswaphelper.cpp">
      <Filter>termstructures</Filter>
    </ClCompile>
    <ClCompile Include="qle\termstructures\hazardspreadeddefaulttermstructure.cpp">
      <Filter>termstructures</Filter>
    </ClCompile>
    <ClCompile Include="qle\models\crossassetmodelimpliedfxvoltermstructure.cpp">
      <Filter>models</Filter>
    </ClCompile>
    <ClCompile Include="qle\termstructures\blackvariancecurve3.cpp">
      <Filter>termstructures</Filter>
    </ClCompile>
    <ClCompile Include="qle\termstructures\blackvariancesurfacemoneyness.cpp">
      <Filter>termstructures</Filter>
    </ClCompile>
    <ClCompile Include="qle\pricingengines\discountingswapenginemulticurve.cpp">
      <Filter>pricingengines</Filter>
    </ClCompile>
    <ClCompile Include="qle\termstructures\datedstrippedoptionlet.cpp">
      <Filter>termstructures</Filter>
    </ClCompile>
    <ClCompile Include="qle\termstructures\datedstrippedoptionletadapter.cpp">
      <Filter>termstructures</Filter>
    </ClCompile>
    <ClCompile Include="qle\termstructures\dynamicoptionletvolatilitystructure.cpp">
      <Filter>termstructures</Filter>
    </ClCompile>
    <ClCompile Include="qle\indexes\fxindex.cpp">
      <Filter>indexes</Filter>
    </ClCompile>
    <ClCompile Include="qle\indexes\genericiborindex.cpp">
      <Filter>indexes</Filter>
    </ClCompile>
    <ClCompile Include="qle\cashflows\fxlinkedcashflow.cpp">
      <Filter>cashflows</Filter>
    </ClCompile>
    <ClCompile Include="qle\termstructures\optionletstripper1.cpp">
      <Filter>termstructures</Filter>
    </ClCompile>
    <ClCompile Include="qle\termstructures\optionletstripper2.cpp">
      <Filter>termstructures</Filter>
    </ClCompile>
    <ClCompile Include="qle\termstructures\swaptionvolatilityconverter.cpp">
      <Filter>termstructures</Filter>
    </ClCompile>
    <ClCompile Include="qle\termstructures\swaptionvolcube2.cpp">
      <Filter>termstructures</Filter>
    </ClCompile>
    <ClCompile Include="qle\termstructures\spreadedoptionletvolatility.cpp">
      <Filter>termstructures</Filter>
    </ClCompile>
    <ClCompile Include="qle\termstructures\spreadedsmilesection.cpp">
      <Filter>termstructures</Filter>
    </ClCompile>
    <ClCompile Include="qle\termstructures\spreadedswaptionvolatility.cpp">
      <Filter>termstructures</Filter>
    </ClCompile>
    <ClCompile Include="qle\pricingengines\discountingriskybondengine.cpp">
      <Filter>pricingengines</Filter>
    </ClCompile>
    <ClCompile Include="qle\instruments\deposit.cpp">
      <Filter>instruments</Filter>
    </ClCompile>
    <ClCompile Include="qle\pricingengines\depositengine.cpp">
      <Filter>pricingengines</Filter>
    </ClCompile>
    <ClCompile Include="qle\instruments\varianceswap.cpp">
      <Filter>instruments</Filter>
    </ClCompile>
    <ClCompile Include="qle\pricingengines\volatilityfromvarianceswapengine.cpp">
      <Filter>pricingengines</Filter>
    </ClCompile>
    <ClCompile Include="qle\pricingengines\varianceswapgeneralreplicationengine.cpp">
      <Filter>pricingengines</Filter>
    </ClCompile>
    <ClCompile Include="qle\termstructures\strippedoptionletadapter2.cpp">
      <Filter>termstructures</Filter>
    </ClCompile>
    <ClCompile Include="qle\pricingengines\discountingequityforwardengine.cpp">
      <Filter>pricingengines</Filter>
    </ClCompile>
    <ClCompile Include="qle\instruments\equityforward.cpp">
      <Filter>instruments</Filter>
    </ClCompile>
    <ClCompile Include="qle\indexes\inflationindexwrapper.cpp">
      <Filter>indexes</Filter>
    </ClCompile>
    <ClCompile Include="qle\pricingengines\discountingriskybondengine.cpp">
      <Filter>pricingengines</Filter>
    </ClCompile>
    <ClCompile Include="qle\models\crossassetmodelimpliedeqvoltermstructure.cpp">
      <Filter>models</Filter>
    </ClCompile>
    <ClCompile Include="qle\models\eqbsconstantparametrization.cpp">
      <Filter>models</Filter>
    </ClCompile>
    <ClCompile Include="qle\models\eqbsparametrization.cpp">
      <Filter>models</Filter>
    </ClCompile>
    <ClCompile Include="qle\models\eqbspiecewiseconstantparametrization.cpp">
      <Filter>models</Filter>
    </ClCompile>
    <ClCompile Include="qle\pricingengines\analyticxassetlgmeqoptionengine.cpp">
      <Filter>pricingengines</Filter>
    </ClCompile>
    <ClCompile Include="qle\models\fxeqoptionhelper.cpp">
      <Filter>models</Filter>
    </ClCompile>
    <ClCompile Include="qle\instruments\subperiodsswap.cpp">
      <Filter>instruments</Filter>
    </ClCompile>
    <ClCompile Include="qle\termstructures\subperiodsswaphelper.cpp">
      <Filter>termstructures</Filter>
    </ClCompile>
    <ClCompile Include="qle\instruments\cdsoption.cpp">
      <Filter>instruments</Filter>
    </ClCompile>
    <ClCompile Include="qle\models\cdsoptionhelper.cpp">
      <Filter>models</Filter>
    </ClCompile>
    <ClCompile Include="qle\models\cpicapfloorhelper.cpp">
      <Filter>models</Filter>
    </ClCompile>
    <ClCompile Include="qle\models\lgmimplieddefaulttermstructure.cpp">
      <Filter>models</Filter>
    </ClCompile>
    <ClCompile Include="qle\pricingengines\analyticdigitalamericanengine.cpp">
      <Filter>pricingengines</Filter>
    </ClCompile>
    <ClCompile Include="qle\pricingengines\analyticdkcpicapfloorengine.cpp">
      <Filter>pricingengines</Filter>
    </ClCompile>
    <ClCompile Include="qle\pricingengines\analyticlgmcdsoptionengine.cpp">
      <Filter>pricingengines</Filter>
    </ClCompile>
    <ClCompile Include="qle\pricingengines\blackcdsoptionengine.cpp">
      <Filter>pricingengines</Filter>
    </ClCompile>
    <ClCompile Include="qle\termstructures\blackvolsurfacewithatm.cpp">
      <Filter>termstructures</Filter>
    </ClCompile>
    <ClCompile Include="qle\instruments\makecds.cpp">
      <Filter>instruments</Filter>
    </ClCompile>
    <ClCompile Include="qle\termstructures\fxblackvolsurface.cpp">
      <Filter>termstructures</Filter>
    </ClCompile>
    <ClCompile Include="qle\termstructures\fxvannavolgasmilesection.cpp">
      <Filter>termstructures</Filter>
    </ClCompile>
    <ClCompile Include="qle\instruments\payment.cpp">
      <Filter>instruments</Filter>
    </ClCompile>
    <ClCompile Include="qle\pricingengines\paymentdiscountingengine.cpp">
      <Filter>pricingengines</Filter>
    </ClCompile>
    <ClCompile Include="qle\cashflows\floatingannuitycoupon.cpp">
      <Filter>cashflows</Filter>
    </ClCompile>
    <ClCompile Include="qle\cashflows\floatingannuitynominal.cpp">
      <Filter>cashflows</Filter>
    </ClCompile>
    <ClCompile Include="qle\termstructures\immfraratehelper.cpp">
      <Filter>termstructures</Filter>
    </ClCompile>
    <ClCompile Include="qle\math\deltagammavar.cpp">
      <Filter>math</Filter>
    </ClCompile>
    <ClCompile Include="qle\math\differentialevolution_mt.cpp">
      <Filter>math</Filter>
    </ClCompile>
    <ClCompile Include="qle\models\dkimpliedzeroinflationtermstructure.cpp">
      <Filter>models</Filter>
    </ClCompile>
    <ClCompile Include="qle\models\dkimpliedyoyinflationtermstructure.cpp">
      <Filter>models</Filter>
    </ClCompile>
    <ClCompile Include="qle\pricingengines\discountingcommodityforwardengine.cpp">
      <Filter>pricingengines</Filter>
    </ClCompile>
    <ClCompile Include="qle\instruments\commodityforward.cpp">
      <Filter>instruments</Filter>
    </ClCompile>
    <ClCompile Include="qle\termstructures\pricetermstructure.cpp">
      <Filter>termstructures</Filter>
    </ClCompile>
    <ClCompile Include="qle\termstructures\pricetermstructureadapter.cpp">
      <Filter>termstructures</Filter>
    </ClCompile>
    <ClCompile Include="qle\cashflows\quantocouponpricer.cpp">
      <Filter>cashflows</Filter>
    </ClCompile>
    <ClCompile Include="qle\instruments\impliedbondspread.cpp">
      <Filter>instruments</Filter>
    </ClCompile>
    <ClCompile Include="qle\termstructures\yoyinflationoptionletvolstripper.cpp">
      <Filter>termstructures</Filter>
    </ClCompile>
    <ClCompile Include="qle\cashflows\quantocouponpricer.cpp">
      <Filter>cashflows</Filter>
    </ClCompile>
    <ClCompile Include="qle\indexes\equityindex.cpp">
      <Filter>indexes</Filter>
    </ClCompile>
    <ClCompile Include="qle\instruments\fixedbmaswap.cpp">
      <Filter>instruments</Filter>
    </ClCompile>
    <ClCompile Include="qle\calendars\colombia.cpp">
      <Filter>time\calendars</Filter>
    </ClCompile>
    <ClCompile Include="qle\calendars\malaysia.cpp">
      <Filter>time\calendars</Filter>
    </ClCompile>
    <ClCompile Include="qle\calendars\peru.cpp">
      <Filter>time\calendars</Filter>
    </ClCompile>
    <ClCompile Include="qle\calendars\philippines.cpp">
      <Filter>time\calendars</Filter>
    </ClCompile>
    <ClCompile Include="qle\calendars\switzerland.cpp">
      <Filter>time\calendars</Filter>
    </ClCompile>
    <ClCompile Include="qle\calendars\wmr.cpp">
      <Filter>time\calendars</Filter>
    </ClCompile>
    <ClCompile Include="qle\calendars\islamicweekendsonly.cpp">
      <Filter>time\calendars</Filter>
    </ClCompile>
    <ClCompile Include="qle\cashflows\equitycoupon.cpp">
      <Filter>cashflows</Filter>
    </ClCompile>
    <ClCompile Include="qle\cashflows\equitycouponpricer.cpp">
      <Filter>cashflows</Filter>
    </ClCompile>
    <ClCompile Include="qle\cashflows\equitymargincoupon.cpp">
      <Filter>cashflows</Filter>
    </ClCompile>
    <ClCompile Include="qle\cashflows\equitymargincouponpricer.cpp">
      <Filter>cashflows</Filter>
    </ClCompile>
    <ClCompile Include="qle\termstructures\discountratiomodifiedcurve.cpp">
      <Filter>termstructures</Filter>
    </ClCompile>
    <ClCompile Include="qle\instruments\crossccyfixfloatswap.cpp">
      <Filter>instruments</Filter>
    </ClCompile>
    <ClCompile Include="qle\termstructures\crossccyfixfloatswaphelper.cpp">
      <Filter>termstructures</Filter>
    </ClCompile>
    <ClCompile Include="qle\indexes\region.cpp">
      <Filter>indexes</Filter>
    </ClCompile>
    <ClCompile Include="qle\cashflows\lognormalcmsspreadpricer.cpp">
      <Filter>cashflows</Filter>
    </ClCompile>
    <ClCompile Include="qle\instruments\crossccybasismtmresetswap.cpp">
      <Filter>instruments</Filter>
    </ClCompile>
    <ClCompile Include="qle\termstructures\crossccybasismtmresetswaphelper.cpp">
      <Filter>termstructures</Filter>
    </ClCompile>
    <ClCompile Include="qle\termstructures\capfloortermvolsurface.cpp">
      <Filter>termstructures</Filter>
    </ClCompile>
    <ClCompile Include="qle\termstructures\optionletstripper.cpp">
      <Filter>termstructures</Filter>
    </ClCompile>
    <ClCompile Include="qle\pricingengines\cpibacheliercapfloorengine.cpp">
      <Filter>pricingengines</Filter>
    </ClCompile>
    <ClCompile Include="qle\pricingengines\cpiblackcapfloorengine.cpp">
      <Filter>pricingengines</Filter>
    </ClCompile>
    <ClCompile Include="qle\pricingengines\cpicapfloorengines.cpp">
      <Filter>pricingengines</Filter>
    </ClCompile>
    <ClCompile Include="qle\currencies\configurablecurrency.cpp">
      <Filter>currencies</Filter>
    </ClCompile>
    <ClCompile Include="qle\currencies\metals.cpp">
      <Filter>currencies</Filter>
    </ClCompile>
    <ClCompile Include="qle\calendars\france.cpp">
      <Filter>time\calendars</Filter>
    </ClCompile>
    <ClCompile Include="qle\calendars\netherlands.cpp">
      <Filter>time\calendars</Filter>
    </ClCompile>
    <ClCompile Include="qle\models\cmscaphelper.cpp">
      <Filter>models</Filter>
    </ClCompile>
    <ClCompile Include="qle\termstructures\correlationtermstructure.cpp">
      <Filter>termstructures</Filter>
    </ClCompile>
    <ClCompile Include="qle\termstructures\flatcorrelation.cpp">
      <Filter>termstructures</Filter>
    </ClCompile>
    <ClCompile Include="qle\math\fillemptymatrix.cpp">
      <Filter>math</Filter>
    </ClCompile>
    <ClCompile Include="qle\cashflows\brlcdicouponpricer.cpp">
      <Filter>cashflows</Filter>
    </ClCompile>
    <ClCompile Include="qle\instruments\brlcdiswap.cpp">
      <Filter>instruments</Filter>
    </ClCompile>
    <ClCompile Include="qle\termstructures\brlcdiratehelper.cpp">
      <Filter>termstructures</Filter>
    </ClCompile>
    <ClCompile Include="qle\indexes\ibor\ameribor.cpp">
      <Filter>indexes\ibor</Filter>
    </ClCompile>
    <ClCompile Include="qle\indexes\ibor\boebaserate.cpp">
      <Filter>indexes\ibor</Filter>
    </ClCompile>
    <ClCompile Include="qle\indexes\ibor\brlcdi.cpp">
      <Filter>indexes\ibor</Filter>
    </ClCompile>
    <ClCompile Include="qle\indexes\ibor\primeindex.cpp">
      <Filter>indexes\ibor</Filter>
    </ClCompile>
    <ClCompile Include="qle\time\yearcounter.cpp">
      <Filter>time</Filter>
    </ClCompile>
    <ClCompile Include="qle\math\fillemptymatrix.cpp">
      <Filter>math</Filter>
    </ClCompile>
    <ClCompile Include="qle\termstructures\capfloorhelper.cpp">
      <Filter>termstructures</Filter>
    </ClCompile>
    <ClCompile Include="qle\termstructures\blackvariancesurfacesparse.cpp">
      <Filter>termstructures</Filter>
    </ClCompile>
    <ClCompile Include="qle\termstructures\equityforwardcurvestripper.cpp">
      <Filter>termstructures</Filter>
    </ClCompile>
    <ClCompile Include="qle\termstructures\strippedyoyinflationoptionletvol.cpp">
      <Filter>termstructures</Filter>
    </ClCompile>
    <ClCompile Include="qle\cashflows\strippedcapflooredyoyinflationcoupon.cpp">
      <Filter>termstructures</Filter>
    </ClCompile>
    <ClCompile Include="qle\pricingengines\discountingforwardbondengine.cpp">
      <Filter>pricingengines</Filter>
    </ClCompile>
    <ClCompile Include="qle\pricingengines\commodityswaptionengine.cpp">
      <Filter>pricingengines</Filter>
    </ClCompile>
    <ClCompile Include="qle\termstructures\dynamicyoyoptionletvolatilitystructure.cpp">
      <Filter>termstructures</Filter>
    </ClCompile>
    <ClCompile Include="qle\indexes\bondindex.cpp">
      <Filter>indexes</Filter>
    </ClCompile>
    <ClCompile Include="qle\instruments\forwardbond.cpp">
      <Filter>instruments</Filter>
    </ClCompile>
    <ClCompile Include="qle\pricingengines\baroneadesiwhaleyengine.cpp">
      <Filter>pricingengines</Filter>
    </ClCompile>
    <ClCompile Include="qle\indexes\commodityindex.cpp">
      <Filter>indexes</Filter>
    </ClCompile>
    <ClCompile Include="qle\termstructures\blackvariancesurfacestddevs.cpp">
      <Filter>termstructures</Filter>
    </ClCompile>
    <ClCompile Include="qle\termstructures\crosscurrencypricetermstructure.cpp">
      <Filter>termstructures</Filter>
    </ClCompile>
    <ClCompile Include="qle\calendars\israel.cpp">
      <Filter>time\calendars</Filter>
    </ClCompile>
    <ClCompile Include="qle\pricingengines\lgmconvolutionsolver.cpp">
      <Filter>pricingengines</Filter>
    </ClCompile>
    <ClCompile Include="qle\calendars\israel.cpp">
      <Filter>time\calendars</Filter>
    </ClCompile>
    <ClCompile Include="qle\instruments\rebatedexercise.cpp">
      <Filter>instruments</Filter>
    </ClCompile>
    <ClCompile Include="qle\indexes\ibor\ester.cpp">
      <Filter>indexes\ibor</Filter>
    </ClCompile>
    <ClCompile Include="qle\indexes\ibor\sofr.cpp">
      <Filter>indexes\ibor</Filter>
    </ClCompile>
    <ClCompile Include="qle\termstructures\blackvolsurfacedelta.cpp">
      <Filter>termstructures</Filter>
    </ClCompile>
    <ClCompile Include="qle\calendars\ice.cpp">
      <Filter>time\calendars</Filter>
    </ClCompile>
    <ClCompile Include="qle\calendars\cme.cpp">
      <Filter>time\calendars</Filter>
    </ClCompile>
    <ClCompile Include="qle\cashflows\commodityindexedaveragecashflow.cpp">
      <Filter>cashflows</Filter>
    </ClCompile>
    <ClCompile Include="qle\cashflows\commodityindexedcashflow.cpp">
      <Filter>cashflows</Filter>
    </ClCompile>
    <ClCompile Include="qle\instruments\commodityapo.cpp">
      <Filter>instruments</Filter>
    </ClCompile>
    <ClCompile Include="qle\pricingengines\commodityapoengine.cpp">
      <Filter>pricingengines</Filter>
    </ClCompile>
    <ClCompile Include="qle\termstructures\aposurface.cpp">
      <Filter>termstructures</Filter>
    </ClCompile>
    <ClCompile Include="qle\cashflows\indexedcoupon.cpp">
      <Filter>cashflows</Filter>
    </ClCompile>
    <ClCompile Include="qle\termstructures\eqcommoptionsurfacestripper.cpp">
      <Filter>termstructures</Filter>
    </ClCompile>
    <ClCompile Include="qle\cashflows\cpicoupon.cpp">
      <Filter>cashflows</Filter>
    </ClCompile>
    <ClCompile Include="qle\cashflows\cpicouponpricer.cpp">
      <Filter>cashflows</Filter>
    </ClCompile>
    <ClCompile Include="qle\cashflows\strippedcapflooredcpicoupon.cpp">
      <Filter>cashflows</Filter>
    </ClCompile>
    <ClCompile Include="qle\termstructures\dynamiccpivolatilitystructure.cpp">
      <Filter>termstructures</Filter>
    </ClCompile>
    <ClCompile Include="qle\pricingengines\inflationcapfloorengines.cpp">
      <Filter>pricingengines</Filter>
    </ClCompile>
    <ClCompile Include="qle\cashflows\overnightindexedcoupon.cpp">
      <Filter>cashflows</Filter>
    </ClCompile>
    <ClCompile Include="qle\cashflows\blackovernightindexedcouponpricer.cpp">
      <Filter>cashflows</Filter>
    </ClCompile>
    <ClCompile Include="qle\currencies\europe.cpp">
      <Filter>currencies</Filter>
    </ClCompile>
    <ClCompile Include="qle\calendars\belgium.cpp">
      <Filter>time\calendars</Filter>
    </ClCompile>
    <ClCompile Include="qle\calendars\luxembourg.cpp">
      <Filter>time\calendars</Filter>
    </ClCompile>
    <ClCompile Include="qle\calendars\russia.cpp">
      <Filter>time\calendars</Filter>
    </ClCompile>
    <ClCompile Include="qle\calendars\spain.cpp">
      <Filter>time\calendars</Filter>
    </ClCompile>
    <ClCompile Include="qle\calendars\austria.cpp">
      <Filter>time\calendars</Filter>
    </ClCompile>
    <ClCompile Include="qle\calendars\largejointcalendar.cpp">
      <Filter>time\calendars</Filter>
    </ClCompile>
    <ClCompile Include="qle\termstructures\futurepricehelper.cpp">
      <Filter>termstructures</Filter>
    </ClCompile>
    <ClCompile Include="qle\termstructures\averagespotpricehelper.cpp">
      <Filter>termstructures</Filter>
    </ClCompile>
    <ClCompile Include="qle\termstructures\averagefuturepricehelper.cpp">
      <Filter>termstructures</Filter>
    </ClCompile>
    <ClCompile Include="qle\termstructures\blackvolsurfaceproxy.cpp">
      <Filter>termstructures</Filter>
    </ClCompile>
    <ClCompile Include="qle\instruments\cashsettledeuropeanoption.cpp">
      <Filter>instruments</Filter>
    </ClCompile>
    <ClCompile Include="qle\pricingengines\analyticcashsettledeuropeanengine.cpp">
      <Filter>pricingengines</Filter>
    </ClCompile>
    <ClCompile Include="qle\termstructures\spreadeddiscountcurve.cpp">
      <Filter>termstructures</Filter>
    </ClCompile>
    <ClCompile Include="qle\calendars\amendedcalendar.cpp">
      <Filter>time\calendars</Filter>
    </ClCompile>
    <ClCompile Include="qle\models\infjyparameterization.cpp">
      <Filter>models</Filter>
    </ClCompile>
    <ClCompile Include="qle\models\zeroinflationmodeltermstructure.cpp">
      <Filter>models</Filter>
    </ClCompile>
    <ClCompile Include="qle\models\yoyinflationmodeltermstructure.cpp">
      <Filter>models</Filter>
    </ClCompile>
    <ClCompile Include="qle\models\jyimpliedyoyinflationtermstructure.cpp">
      <Filter>models</Filter>
    </ClCompile>
    <ClCompile Include="qle\models\jyimpliedzeroinflationtermstructure.cpp">
      <Filter>models</Filter>
    </ClCompile>
    <ClCompile Include="qle\termstructures\swaptionvolconstantspread.cpp">
      <Filter>termstructures</Filter>
    </ClCompile>
    <ClCompile Include="qle\models\projectedcrossassetmodel.cpp">
      <Filter>models</Filter>
    </ClCompile>
    <ClCompile Include="qle\models\yoyswaphelper.cpp">
      <Filter>models</Filter>
    </ClCompile>
    <ClCompile Include="qle\models\yoycapfloorhelper.cpp">
      <Filter>models</Filter>
    </ClCompile>
    <ClCompile Include="qle\pricingengines\analyticjycpicapfloorengine.cpp">
      <Filter>pricingengines</Filter>
    </ClCompile>
    <ClCompile Include="qle\cashflows\jyyoyinflationcouponpricer.cpp">
      <Filter>cashflows</Filter>
    </ClCompile>
    <ClCompile Include="qle\pricingengines\analyticjyyoycapfloorengine.cpp">
      <Filter>pricingengines</Filter>
    </ClCompile>
    <ClCompile Include="qle\utilities\inflation.cpp">
      <Filter>utilities</Filter>
    </ClCompile>
    <ClCompile Include="qle\models\crcirpp.cpp">
      <Filter>models</Filter>
    </ClCompile>
    <ClCompile Include="qle\processes\crcirppstateprocess.cpp">
      <Filter>processes</Filter>
    </ClCompile>
    <ClCompile Include="qle\models\cirppimplieddefaulttermstructure.cpp">
      <Filter>models</Filter>
    </ClCompile>
    <ClCompile Include="qle\pricingengines\analyticeuropeanforwardengine.cpp">
      <Filter>pricingengines</Filter>
    </ClCompile>
    <ClCompile Include="qle\termstructures\spreadedblackvolatilitycurve.cpp">
      <Filter>termstructures</Filter>
    </ClCompile>
    <ClCompile Include="qle\termstructures\spreadedblackvolatilitysurfacemoneyness.cpp">
      <Filter>termstructures</Filter>
    </ClCompile>
    <ClCompile Include="qle\termstructures\spreadedcorrelationcurve.cpp">
      <Filter>termstructures</Filter>
    </ClCompile>
    <ClCompile Include="qle\termstructures\spreadedcpivolatilitysurface.cpp">
      <Filter>termstructures</Filter>
    </ClCompile>
    <ClCompile Include="qle\termstructures\spreadedinflationcurve.cpp">
      <Filter>termstructures</Filter>
    </ClCompile>
    <ClCompile Include="qle\termstructures\spreadedoptionletvolatility2.cpp">
      <Filter>termstructures</Filter>
    </ClCompile>
    <ClCompile Include="qle\termstructures\spreadedpricetermstructure.cpp">
      <Filter>termstructures</Filter>
    </ClCompile>
    <ClCompile Include="qle\termstructures\spreadedsmilesection2.cpp">
      <Filter>termstructures</Filter>
    </ClCompile>
    <ClCompile Include="qle\termstructures\spreadedsurvivalprobabilitytermstructure.cpp">
      <Filter>termstructures</Filter>
    </ClCompile>
    <ClCompile Include="qle\termstructures\spreadedyoyvolsurface.cpp">
      <Filter>termstructures</Filter>
    </ClCompile>
    <ClCompile Include="qle\cashflows\durationadjustedcmscoupon.cpp">
      <Filter>cashflows</Filter>
    </ClCompile>
    <ClCompile Include="qle\cashflows\durationadjustedcmscoupontsrpricer.cpp">
      <Filter>cashflows</Filter>
    </ClCompile>
    <ClCompile Include="qle\models\linearannuitymapping.cpp">
      <Filter>models</Filter>
    </ClCompile>
    <ClCompile Include="qle\models\annuitymapping.cpp">
      <Filter>models</Filter>
    </ClCompile>
    <ClCompile Include="qle\cashflows\commoditycashflow.cpp">
      <Filter>cashflows</Filter>
    </ClCompile>
    <ClCompile Include="qle\indexes\compoequityindex.cpp">
      <Filter>indexes</Filter>
    </ClCompile>
    <ClCompile Include="qle\termstructures\averageoffpeakpowerhelper.cpp">
      <Filter>termstructures</Filter>
    </ClCompile>
    <ClCompile Include="qle\models\carrmadanarbitragecheck.cpp">
      <Filter>models</Filter>
    </ClCompile>
    <ClCompile Include="qle\models\exactbachelierimpliedvolatility.cpp">
      <Filter>models</Filter>
    </ClCompile>
    <ClCompile Include="qle\models\normalsabr.cpp">
      <Filter>models</Filter>
    </ClCompile>
    <ClCompile Include="qle\models\normalsabrsmilesection.cpp">
      <Filter>models</Filter>
    </ClCompile>
    <ClCompile Include="qle\indexes\offpeakpowerindex.cpp">
      <Filter>indexes</Filter>
    </ClCompile>
    <ClCompile Include="qle\termstructures\blackvolsurfacebfrr.cpp">
      <Filter>termstructures</Filter>
    </ClCompile>
    <ClCompile Include="qle\termstructures\blackdeltautilities.cpp">
      <Filter>termstructures</Filter>
    </ClCompile>
    <ClCompile Include="qle\instruments\crossccyfixfloatmtmresetswap.cpp">
      <Filter>instruments</Filter>
    </ClCompile>
    <ClCompile Include="qle\cashflows\fixedratefxlinkednotionalcoupon.cpp">
      <Filter>cashflows</Filter>
    </ClCompile>
    <ClCompile Include="qle\indexes\fallbackiborindex.cpp">
      <Filter>indexes</Filter>
    </ClCompile>
    <ClCompile Include="qle\indexes\fallbackovernightindex.cpp">
      <Filter>indexes</Filter>
    </ClCompile>
    <ClCompile Include="qle\termstructures\iborfallbackcurve.cpp">
      <Filter>termstructures</Filter>
    </ClCompile>
    <ClCompile Include="qle\termstructures\overnightfallbackcurve.cpp">
      <Filter>termstructures</Filter>
    </ClCompile>
    <ClCompile Include="qle\termstructures\crossccyfixfloatmtmresetswaphelper.cpp">
      <Filter>termstructures</Filter>
    </ClCompile>
    <ClCompile Include="qle\cashflows\yoyinflationcoupon.cpp">
      <Filter>cashflows</Filter>
    </ClCompile>
    <ClCompile Include="qle\cashflows\zerofixedcoupon.cpp">
      <Filter>cashflows</Filter>
    </ClCompile>
    <ClCompile Include="qle\cashflows\nonstandardyoyinflationcoupon.cpp">
      <Filter>cashflows</Filter>
    </ClCompile>
    <ClCompile Include="qle\cashflows\nonstandardcapflooredyoyinflationcoupon.cpp">
      <Filter>cashflows</Filter>
    </ClCompile>
    <ClCompile Include="qle\cashflows\nonstandardinflationcouponpricer.cpp">
      <Filter>cashflows</Filter>
    </ClCompile>
    <ClCompile Include="qle\models\hwmodel.cpp">
      <Filter>models</Filter>
    </ClCompile>
    <ClCompile Include="qle\models\lgmconvolutionsolver2.cpp">
      <Filter>models</Filter>
    </ClCompile>
    <ClCompile Include="qle\models\lgmvectorised.cpp">
      <Filter>models</Filter>
    </ClCompile>
    <ClCompile Include="qle\models\modelimpliedyieldtermstructure.cpp">
      <Filter>models</Filter>
    </ClCompile>
    <ClCompile Include="qle\math\randomvariable.cpp">
      <Filter>math</Filter>
    </ClCompile>
    <ClCompile Include="qle\math\randomvariable_io.cpp">
      <Filter>math</Filter>
    </ClCompile>
    <ClCompile Include="qle\pricingengines\numericlgmmultilegoptionengine.cpp">
      <Filter>pricingengines</Filter>
    </ClCompile>
    <ClCompile Include="qle\instruments\multilegoption.cpp">
      <Filter>instruments</Filter>
    </ClCompile>
    <ClCompile Include="qle\time\dateutilities.cpp">
      <Filter>time</Filter>
    </ClCompile>
    <ClCompile Include="qle\calendars\ireland.cpp">
      <Filter>time\calendars</Filter>
    </ClCompile>
    <ClCompile Include="qle\calendars\cyprus.cpp">
      <Filter>time\calendars</Filter>
    </ClCompile>
    <ClCompile Include="qle\calendars\greece.cpp">
      <Filter>time\calendars</Filter>
    </ClCompile>
    <ClCompile Include="qle\termstructures\blackvolconstantspread.cpp">
      <Filter>termstructures</Filter>
    </ClCompile>
    <ClCompile Include="qle\instruments\makeoiscapfloor.cpp">
      <Filter>instruments</Filter>
    </ClCompile>
    <ClCompile Include="qle\termstructures\oiscapfloorhelper.cpp">
      <Filter>termstructures</Filter>
    </ClCompile>
    <ClCompile Include="qle\indexes\ibor\sonia.cpp">
      <Filter>indexes\ibor</Filter>
    </ClCompile>
    <ClCompile Include="qle\termstructures\creditcurve.cpp">
      <Filter>termstructures</Filter>
    </ClCompile>
    <ClCompile Include="qle\termstructures\creditvolcurve.cpp">
      <Filter>termstructures</Filter>
    </ClCompile>
    <ClCompile Include="qle\utilities\time.cpp">
      <Filter>utilities</Filter>
    </ClCompile>
    <ClCompile Include="qle\termstructures\proxyoptionletvolatility.cpp">
      <Filter>termstructures</Filter>
    </ClCompile>
    <ClCompile Include="qle\termstructures\proxyswaptionvolatility.cpp">
      <Filter>termstructures</Filter>
    </ClCompile>
    <ClCompile Include="qle\termstructures\credit\spreadedbasecorrelationcurve.cpp">
      <Filter>termstructures\credit</Filter>
    </ClCompile>
    <ClCompile Include="qle\termstructures\credit\basecorrelationstructure.cpp">
      <Filter>termstructures\credit</Filter>
    </ClCompile>
    <ClCompile Include="qle\termstructures\inflation\constantcpivolatility.cpp">
      <Filter>termstructures\inflation</Filter>
    </ClCompile>
    <ClCompile Include="qle\termstructures\inflation\cpivolatilitystructure.cpp">
      <Filter>termstructures\inflation</Filter>
    </ClCompile>
    <ClCompile Include="qle\instruments\multiccycompositeinstrument.cpp">
      <Filter>instruments</Filter>
    </ClCompile>
    <ClCompile Include="qle\calendars\unitedarabemirates.cpp">
      <Filter>time\calendars</Filter>
    </ClCompile>
    <ClCompile Include="qle\instruments\genericswaption.cpp">
      <Filter>instruments</Filter>
    </ClCompile>
    <ClCompile Include="qle\instruments\cliquetoption.cpp">
      <Filter>instruments</Filter>
    </ClCompile>
    <ClCompile Include="qle\calendars\mauritius.cpp">
      <Filter>time\calendars</Filter>
    </ClCompile>
    <ClCompile Include="qle\pricingengines\analyticdoublebarrierbinaryengine.cpp">
      <Filter>pricingengines</Filter>
    </ClCompile>
    <ClCompile Include="qle\pricingengines\analyticeuropeanengine.cpp">
      <Filter>pricingengines</Filter>
    </ClCompile>
    <ClCompile Include="qle\models\commodityschwartzparametrization.cpp">
      <Filter>models</Filter>
    </ClCompile>
    <ClCompile Include="qle\models\futureoptionhelper.cpp">
      <Filter>models</Filter>
    </ClCompile>
    <ClCompile Include="qle\models\commodityschwartzmodel.cpp">
      <Filter>models</Filter>
    </ClCompile>
    <ClCompile Include="qle\models\modelimpliedpricetermstructure.cpp">
      <Filter>models</Filter>
    </ClCompile>
    <ClCompile Include="qle\processes\commodityschwartzstateprocess.cpp">
      <Filter>processes</Filter>
    </ClCompile>
    <ClCompile Include="qle\pricingengines\commodityschwartzfutureoptionengine.cpp">
      <Filter>pricingengines</Filter>
    </ClCompile>
    <ClCompile Include="qle\pricingengines\commodityspreadoptionengine.cpp">
      <Filter>pricingengines</Filter>
    </ClCompile>
    <ClCompile Include="qle\instruments\commodityspreadoption.cpp">
      <Filter>instruments</Filter>
    </ClCompile>
    <ClCompile Include="qle\methods\brownianbridgepathinterpolator.cpp">
      <Filter>methods</Filter>
    </ClCompile>
    <ClCompile Include="qle\methods\interpolatedvariatemultipathgenerator.cpp">
      <Filter>methods</Filter>
    </ClCompile>
    <ClCompile Include="qle\methods\multipathvariategenerator.cpp">
      <Filter>methods</Filter>
    </ClCompile>
    <ClCompile Include="qle\methods\projectedbufferedmultipathgenerator.cpp">
      <Filter>methods</Filter>
    </ClCompile>
    <ClCompile Include="qle\methods\projectedvariatemultipathgenerator.cpp">
      <Filter>methods</Filter>
    </ClCompile>
    <ClCompile Include="qle\pricingengines\analyticbarrierengine.cpp">
      <Filter>pricingengines</Filter>
    </ClCompile>
    <ClCompile Include="qle\pricingengines\analyticdoublebarrierengine.cpp">
      <Filter>pricingengines</Filter>
    </ClCompile>
    <ClCompile Include="qle\pricingengines\mccamcurrencyswapengine.cpp">
      <Filter>pricingengines</Filter>
    </ClCompile>
    <ClCompile Include="qle\pricingengines\mccamfxoptionengine.cpp">
      <Filter>pricingengines</Filter>
    </ClCompile>
    <ClCompile Include="qle\pricingengines\mclgmswapengine.cpp">
      <Filter>pricingengines</Filter>
    </ClCompile>
    <ClCompile Include="qle\pricingengines\mclgmswaptionengine.cpp">
      <Filter>pricingengines</Filter>
    </ClCompile>
    <ClCompile Include="qle\pricingengines\mcmultilegbaseengine.cpp">
      <Filter>pricingengines</Filter>
    </ClCompile>
    <ClCompile Include="qle\pricingengines\mcmultilegoptionengine.cpp">
      <Filter>pricingengines</Filter>
    </ClCompile>
    <ClCompile Include="qle\processes\irhwstateprocess.cpp">
      <Filter>processes</Filter>
    </ClCompile>
  </ItemGroup>
</Project>