
Microsoft Visual Studio Solution File, Format Version 12.00
# Visual Studio Express 14 for Windows Desktop
VisualStudioVersion = 14.0.25420.1
MinimumVisualStudioVersion = 10.0.40219.1
Project("{8BC9CEB8-8B4A-11D0-8D11-00A0C91BC942}") = "ore", "App\ore.vcxproj", "{CC051A76-5ABD-49EF-8C88-4C2C6A04D292}"
	ProjectSection(ProjectDependencies) = postProject
		{69B19B76-A089-4F8E-A10B-58F607A96214} = {69B19B76-A089-4F8E-A10B-58F607A96214}
	EndProjectSection
EndProject
Project("{8BC9CEB8-8B4A-11D0-8D11-00A0C91BC942}") = "QuantLib", "QuantLib\QuantLib.vcxproj", "{AD0A27DA-91DA-46A2-ACBD-296C419ED3AA}"
EndProject
Project("{8BC9CEB8-8B4A-11D0-8D11-00A0C91BC942}") = "QuantExt", "QuantExt\QuantExt.vcxproj", "{EE3B829C-8824-4656-B37F-32DED1F62E68}"
	ProjectSection(ProjectDependencies) = postProject
		{AD0A27DA-91DA-46A2-ACBD-296C419ED3AA} = {AD0A27DA-91DA-46A2-ACBD-296C419ED3AA}
	EndProjectSection
EndProject
Project("{8BC9CEB8-8B4A-11D0-8D11-00A0C91BC942}") = "OREData", "OREData\OREData.vcxproj", "{9406F13C-7745-4E61-BC41-14AAA7C730E0}"
	ProjectSection(ProjectDependencies) = postProject
		{EE3B829C-8824-4656-B37F-32DED1F62E68} = {EE3B829C-8824-4656-B37F-32DED1F62E68}
	EndProjectSection
EndProject
Project("{8BC9CEB8-8B4A-11D0-8D11-00A0C91BC942}") = "OREAnalytics", "OREAnalytics\OREAnalytics.vcxproj", "{69B19B76-A089-4F8E-A10B-58F607A96214}"
	ProjectSection(ProjectDependencies) = postProject
		{9406F13C-7745-4E61-BC41-14AAA7C730E0} = {9406F13C-7745-4E61-BC41-14AAA7C730E0}
	EndProjectSection
EndProject
Project("{8BC9CEB8-8B4A-11D0-8D11-00A0C91BC942}") = "OREDataTestSuite", "OREData\test\OREDataTestSuite.vcxproj", "{A613045C-34AF-4706-AA3C-730C92524F74}"
	ProjectSection(ProjectDependencies) = postProject
		{9406F13C-7745-4E61-BC41-14AAA7C730E0} = {9406F13C-7745-4E61-BC41-14AAA7C730E0}
	EndProjectSection
EndProject
Project("{8BC9CEB8-8B4A-11D0-8D11-00A0C91BC942}") = "OREAnalyticsTestSuite", "OREAnalytics\test\OREAnalyticsTestSuite.vcxproj", "{87DD6B48-D3E0-4C2D-A984-0E41259A9D3C}"
	ProjectSection(ProjectDependencies) = postProject
		{69B19B76-A089-4F8E-A10B-58F607A96214} = {69B19B76-A089-4F8E-A10B-58F607A96214}
	EndProjectSection
EndProject
Project("{8BC9CEB8-8B4A-11D0-8D11-00A0C91BC942}") = "QuantExtTestSuite", "QuantExt\test\testsuite.vcxproj", "{643BCBE7-4369-42EC-9766-DCB8DAD6615F}"
	ProjectSection(ProjectDependencies) = postProject
		{EE3B829C-8824-4656-B37F-32DED1F62E68} = {EE3B829C-8824-4656-B37F-32DED1F62E68}
	EndProjectSection
EndProject
Project("{2150E333-8FDC-42A3-9474-1A3956D46DE8}") = "Solution Items", "Solution Items", "{2357D164-A285-4EA9-8BF1-1E5168DC153D}"
EndProject
Global
	GlobalSection(SolutionConfigurationPlatforms) = preSolution
		Debug (static runtime)|Win32 = Debug (static runtime)|Win32
		Debug (static runtime)|x64 = Debug (static runtime)|x64
		Debug|Win32 = Debug|Win32
		Debug|x64 = Debug|x64
		Release (static runtime)|Win32 = Release (static runtime)|Win32
		Release (static runtime)|x64 = Release (static runtime)|x64
		Release|Win32 = Release|Win32
		Release|x64 = Release|x64
	EndGlobalSection
	GlobalSection(ProjectConfigurationPlatforms) = postSolution
		{CC051A76-5ABD-49EF-8C88-4C2C6A04D292}.Debug (static runtime)|Win32.ActiveCfg = Debug (static runtime)|Win32
		{CC051A76-5ABD-49EF-8C88-4C2C6A04D292}.Debug (static runtime)|Win32.Build.0 = Debug (static runtime)|Win32
		{CC051A76-5ABD-49EF-8C88-4C2C6A04D292}.Debug (static runtime)|x64.ActiveCfg = Debug (static runtime)|x64
		{CC051A76-5ABD-49EF-8C88-4C2C6A04D292}.Debug (static runtime)|x64.Build.0 = Debug (static runtime)|x64
		{CC051A76-5ABD-49EF-8C88-4C2C6A04D292}.Debug|Win32.ActiveCfg = Debug|Win32
		{CC051A76-5ABD-49EF-8C88-4C2C6A04D292}.Debug|Win32.Build.0 = Debug|Win32
		{CC051A76-5ABD-49EF-8C88-4C2C6A04D292}.Debug|x64.ActiveCfg = Debug|x64
		{CC051A76-5ABD-49EF-8C88-4C2C6A04D292}.Debug|x64.Build.0 = Debug|x64
		{CC051A76-5ABD-49EF-8C88-4C2C6A04D292}.Release (static runtime)|Win32.ActiveCfg = Release (static runtime)|Win32
		{CC051A76-5ABD-49EF-8C88-4C2C6A04D292}.Release (static runtime)|Win32.Build.0 = Release (static runtime)|Win32
		{CC051A76-5ABD-49EF-8C88-4C2C6A04D292}.Release (static runtime)|x64.ActiveCfg = Release (static runtime)|x64
		{CC051A76-5ABD-49EF-8C88-4C2C6A04D292}.Release (static runtime)|x64.Build.0 = Release (static runtime)|x64
		{CC051A76-5ABD-49EF-8C88-4C2C6A04D292}.Release|Win32.ActiveCfg = Release|Win32
		{CC051A76-5ABD-49EF-8C88-4C2C6A04D292}.Release|Win32.Build.0 = Release|Win32
		{CC051A76-5ABD-49EF-8C88-4C2C6A04D292}.Release|x64.ActiveCfg = Release|x64
		{CC051A76-5ABD-49EF-8C88-4C2C6A04D292}.Release|x64.Build.0 = Release|x64
		{AD0A27DA-91DA-46A2-ACBD-296C419ED3AA}.Debug (static runtime)|Win32.ActiveCfg = Debug (static runtime)|Win32
		{AD0A27DA-91DA-46A2-ACBD-296C419ED3AA}.Debug (static runtime)|Win32.Build.0 = Debug (static runtime)|Win32
		{AD0A27DA-91DA-46A2-ACBD-296C419ED3AA}.Debug (static runtime)|x64.ActiveCfg = Debug (static runtime)|x64
		{AD0A27DA-91DA-46A2-ACBD-296C419ED3AA}.Debug (static runtime)|x64.Build.0 = Debug (static runtime)|x64
		{AD0A27DA-91DA-46A2-ACBD-296C419ED3AA}.Debug|Win32.ActiveCfg = Debug|Win32
		{AD0A27DA-91DA-46A2-ACBD-296C419ED3AA}.Debug|Win32.Build.0 = Debug|Win32
		{AD0A27DA-91DA-46A2-ACBD-296C419ED3AA}.Debug|x64.ActiveCfg = Debug|x64
		{AD0A27DA-91DA-46A2-ACBD-296C419ED3AA}.Debug|x64.Build.0 = Debug|x64
		{AD0A27DA-91DA-46A2-ACBD-296C419ED3AA}.Release (static runtime)|Win32.ActiveCfg = Release (static runtime)|Win32
		{AD0A27DA-91DA-46A2-ACBD-296C419ED3AA}.Release (static runtime)|Win32.Build.0 = Release (static runtime)|Win32
		{AD0A27DA-91DA-46A2-ACBD-296C419ED3AA}.Release (static runtime)|x64.ActiveCfg = Release (static runtime)|x64
		{AD0A27DA-91DA-46A2-ACBD-296C419ED3AA}.Release (static runtime)|x64.Build.0 = Release (static runtime)|x64
		{AD0A27DA-91DA-46A2-ACBD-296C419ED3AA}.Release|Win32.ActiveCfg = Release|Win32
		{AD0A27DA-91DA-46A2-ACBD-296C419ED3AA}.Release|Win32.Build.0 = Release|Win32
		{AD0A27DA-91DA-46A2-ACBD-296C419ED3AA}.Release|x64.ActiveCfg = Release|x64
		{AD0A27DA-91DA-46A2-ACBD-296C419ED3AA}.Release|x64.Build.0 = Release|x64
		{EE3B829C-8824-4656-B37F-32DED1F62E68}.Debug (static runtime)|Win32.ActiveCfg = Debug (static runtime)|Win32
		{EE3B829C-8824-4656-B37F-32DED1F62E68}.Debug (static runtime)|Win32.Build.0 = Debug (static runtime)|Win32
		{EE3B829C-8824-4656-B37F-32DED1F62E68}.Debug (static runtime)|x64.ActiveCfg = Debug (static runtime)|x64
		{EE3B829C-8824-4656-B37F-32DED1F62E68}.Debug (static runtime)|x64.Build.0 = Debug (static runtime)|x64
		{EE3B829C-8824-4656-B37F-32DED1F62E68}.Debug|Win32.ActiveCfg = Debug|Win32
		{EE3B829C-8824-4656-B37F-32DED1F62E68}.Debug|Win32.Build.0 = Debug|Win32
		{EE3B829C-8824-4656-B37F-32DED1F62E68}.Debug|x64.ActiveCfg = Debug|x64
		{EE3B829C-8824-4656-B37F-32DED1F62E68}.Debug|x64.Build.0 = Debug|x64
		{EE3B829C-8824-4656-B37F-32DED1F62E68}.Release (static runtime)|Win32.ActiveCfg = Release (static runtime)|Win32
		{EE3B829C-8824-4656-B37F-32DED1F62E68}.Release (static runtime)|Win32.Build.0 = Release (static runtime)|Win32
		{EE3B829C-8824-4656-B37F-32DED1F62E68}.Release (static runtime)|x64.ActiveCfg = Release (static runtime)|x64
		{EE3B829C-8824-4656-B37F-32DED1F62E68}.Release (static runtime)|x64.Build.0 = Release (static runtime)|x64
		{EE3B829C-8824-4656-B37F-32DED1F62E68}.Release|Win32.ActiveCfg = Release|Win32
		{EE3B829C-8824-4656-B37F-32DED1F62E68}.Release|Win32.Build.0 = Release|Win32
		{EE3B829C-8824-4656-B37F-32DED1F62E68}.Release|x64.ActiveCfg = Release|x64
		{EE3B829C-8824-4656-B37F-32DED1F62E68}.Release|x64.Build.0 = Release|x64
		{9406F13C-7745-4E61-BC41-14AAA7C730E0}.Debug (static runtime)|Win32.ActiveCfg = Debug (static runtime)|Win32
		{9406F13C-7745-4E61-BC41-14AAA7C730E0}.Debug (static runtime)|Win32.Build.0 = Debug (static runtime)|Win32
		{9406F13C-7745-4E61-BC41-14AAA7C730E0}.Debug (static runtime)|x64.ActiveCfg = Debug (static runtime)|x64
		{9406F13C-7745-4E61-BC41-14AAA7C730E0}.Debug (static runtime)|x64.Build.0 = Debug (static runtime)|x64
		{9406F13C-7745-4E61-BC41-14AAA7C730E0}.Debug|Win32.ActiveCfg = Debug|Win32
		{9406F13C-7745-4E61-BC41-14AAA7C730E0}.Debug|Win32.Build.0 = Debug|Win32
		{9406F13C-7745-4E61-BC41-14AAA7C730E0}.Debug|x64.ActiveCfg = Debug|x64
		{9406F13C-7745-4E61-BC41-14AAA7C730E0}.Debug|x64.Build.0 = Debug|x64
		{9406F13C-7745-4E61-BC41-14AAA7C730E0}.Release (static runtime)|Win32.ActiveCfg = Release (static runtime)|Win32
		{9406F13C-7745-4E61-BC41-14AAA7C730E0}.Release (static runtime)|Win32.Build.0 = Release (static runtime)|Win32
		{9406F13C-7745-4E61-BC41-14AAA7C730E0}.Release (static runtime)|x64.ActiveCfg = Release (static runtime)|x64
		{9406F13C-7745-4E61-BC41-14AAA7C730E0}.Release (static runtime)|x64.Build.0 = Release (static runtime)|x64
		{9406F13C-7745-4E61-BC41-14AAA7C730E0}.Release|Win32.ActiveCfg = Release|Win32
		{9406F13C-7745-4E61-BC41-14AAA7C730E0}.Release|Win32.Build.0 = Release|Win32
		{9406F13C-7745-4E61-BC41-14AAA7C730E0}.Release|x64.ActiveCfg = Release|x64
		{9406F13C-7745-4E61-BC41-14AAA7C730E0}.Release|x64.Build.0 = Release|x64
		{69B19B76-A089-4F8E-A10B-58F607A96214}.Debug (static runtime)|Win32.ActiveCfg = Debug (static runtime)|Win32
		{69B19B76-A089-4F8E-A10B-58F607A96214}.Debug (static runtime)|Win32.Build.0 = Debug (static runtime)|Win32
		{69B19B76-A089-4F8E-A10B-58F607A96214}.Debug (static runtime)|x64.ActiveCfg = Debug (static runtime)|x64
		{69B19B76-A089-4F8E-A10B-58F607A96214}.Debug (static runtime)|x64.Build.0 = Debug (static runtime)|x64
		{69B19B76-A089-4F8E-A10B-58F607A96214}.Debug|Win32.ActiveCfg = Debug|Win32
		{69B19B76-A089-4F8E-A10B-58F607A96214}.Debug|Win32.Build.0 = Debug|Win32
		{69B19B76-A089-4F8E-A10B-58F607A96214}.Debug|x64.ActiveCfg = Debug|x64
		{69B19B76-A089-4F8E-A10B-58F607A96214}.Debug|x64.Build.0 = Debug|x64
		{69B19B76-A089-4F8E-A10B-58F607A96214}.Release (static runtime)|Win32.ActiveCfg = Release (static runtime)|Win32
		{69B19B76-A089-4F8E-A10B-58F607A96214}.Release (static runtime)|Win32.Build.0 = Release (static runtime)|Win32
		{69B19B76-A089-4F8E-A10B-58F607A96214}.Release (static runtime)|x64.ActiveCfg = Release (static runtime)|x64
		{69B19B76-A089-4F8E-A10B-58F607A96214}.Release (static runtime)|x64.Build.0 = Release (static runtime)|x64
		{69B19B76-A089-4F8E-A10B-58F607A96214}.Release|Win32.ActiveCfg = Release|Win32
		{69B19B76-A089-4F8E-A10B-58F607A96214}.Release|Win32.Build.0 = Release|Win32
		{69B19B76-A089-4F8E-A10B-58F607A96214}.Release|x64.ActiveCfg = Release|x64
		{69B19B76-A089-4F8E-A10B-58F607A96214}.Release|x64.Build.0 = Release|x64
		{A613045C-34AF-4706-AA3C-730C92524F74}.Debug (static runtime)|Win32.ActiveCfg = Debug (static runtime)|Win32
		{A613045C-34AF-4706-AA3C-730C92524F74}.Debug (static runtime)|Win32.Build.0 = Debug (static runtime)|Win32
		{A613045C-34AF-4706-AA3C-730C92524F74}.Debug (static runtime)|x64.ActiveCfg = Debug (static runtime)|x64
		{A613045C-34AF-4706-AA3C-730C92524F74}.Debug (static runtime)|x64.Build.0 = Debug (static runtime)|x64
		{A613045C-34AF-4706-AA3C-730C92524F74}.Debug|Win32.ActiveCfg = Debug|Win32
		{A613045C-34AF-4706-AA3C-730C92524F74}.Debug|Win32.Build.0 = Debug|Win32
		{A613045C-34AF-4706-AA3C-730C92524F74}.Debug|x64.ActiveCfg = Debug|x64
		{A613045C-34AF-4706-AA3C-730C92524F74}.Debug|x64.Build.0 = Debug|x64
		{A613045C-34AF-4706-AA3C-730C92524F74}.Release (static runtime)|Win32.ActiveCfg = Release (static runtime)|Win32
		{A613045C-34AF-4706-AA3C-730C92524F74}.Release (static runtime)|Win32.Build.0 = Release (static runtime)|Win32
		{A613045C-34AF-4706-AA3C-730C92524F74}.Release (static runtime)|x64.ActiveCfg = Release (static runtime)|x64
		{A613045C-34AF-4706-AA3C-730C92524F74}.Release (static runtime)|x64.Build.0 = Release (static runtime)|x64
		{A613045C-34AF-4706-AA3C-730C92524F74}.Release|Win32.ActiveCfg = Release|Win32
		{A613045C-34AF-4706-AA3C-730C92524F74}.Release|Win32.Build.0 = Release|Win32
		{A613045C-34AF-4706-AA3C-730C92524F74}.Release|x64.ActiveCfg = Release|x64
		{A613045C-34AF-4706-AA3C-730C92524F74}.Release|x64.Build.0 = Release|x64
		{87DD6B48-D3E0-4C2D-A984-0E41259A9D3C}.Debug (static runtime)|Win32.ActiveCfg = Debug (static runtime)|Win32
		{87DD6B48-D3E0-4C2D-A984-0E41259A9D3C}.Debug (static runtime)|Win32.Build.0 = Debug (static runtime)|Win32
		{87DD6B48-D3E0-4C2D-A984-0E41259A9D3C}.Debug (static runtime)|x64.ActiveCfg = Debug (static runtime)|x64
		{87DD6B48-D3E0-4C2D-A984-0E41259A9D3C}.Debug (static runtime)|x64.Build.0 = Debug (static runtime)|x64
		{87DD6B48-D3E0-4C2D-A984-0E41259A9D3C}.Debug|Win32.ActiveCfg = Debug|Win32
		{87DD6B48-D3E0-4C2D-A984-0E41259A9D3C}.Debug|Win32.Build.0 = Debug|Win32
		{87DD6B48-D3E0-4C2D-A984-0E41259A9D3C}.Debug|x64.ActiveCfg = Debug|x64
		{87DD6B48-D3E0-4C2D-A984-0E41259A9D3C}.Debug|x64.Build.0 = Debug|x64
		{87DD6B48-D3E0-4C2D-A984-0E41259A9D3C}.Release (static runtime)|Win32.ActiveCfg = Release (static runtime)|Win32
		{87DD6B48-D3E0-4C2D-A984-0E41259A9D3C}.Release (static runtime)|Win32.Build.0 = Release (static runtime)|Win32
		{87DD6B48-D3E0-4C2D-A984-0E41259A9D3C}.Release (static runtime)|x64.ActiveCfg = Release (static runtime)|x64
		{87DD6B48-D3E0-4C2D-A984-0E41259A9D3C}.Release (static runtime)|x64.Build.0 = Release (static runtime)|x64
		{87DD6B48-D3E0-4C2D-A984-0E41259A9D3C}.Release|Win32.ActiveCfg = Release|Win32
		{87DD6B48-D3E0-4C2D-A984-0E41259A9D3C}.Release|Win32.Build.0 = Release|Win32
		{87DD6B48-D3E0-4C2D-A984-0E41259A9D3C}.Release|x64.ActiveCfg = Release|x64
		{87DD6B48-D3E0-4C2D-A984-0E41259A9D3C}.Release|x64.Build.0 = Release|x64
		{643BCBE7-4369-42EC-9766-DCB8DAD6615F}.Debug (static runtime)|Win32.ActiveCfg = Debug (static runtime)|Win32
		{643BCBE7-4369-42EC-9766-DCB8DAD6615F}.Debug (static runtime)|Win32.Build.0 = Debug (static runtime)|Win32
		{643BCBE7-4369-42EC-9766-DCB8DAD6615F}.Debug (static runtime)|x64.ActiveCfg = Debug (static runtime)|x64
		{643BCBE7-4369-42EC-9766-DCB8DAD6615F}.Debug (static runtime)|x64.Build.0 = Debug (static runtime)|x64
		{643BCBE7-4369-42EC-9766-DCB8DAD6615F}.Debug|Win32.ActiveCfg = Debug|Win32
		{643BCBE7-4369-42EC-9766-DCB8DAD6615F}.Debug|Win32.Build.0 = Debug|Win32
		{643BCBE7-4369-42EC-9766-DCB8DAD6615F}.Debug|x64.ActiveCfg = Debug|x64
		{643BCBE7-4369-42EC-9766-DCB8DAD6615F}.Debug|x64.Build.0 = Debug|x64
		{643BCBE7-4369-42EC-9766-DCB8DAD6615F}.Release (static runtime)|Win32.ActiveCfg = Release (static runtime)|Win32
		{643BCBE7-4369-42EC-9766-DCB8DAD6615F}.Release (static runtime)|Win32.Build.0 = Release (static runtime)|Win32
		{643BCBE7-4369-42EC-9766-DCB8DAD6615F}.Release (static runtime)|x64.ActiveCfg = Release (static runtime)|x64
		{643BCBE7-4369-42EC-9766-DCB8DAD6615F}.Release (static runtime)|x64.Build.0 = Release (static runtime)|x64
		{643BCBE7-4369-42EC-9766-DCB8DAD6615F}.Release|Win32.ActiveCfg = Release|Win32
		{643BCBE7-4369-42EC-9766-DCB8DAD6615F}.Release|Win32.Build.0 = Release|Win32
		{643BCBE7-4369-42EC-9766-DCB8DAD6615F}.Release|x64.ActiveCfg = Release|x64
		{643BCBE7-4369-42EC-9766-DCB8DAD6615F}.Release|x64.Build.0 = Release|x64
	EndGlobalSection
	GlobalSection(SolutionProperties) = preSolution
		HideSolutionNode = FALSE
	EndGlobalSection
EndGlobal
