<?xml version="1.0" encoding="utf-8"?>
<Project ToolsVersion="4.0" xmlns="http://schemas.microsoft.com/developer/msbuild/2003">
  <ItemGroup>
    <Filter Include="aggregation">
      <UniqueIdentifier>{2b3ebb91-04dc-4730-b9f4-d58e8ad33dc2}</UniqueIdentifier>
    </Filter>
    <Filter Include="cube">
      <UniqueIdentifier>{f480d315-bc77-420e-93c2-97fcf3d81e68}</UniqueIdentifier>
    </Filter>
    <Filter Include="engine">
      <UniqueIdentifier>{027178c8-a4c4-403e-8b5d-c9b4a7ceddcf}</UniqueIdentifier>
    </Filter>
    <Filter Include="scenario">
      <UniqueIdentifier>{c12e5068-5327-45b3-9240-e649620fc89c}</UniqueIdentifier>
    </Filter>
    <Filter Include="simulation">
      <UniqueIdentifier>{6dfd1b9a-8b1b-4cd1-92a5-96a4fd83bf6b}</UniqueIdentifier>
    </Filter>
    <Filter Include="app">
      <UniqueIdentifier>{5e2b1c12-06b6-468c-b52b-f2937bc8facc}</UniqueIdentifier>
    </Filter>
  </ItemGroup>
  <ItemGroup>
    <ClInclude Include="orea\aggregation\collateralaccount.hpp">
      <Filter>aggregation</Filter>
    </ClInclude>
    <ClInclude Include="orea\aggregation\collatexposurehelper.hpp">
      <Filter>aggregation</Filter>
    </ClInclude>
    <ClInclude Include="orea\aggregation\cvaspreadsensitivitycalculator.hpp">
      <Filter>aggregation</Filter>
    </ClInclude>
    <ClInclude Include="orea\aggregation\dimcalculator.hpp">
      <Filter>aggregation</Filter>
    </ClInclude>
    <ClInclude Include="orea\aggregation\dimregressioncalculator.hpp">
      <Filter>aggregation</Filter>
    </ClInclude>
    <ClInclude Include="orea\aggregation\postprocess.hpp">
      <Filter>aggregation</Filter>
    </ClInclude>
    <ClInclude Include="orea\cube\cubewriter.hpp">
      <Filter>cube</Filter>
    </ClInclude>
    <ClInclude Include="orea\cube\inmemorycube.hpp">
      <Filter>cube</Filter>
    </ClInclude>
    <ClInclude Include="orea\cube\npvcube.hpp">
      <Filter>cube</Filter>
    </ClInclude>
    <ClInclude Include="orea\engine\valuationengine.hpp">
      <Filter>engine</Filter>
    </ClInclude>
    <ClInclude Include="orea\simulation\simmarket.hpp">
      <Filter>simulation</Filter>
    </ClInclude>
    <ClInclude Include="orea\scenario\crossassetmodelscenariogenerator.hpp">
      <Filter>scenario</Filter>
    </ClInclude>
    <ClInclude Include="orea\scenario\lgmscenariogenerator.hpp">
      <Filter>scenario</Filter>
    </ClInclude>
    <ClInclude Include="orea\scenario\scenario.hpp">
      <Filter>scenario</Filter>
    </ClInclude>
    <ClInclude Include="orea\scenario\scenariofactory.hpp">
      <Filter>scenario</Filter>
    </ClInclude>
    <ClInclude Include="orea\scenario\scenariogenerator.hpp">
      <Filter>scenario</Filter>
    </ClInclude>
    <ClInclude Include="orea\scenario\scenariogeneratorbuilder.hpp">
      <Filter>scenario</Filter>
    </ClInclude>
    <ClInclude Include="orea\scenario\scenariogeneratordata.hpp">
      <Filter>scenario</Filter>
    </ClInclude>
    <ClInclude Include="orea\scenario\scenariosimmarket.hpp">
      <Filter>scenario</Filter>
    </ClInclude>
    <ClInclude Include="orea\scenario\scenariosimmarketparameters.hpp">
      <Filter>scenario</Filter>
    </ClInclude>
    <ClInclude Include="orea\scenario\simplescenario.hpp">
      <Filter>scenario</Filter>
    </ClInclude>
    <ClInclude Include="orea\scenario\simplescenariofactory.hpp">
      <Filter>scenario</Filter>
    </ClInclude>
    <ClInclude Include="orea\scenario\scenariowriter.hpp">
      <Filter>scenario</Filter>
    </ClInclude>
    <ClInclude Include="orea\auto_link.hpp" />
    <ClInclude Include="orea\orea.hpp" />
    <ClInclude Include="orea\scenario\aggregationscenariodata.hpp">
      <Filter>scenario</Filter>
    </ClInclude>
    <ClInclude Include="orea\scenario\sensitivityscenariodata.hpp">
      <Filter>scenario</Filter>
    </ClInclude>
    <ClInclude Include="orea\scenario\sensitivityscenariogenerator.hpp">
      <Filter>scenario</Filter>
    </ClInclude>
    <ClInclude Include="orea\scenario\stressscenariodata.hpp">
      <Filter>scenario</Filter>
    </ClInclude>
    <ClInclude Include="orea\scenario\stressscenariogenerator.hpp">
      <Filter>scenario</Filter>
    </ClInclude>
    <ClInclude Include="orea\engine\sensitivityanalysis.hpp">
      <Filter>engine</Filter>
    </ClInclude>
    <ClInclude Include="orea\engine\stresstest.hpp">
      <Filter>engine</Filter>
    </ClInclude>
    <ClInclude Include="orea\simulation\fixingmanager.hpp">
      <Filter>simulation</Filter>
    </ClInclude>
    <ClInclude Include="orea\engine\observationmode.hpp">
      <Filter>engine</Filter>
    </ClInclude>
    <ClInclude Include="orea\app\oreapp.hpp">
      <Filter>app</Filter>
    </ClInclude>
    <ClInclude Include="orea\app\parameters.hpp">
      <Filter>app</Filter>
    </ClInclude>
    <ClInclude Include="orea\scenario\shiftscenariogenerator.hpp">
      <Filter>scenario</Filter>
    </ClInclude>
    <ClInclude Include="orea\app\reportwriter.hpp">
      <Filter>app</Filter>
    </ClInclude>
    <ClInclude Include="orea\engine\valuationcalculator.hpp">
      <Filter>engine</Filter>
    </ClInclude>
    <ClInclude Include="orea\scenario\clonescenariofactory.hpp">
      <Filter>scenario</Filter>
    </ClInclude>
    <ClInclude Include="orea\engine\parametricvar.hpp">
      <Filter>engine</Filter>
    </ClInclude>
    <ClInclude Include="orea\engine\riskfilter.hpp">
      <Filter>engine</Filter>
    </ClInclude>
    <ClInclude Include="orea\app\sensitivityrunner.hpp">
      <Filter>app</Filter>
    </ClInclude>
    <ClInclude Include="orea\cube\sensitivitycube.hpp">
      <Filter>cube</Filter>
    </ClInclude>
    <ClInclude Include="orea\cube\npvsensicube.hpp">
      <Filter>cube</Filter>
    </ClInclude>
    <ClInclude Include="orea\cube\sensicube.hpp">
      <Filter>cube</Filter>
    </ClInclude>
    <ClInclude Include="orea\engine\sensitivityrecord.hpp">
      <Filter>engine</Filter>
    </ClInclude>
    <ClInclude Include="orea\engine\sensitivityfilestream.hpp">
      <Filter>engine</Filter>
    </ClInclude>
    <ClInclude Include="orea\engine\sensitivitystream.hpp">
      <Filter>engine</Filter>
    </ClInclude>
    <ClInclude Include="orea\engine\sensitivityinmemorystream.hpp">
      <Filter>engine</Filter>
    </ClInclude>
    <ClInclude Include="orea\engine\sensitivitycubestream.hpp">
      <Filter>engine</Filter>
    </ClInclude>
    <ClInclude Include="orea\engine\sensitivityaggregator.hpp">
      <Filter>engine</Filter>
    </ClInclude>
    <ClInclude Include="orea\engine\filteredsensitivitystream.hpp">
      <Filter>engine</Filter>
    </ClInclude>
    <ClInclude Include="orea\app\structuredanalyticserror.hpp">
      <Filter>app</Filter>
    </ClInclude>
    <ClInclude Include="orea\cube\cubeinterpretation.hpp">
      <Filter>cube</Filter>
    </ClInclude>
    <ClInclude Include="orea\engine\mporcalculator.hpp">
      <Filter>cube</Filter>
    </ClInclude>
    <ClInclude Include="orea\app\xvarunner.hpp">
      <Filter>app</Filter>
    </ClInclude>
    <ClInclude Include="orea\aggregation\dynamiccreditxvacalculator.hpp">
      <Filter>aggregation</Filter>
    </ClInclude>
    <ClInclude Include="orea\aggregation\exposureallocator.hpp">
      <Filter>aggregation</Filter>
    </ClInclude>
    <ClInclude Include="orea\aggregation\exposurecalculator.hpp">
      <Filter>aggregation</Filter>
    </ClInclude>
    <ClInclude Include="orea\aggregation\nettedexposurecalculator.hpp">
      <Filter>aggregation</Filter>
    </ClInclude>
    <ClInclude Include="orea\aggregation\staticcreditxvacalculator.hpp">
      <Filter>aggregation</Filter>
    </ClInclude>
    <ClInclude Include="orea\aggregation\xvacalculator.hpp">
      <Filter>aggregation</Filter>
    </ClInclude>
    <ClInclude Include="orea\engine\cptycalculator.hpp">
      <Filter>engine</Filter>
    </ClInclude>
    <ClInclude Include="orea\version.hpp" />
    <ClInclude Include="orea\engine\npvrecord.hpp">
      <Filter>engine</Filter>
    </ClInclude>
    <ClInclude Include="orea\app\structuredanalyticswarning.hpp">
      <Filter>app</Filter>
    </ClInclude>
    <ClInclude Include="orea\scenario\clonedscenariogenerator.hpp">
      <Filter>scenario</Filter>
    </ClInclude>
    <ClInclude Include="orea\engine\bufferedsensitivitystream.hpp">
      <Filter>engine</Filter>
    </ClInclude>
    <ClInclude Include="orea\engine\amcvaluationengine.hpp">
      <Filter>engine</Filter>
    </ClInclude>
  </ItemGroup>
  <ItemGroup>
    <ClCompile Include="orea\aggregation\collateralaccount.cpp">
      <Filter>aggregation</Filter>
    </ClCompile>
    <ClCompile Include="orea\aggregation\collatexposurehelper.cpp">
      <Filter>aggregation</Filter>
    </ClCompile>
    <ClCompile Include="orea\aggregation\cvaspreadsensitivitycalculator.cpp">
      <Filter>aggregation</Filter>
    </ClCompile>
    <ClCompile Include="orea\aggregation\postprocess.cpp">
      <Filter>aggregation</Filter>
    </ClCompile>
    <ClCompile Include="orea\cube\cubewriter.cpp">
      <Filter>cube</Filter>
    </ClCompile>
    <ClCompile Include="orea\engine\valuationengine.cpp">
      <Filter>engine</Filter>
    </ClCompile>
    <ClCompile Include="orea\simulation\simmarket.cpp">
      <Filter>simulation</Filter>
    </ClCompile>
    <ClCompile Include="orea\scenario\crossassetmodelscenariogenerator.cpp">
      <Filter>scenario</Filter>
    </ClCompile>
    <ClCompile Include="orea\scenario\lgmscenariogenerator.cpp">
      <Filter>scenario</Filter>
    </ClCompile>
    <ClCompile Include="orea\scenario\scenario.cpp">
      <Filter>scenario</Filter>
    </ClCompile>
    <ClCompile Include="orea\scenario\scenariogeneratorbuilder.cpp">
      <Filter>scenario</Filter>
    </ClCompile>
    <ClCompile Include="orea\scenario\scenariogeneratordata.cpp">
      <Filter>scenario</Filter>
    </ClCompile>
    <ClCompile Include="orea\scenario\scenariosimmarket.cpp">
      <Filter>scenario</Filter>
    </ClCompile>
    <ClCompile Include="orea\scenario\scenariosimmarketparameters.cpp">
      <Filter>scenario</Filter>
    </ClCompile>
    <ClCompile Include="orea\scenario\simplescenario.cpp">
      <Filter>scenario</Filter>
    </ClCompile>
    <ClCompile Include="orea\scenario\scenariowriter.cpp">
      <Filter>scenario</Filter>
    </ClCompile>
    <ClCompile Include="orea\scenario\sensitivityscenariodata.cpp">
      <Filter>scenario</Filter>
    </ClCompile>
    <ClCompile Include="orea\scenario\sensitivityscenariogenerator.cpp">
      <Filter>scenario</Filter>
    </ClCompile>
    <ClCompile Include="orea\scenario\stressscenariodata.cpp">
      <Filter>scenario</Filter>
    </ClCompile>
    <ClCompile Include="orea\scenario\stressscenariogenerator.cpp">
      <Filter>scenario</Filter>
    </ClCompile>
    <ClCompile Include="orea\engine\sensitivityanalysis.cpp">
      <Filter>engine</Filter>
    </ClCompile>
    <ClCompile Include="orea\engine\stresstest.cpp">
      <Filter>engine</Filter>
    </ClCompile>
    <ClCompile Include="orea\simulation\fixingmanager.cpp">
      <Filter>simulation</Filter>
    </ClCompile>
    <ClCompile Include="orea\app\parameters.cpp">
      <Filter>app</Filter>
    </ClCompile>
    <ClCompile Include="orea\app\oreapp.cpp">
      <Filter>app</Filter>
    </ClCompile>
    <ClCompile Include="orea\scenario\shiftscenariogenerator.cpp">
      <Filter>scenario</Filter>
    </ClCompile>
    <ClCompile Include="orea\app\reportwriter.cpp">
      <Filter>app</Filter>
    </ClCompile>
    <ClCompile Include="orea\engine\valuationcalculator.cpp">
      <Filter>engine</Filter>
    </ClCompile>
    <ClCompile Include="orea\scenario\clonescenariofactory.cpp">
      <Filter>scenario</Filter>
    </ClCompile>
    <ClCompile Include="orea\engine\parametricvar.cpp">
      <Filter>engine</Filter>
    </ClCompile>
    <ClCompile Include="orea\engine\riskfilter.cpp">
      <Filter>engine</Filter>
    </ClCompile>
    <ClCompile Include="orea\app\sensitivityrunner.cpp">
      <Filter>app</Filter>
    </ClCompile>
    <ClCompile Include="orea\cube\sensitivitycube.cpp">
      <Filter>cube</Filter>
    </ClCompile>
    <ClCompile Include="orea\engine\sensitivityrecord.cpp">
      <Filter>engine</Filter>
    </ClCompile>
    <ClCompile Include="orea\engine\sensitivityfilestream.cpp">
      <Filter>engine</Filter>
    </ClCompile>
    <ClCompile Include="orea\engine\sensitivityinmemorystream.cpp">
      <Filter>engine</Filter>
    </ClCompile>
    <ClCompile Include="orea\engine\sensitivitycubestream.cpp">
      <Filter>engine</Filter>
    </ClCompile>
    <ClCompile Include="orea\engine\sensitivityaggregator.cpp">
      <Filter>engine</Filter>
    </ClCompile>
    <ClCompile Include="orea\engine\filteredsensitivitystream.cpp">
      <Filter>engine</Filter>
    </ClCompile>
    <ClCompile Include="orea\cube\cubeinterpretation.cpp">
      <Filter>cube</Filter>
    </ClCompile>
    <ClCompile Include="orea\engine\mporcalculator.cpp">
      <Filter>cube</Filter>
    </ClCompile>
    <ClCompile Include="orea\app\xvarunner.cpp">
      <Filter>app</Filter>
    </ClCompile>
    <ClCompile Include="orea\aggregation\dimcalculator.cpp">
      <Filter>aggregation</Filter>
    </ClCompile>
    <ClCompile Include="orea\aggregation\dimregressioncalculator.cpp">
      <Filter>aggregation</Filter>
    </ClCompile>
    <ClCompile Include="orea\aggregation\dynamiccreditxvacalculator.cpp">
      <Filter>aggregation</Filter>
    </ClCompile>
    <ClCompile Include="orea\aggregation\exposureallocator.cpp">
      <Filter>aggregation</Filter>
    </ClCompile>
    <ClCompile Include="orea\aggregation\exposurecalculator.cpp">
      <Filter>aggregation</Filter>
    </ClCompile>
    <ClCompile Include="orea\aggregation\nettedexposurecalculator.cpp">
      <Filter>aggregation</Filter>
    </ClCompile>
    <ClCompile Include="orea\aggregation\staticcreditxvacalculator.cpp">
      <Filter>aggregation</Filter>
    </ClCompile>
    <ClCompile Include="orea\aggregation\xvacalculator.cpp">
      <Filter>aggregation</Filter>
    </ClCompile>
    <ClCompile Include="orea\engine\cptycalculator.cpp">
      <Filter>engine</Filter>
    </ClCompile>
    <ClCompile Include="orea\engine\npvrecord.cpp">
      <Filter>engine</Filter>
    </ClCompile>
    <ClCompile Include="orea\scenario\clonedscenariogenerator.cpp">
      <Filter>scenario</Filter>
    </ClCompile>
    <ClCompile Include="orea\engine\bufferedsensitivitystream.cpp">
      <Filter>engine</Filter>
    </ClCompile>
    <ClCompile Include="orea\engine\amcvaluationengine.cpp">
      <Filter>engine</Filter>
    </ClCompile>
  </ItemGroup>
</Project>