
Microsoft Visual Studio Solution File, Format Version 12.00
# Visual Studio Express 2013 for Windows Desktop
VisualStudioVersion = 12.0.31101.0
MinimumVisualStudioVersion = 10.0.40219.1
Project("{8BC9CEB8-8B4A-11D0-8D11-00A0C91BC942}") = "qre", "ore.vcxproj", "{CC051A76-5ABD-49EF-8C88-4C2C6A04D292}"
EndProject
Global
	GlobalSection(SolutionConfigurationPlatforms) = preSolution
		Debug (static runtime)|x64 = Debug (static runtime)|x64
		Debug (static runtime)|x86 = Debug (static runtime)|x86
		Debug|x64 = Debug|x64
		Debug|x86 = Debug|x86
		Release (static runtime)|x64 = Release (static runtime)|x64
		Release (static runtime)|x86 = Release (static runtime)|x86
		Release|x64 = Release|x64
		Release|x86 = Release|x86
	EndGlobalSection
	GlobalSection(ProjectConfigurationPlatforms) = postSolution
		{CC051A76-5ABD-49EF-8C88-4C2C6A04D292}.Debug (static runtime)|x64.ActiveCfg = Debug (static runtime)|x64
		{CC051A76-5ABD-49EF-8C88-4C2C6A04D292}.Debug (static runtime)|x64.Build.0 = Debug (static runtime)|x64
		{CC051A76-5ABD-49EF-8C88-4C2C6A04D292}.Debug (static runtime)|x86.ActiveCfg = Debug (static runtime)|Win32
		{CC051A76-5ABD-49EF-8C88-4C2C6A04D292}.Debug (static runtime)|x86.Build.0 = Debug (static runtime)|Win32
		{CC051A76-5ABD-49EF-8C88-4C2C6A04D292}.Debug|x64.ActiveCfg = Debug|x64
		{CC051A76-5ABD-49EF-8C88-4C2C6A04D292}.Debug|x64.Build.0 = Debug|x64
		{CC051A76-5ABD-49EF-8C88-4C2C6A04D292}.Debug|x86.ActiveCfg = Debug|Win32
		{CC051A76-5ABD-49EF-8C88-4C2C6A04D292}.Debug|x86.Build.0 = Debug|Win32
		{CC051A76-5ABD-49EF-8C88-4C2C6A04D292}.Release (static runtime)|x64.ActiveCfg = Release (static runtime)|x64
		{CC051A76-5ABD-49EF-8C88-4C2C6A04D292}.Release (static runtime)|x64.Build.0 = Release (static runtime)|x64
		{CC051A76-5ABD-49EF-8C88-4C2C6A04D292}.Release (static runtime)|x86.ActiveCfg = Release (static runtime)|Win32
		{CC051A76-5ABD-49EF-8C88-4C2C6A04D292}.Release (static runtime)|x86.Build.0 = Release (static runtime)|Win32
		{CC051A76-5ABD-49EF-8C88-4C2C6A04D292}.Release|x64.ActiveCfg = Release|x64
		{CC051A76-5ABD-49EF-8C88-4C2C6A04D292}.Release|x64.Build.0 = Release|x64
		{CC051A76-5ABD-49EF-8C88-4C2C6A04D292}.Release|x86.ActiveCfg = Release|Win32
		{CC051A76-5ABD-49EF-8C88-4C2C6A04D292}.Release|x86.Build.0 = Release|Win32
	EndGlobalSection
	GlobalSection(SolutionProperties) = preSolution
		HideSolutionNode = FALSE
	EndGlobalSection
EndGlobal
