<?xml version="1.0" encoding="utf-8"?>
<Project ToolsVersion="4.0" xmlns="http://schemas.microsoft.com/developer/msbuild/2003">
  <ItemGroup>
    <Filter Include="source">
      <UniqueIdentifier>{ebf762e8-fb44-4298-8dbe-7f33761096e6}</UniqueIdentifier>
    </Filter>
  </ItemGroup>
  <ItemGroup>
    <ClCompile Include="testsuite.cpp" />
    <ClCompile Include="curveconfig.cpp">
      <Filter>source</Filter>
    </ClCompile>
    <ClCompile Include="fxtriangulation.cpp">
      <Filter>source</Filter>
    </ClCompile>
    <ClCompile Include="bond.cpp">
      <Filter>source</Filter>
    </ClCompile>
    <ClCompile Include="calendars.cpp">
      <Filter>source</Filter>
    </ClCompile>
    <ClCompile Include="ccyswapwithresets.cpp">
      <Filter>source</Filter>
    </ClCompile>
    <ClCompile Include="cds.cpp">
      <Filter>source</Filter>
    </ClCompile>
    <ClCompile Include="cms.cpp">
      <Filter>source</Filter>
    </ClCompile>
    <ClCompile Include="commoditycurve.cpp">
      <Filter>source</Filter>
    </ClCompile>
    <ClCompile Include="commoditycurveconfig.cpp">
      <Filter>source</Filter>
    </ClCompile>
    <ClCompile Include="commodityoption.cpp">
      <Filter>source</Filter>
    </ClCompile>
    <ClCompile Include="commodityvolcurve.cpp">
      <Filter>source</Filter>
    </ClCompile>
    <ClCompile Include="commodityvolcurveconfig.cpp">
      <Filter>source</Filter>
    </ClCompile>
    <ClCompile Include="conventions.cpp">
      <Filter>source</Filter>
    </ClCompile>
    <ClCompile Include="cpiswap.cpp">
      <Filter>source</Filter>
    </ClCompile>
    <ClCompile Include="crossassetmodeldata.cpp">
      <Filter>source</Filter>
    </ClCompile>
    <ClCompile Include="equitymarketdata.cpp">
      <Filter>source</Filter>
    </ClCompile>
    <ClCompile Include="equityswap.cpp">
      <Filter>source</Filter>
    </ClCompile>
    <ClCompile Include="equitytrades.cpp">
      <Filter>source</Filter>
    </ClCompile>
    <ClCompile Include="fxoption.cpp">
      <Filter>source</Filter>
    </ClCompile>
    <ClCompile Include="fxswap.cpp">
      <Filter>source</Filter>
    </ClCompile>
    <ClCompile Include="indices.cpp">
      <Filter>source</Filter>
    </ClCompile>
    <ClCompile Include="inflationcapfloor.cpp">
      <Filter>source</Filter>
    </ClCompile>
    <ClCompile Include="legdata.cpp">
      <Filter>source</Filter>
    </ClCompile>
    <ClCompile Include="ored_commodityforward.cpp">
      <Filter>source</Filter>
    </ClCompile>
    <ClCompile Include="parser.cpp">
      <Filter>source</Filter>
    </ClCompile>
    <ClCompile Include="portfolio.cpp">
      <Filter>source</Filter>
    </ClCompile>
    <ClCompile Include="schedule.cpp">
      <Filter>source</Filter>
    </ClCompile>
    <ClCompile Include="swaption.cpp">
      <Filter>source</Filter>
    </ClCompile>
    <ClCompile Include="todaysmarket.cpp">
      <Filter>source</Filter>
    </ClCompile>
    <ClCompile Include="xmlmanipulation.cpp">
      <Filter>source</Filter>
    </ClCompile>
    <ClCompile Include="yieldcurve.cpp">
      <Filter>source</Filter>
    </ClCompile>
    <ClCompile Include="correlationcurveconfig.cpp">
      <Filter>source</Filter>
    </ClCompile>
    <ClCompile Include="digitalcms.cpp">
      <Filter>source</Filter>
    </ClCompile>
    <ClCompile Include="fixings.cpp">
      <Filter>source</Filter>
    </ClCompile>
    <ClCompile Include="mxnircurves.cpp">
      <Filter>source</Filter>
    </ClCompile>
    <ClCompile Include="calendaradjustment.cpp">
      <Filter>source</Filter>
    </ClCompile>
    <ClCompile Include="creditdefaultswapdata.cpp">
      <Filter>source</Filter>
    </ClCompile>
    <ClCompile Include="zerocouponswap.cpp">
      <Filter>source</Filter>
    </ClCompile>
    <ClCompile Include="conventionsbasedfutureexpiry.cpp">
      <Filter>source</Filter>
    </ClCompile>
    <ClCompile Include="strike.cpp">
      <Filter>source</Filter>
    </ClCompile>
    <ClCompile Include="expiry.cpp">
      <Filter>source</Filter>
    </ClCompile>
    <ClCompile Include="cpicapfloor.cpp">
      <Filter>source</Filter>
    </ClCompile>
    <ClCompile Include="fittedbondcurve.cpp">
      <Filter>source</Filter>
    </ClCompile>
    <ClCompile Include="optionpaymentdata.cpp">
      <Filter>source</Filter>
    </ClCompile>
    <ClCompile Include="basecorrelationcurve.cpp">
      <Filter>source</Filter>
    </ClCompile>
    <ClCompile Include="inflationcurve.cpp">
      <Filter>source</Filter>
    </ClCompile>
    <ClCompile Include="fxvolcurve.cpp">
      <Filter>source</Filter>
    </ClCompile>
    <ClCompile Include="curvespecparser.cpp">
      <Filter>source</Filter>
    </ClCompile>
    <ClCompile Include="commodityasianoption.cpp">
      <Filter>source</Filter>
    </ClCompile>
    <ClCompile Include="optionasiandata.cpp">
      <Filter>source</Filter>
    </ClCompile>
    <ClCompile Include="fxasianoption.cpp">
      <Filter>source</Filter>
    </ClCompile>
    <ClCompile Include="equityasianoption.cpp">
      <Filter>source</Filter>
    </ClCompile>
  </ItemGroup>
</Project>
