<?xml version="1.0" encoding="utf-8"?>
<Project ToolsVersion="4.0" xmlns="http://schemas.microsoft.com/developer/msbuild/2003">
  <ItemGroup>
    <Filter Include="source">
      <UniqueIdentifier>{45418d19-7512-4daf-aaaa-4aac19551b13}</UniqueIdentifier>
    </Filter>
    <Filter Include="headers">
      <UniqueIdentifier>{09cd97d3-c9bb-446b-9696-ba7e6cbf9112}</UniqueIdentifier>
    </Filter>
  </ItemGroup>
  <ItemGroup>
    <ClInclude Include="testmarket.hpp">
      <Filter>headers</Filter>
    </ClInclude>
    <ClInclude Include="testportfolio.hpp">
      <Filter>headers</Filter>
    </ClInclude>
    <ClInclude Include="oreatoplevelfixture.hpp">
      <Filter>headers</Filter>
    </ClInclude>
  </ItemGroup>
  <ItemGroup>
    <ClCompile Include="cube.cpp">
      <Filter>source</Filter>
    </ClCompile>
    <ClCompile Include="scenariogenerator.cpp">
      <Filter>source</Filter>
    </ClCompile>
    <ClCompile Include="scenariosimmarket.cpp">
      <Filter>source</Filter>
    </ClCompile>
    <ClCompile Include="swapperformance.cpp">
      <Filter>source</Filter>
    </ClCompile>
    <ClCompile Include="testsuite.cpp" />
    <ClCompile Include="aggregationscenariodata.cpp">
      <Filter>source</Filter>
    </ClCompile>
    <ClCompile Include="observationmode.cpp">
      <Filter>source</Filter>
    </ClCompile>
    <ClCompile Include="sensitivityanalysis.cpp">
      <Filter>source</Filter>
    </ClCompile>
    <ClCompile Include="simulationmeasures.cpp">
      <Filter>source</Filter>
    </ClCompile>
    <ClCompile Include="stresstest.cpp">
      <Filter>source</Filter>
    </ClCompile>
    <ClCompile Include="testportfolio.cpp">
      <Filter>source</Filter>
    </ClCompile>
    <ClCompile Include="sensitivityperformance.cpp">
      <Filter>source</Filter>
    </ClCompile>
    <ClCompile Include="testmarket.cpp">
      <Filter>source</Filter>
    </ClCompile>
    <ClCompile Include="shiftscenariogenerator.cpp">
      <Filter>source</Filter>
    </ClCompile>
    <ClCompile Include="sensitivityanalysisanalytic.cpp">
      <Filter>source</Filter>
    </ClCompile>
    <ClCompile Include="sensitivityaggregator.cpp">
      <Filter>source</Filter>
    </ClCompile>
    <ClCompile Include="amcbermudanswaption.cpp">
      <Filter>source</Filter>
    </ClCompile>
  </ItemGroup>
</Project>