<?xml version="1.0" encoding="utf-8"?>
<Project ToolsVersion="4.0" xmlns="http://schemas.microsoft.com/developer/msbuild/2003">
  <ItemGroup>
    <Filter Include="configuration">
      <UniqueIdentifier>{ecab533c-e26e-4872-970e-b22949f84306}</UniqueIdentifier>
    </Filter>
    <Filter Include="marketdata">
      <UniqueIdentifier>{d447af73-724f-4cbe-b0ec-d02637d38a33}</UniqueIdentifier>
    </Filter>
    <Filter Include="model">
      <UniqueIdentifier>{6b362543-416a-4e63-9523-94909a20cfb1}</UniqueIdentifier>
    </Filter>
    <Filter Include="portfolio">
      <UniqueIdentifier>{dc15951b-6ddd-41a2-9085-9bc3ffbeaca3}</UniqueIdentifier>
    </Filter>
    <Filter Include="utilities">
      <UniqueIdentifier>{81cb95be-3ece-4f69-8759-2a3b4d022e6a}</UniqueIdentifier>
    </Filter>
    <Filter Include="portfolio\builders">
      <UniqueIdentifier>{366dc296-9975-4787-a9f4-6e3e3d30a55c}</UniqueIdentifier>
    </Filter>
    <Filter Include="report">
      <UniqueIdentifier>{f56268ea-d150-4fb7-b75b-9618e16d7c3d}</UniqueIdentifier>
    </Filter>
  </ItemGroup>
  <ItemGroup>
    <ClInclude Include="ored\configuration\capfloorvolcurveconfig.hpp">
      <Filter>configuration</Filter>
    </ClInclude>
    <ClInclude Include="ored\configuration\conventions.hpp">
      <Filter>configuration</Filter>
    </ClInclude>
    <ClInclude Include="ored\configuration\curveconfigurations.hpp">
      <Filter>configuration</Filter>
    </ClInclude>
    <ClInclude Include="ored\configuration\defaultcurveconfig.hpp">
      <Filter>configuration</Filter>
    </ClInclude>
    <ClInclude Include="ored\configuration\fxvolcurveconfig.hpp">
      <Filter>configuration</Filter>
    </ClInclude>
    <ClInclude Include="ored\configuration\swaptionvolcurveconfig.hpp">
      <Filter>configuration</Filter>
    </ClInclude>
    <ClInclude Include="ored\configuration\yieldcurveconfig.hpp">
      <Filter>configuration</Filter>
    </ClInclude>
    <ClInclude Include="ored\marketdata\capfloorvolcurve.hpp">
      <Filter>marketdata</Filter>
    </ClInclude>
    <ClInclude Include="ored\marketdata\csvloader.hpp">
      <Filter>marketdata</Filter>
    </ClInclude>
    <ClInclude Include="ored\marketdata\curveloader.hpp">
      <Filter>marketdata</Filter>
    </ClInclude>
    <ClInclude Include="ored\marketdata\curvespec.hpp">
      <Filter>marketdata</Filter>
    </ClInclude>
    <ClInclude Include="ored\marketdata\curvespecparser.hpp">
      <Filter>marketdata</Filter>
    </ClInclude>
    <ClInclude Include="ored\marketdata\defaultcurve.hpp">
      <Filter>marketdata</Filter>
    </ClInclude>
    <ClInclude Include="ored\marketdata\fixings.hpp">
      <Filter>marketdata</Filter>
    </ClInclude>
    <ClInclude Include="ored\marketdata\fxspot.hpp">
      <Filter>marketdata</Filter>
    </ClInclude>
    <ClInclude Include="ored\marketdata\fxtriangulation.hpp">
      <Filter>marketdata</Filter>
    </ClInclude>
    <ClInclude Include="ored\marketdata\fxvolcurve.hpp">
      <Filter>marketdata</Filter>
    </ClInclude>
    <ClInclude Include="ored\marketdata\loader.hpp">
      <Filter>marketdata</Filter>
    </ClInclude>
    <ClInclude Include="ored\marketdata\market.hpp">
      <Filter>marketdata</Filter>
    </ClInclude>
    <ClInclude Include="ored\marketdata\marketdatum.hpp">
      <Filter>marketdata</Filter>
    </ClInclude>
    <ClInclude Include="ored\marketdata\marketdatumparser.hpp">
      <Filter>marketdata</Filter>
    </ClInclude>
    <ClInclude Include="ored\marketdata\marketimpl.hpp">
      <Filter>marketdata</Filter>
    </ClInclude>
    <ClInclude Include="ored\marketdata\swaptionvolcurve.hpp">
      <Filter>marketdata</Filter>
    </ClInclude>
    <ClInclude Include="ored\marketdata\todaysmarket.hpp">
      <Filter>marketdata</Filter>
    </ClInclude>
    <ClInclude Include="ored\marketdata\todaysmarketparameters.hpp">
      <Filter>marketdata</Filter>
    </ClInclude>
    <ClInclude Include="ored\marketdata\yieldcurve.hpp">
      <Filter>marketdata</Filter>
    </ClInclude>
    <ClInclude Include="ored\model\crossassetmodelbuilder.hpp">
      <Filter>model</Filter>
    </ClInclude>
    <ClInclude Include="ored\model\crossassetmodeldata.hpp">
      <Filter>model</Filter>
    </ClInclude>
    <ClInclude Include="ored\model\fxbsbuilder.hpp">
      <Filter>model</Filter>
    </ClInclude>
    <ClInclude Include="ored\model\fxbsdata.hpp">
      <Filter>model</Filter>
    </ClInclude>
    <ClInclude Include="ored\model\lgmbuilder.hpp">
      <Filter>model</Filter>
    </ClInclude>
    <ClInclude Include="ored\model\lgmdata.hpp">
      <Filter>model</Filter>
    </ClInclude>
    <ClInclude Include="ored\model\utilities.hpp">
      <Filter>model</Filter>
    </ClInclude>
    <ClInclude Include="ored\utilities\correlationmatrix.hpp">
      <Filter>utilities</Filter>
    </ClInclude>
    <ClInclude Include="ored\utilities\currencycheck.hpp">
      <Filter>utilities</Filter>
    </ClInclude>
    <ClInclude Include="ored\utilities\flowanalysis.hpp">
      <Filter>utilities</Filter>
    </ClInclude>
    <ClInclude Include="ored\utilities\indexparser.hpp">
      <Filter>utilities</Filter>
    </ClInclude>
    <ClInclude Include="ored\utilities\log.hpp">
      <Filter>utilities</Filter>
    </ClInclude>
    <ClInclude Include="ored\utilities\osutils.hpp">
      <Filter>utilities</Filter>
    </ClInclude>
    <ClInclude Include="ored\utilities\parsers.hpp">
      <Filter>utilities</Filter>
    </ClInclude>
    <ClInclude Include="ored\utilities\progressbar.hpp">
      <Filter>utilities</Filter>
    </ClInclude>
    <ClInclude Include="ored\utilities\strike.hpp">
      <Filter>utilities</Filter>
    </ClInclude>
    <ClInclude Include="ored\utilities\xmlutils.hpp">
      <Filter>utilities</Filter>
    </ClInclude>
    <ClInclude Include="ored\portfolio\capfloor.hpp">
      <Filter>portfolio</Filter>
    </ClInclude>
    <ClInclude Include="ored\portfolio\enginedata.hpp">
      <Filter>portfolio</Filter>
    </ClInclude>
    <ClInclude Include="ored\portfolio\enginefactory.hpp">
      <Filter>portfolio</Filter>
    </ClInclude>
    <ClInclude Include="ored\portfolio\envelope.hpp">
      <Filter>portfolio</Filter>
    </ClInclude>
    <ClInclude Include="ored\portfolio\fxforward.hpp">
      <Filter>portfolio</Filter>
    </ClInclude>
    <ClInclude Include="ored\portfolio\fxoption.hpp">
      <Filter>portfolio</Filter>
    </ClInclude>
    <ClInclude Include="ored\portfolio\fxswap.hpp">
      <Filter>portfolio</Filter>
    </ClInclude>
    <ClInclude Include="ored\portfolio\instrumentwrapper.hpp">
      <Filter>portfolio</Filter>
    </ClInclude>
    <ClInclude Include="ored\portfolio\legdata.hpp">
      <Filter>portfolio</Filter>
    </ClInclude>
    <ClInclude Include="ored\portfolio\nettingsetdefinition.hpp">
      <Filter>portfolio</Filter>
    </ClInclude>
    <ClInclude Include="ored\portfolio\nettingsetmanager.hpp">
      <Filter>portfolio</Filter>
    </ClInclude>
    <ClInclude Include="ored\portfolio\optiondata.hpp">
      <Filter>portfolio</Filter>
    </ClInclude>
    <ClInclude Include="ored\portfolio\optionwrapper.hpp">
      <Filter>portfolio</Filter>
    </ClInclude>
    <ClInclude Include="ored\portfolio\portfolio.hpp">
      <Filter>portfolio</Filter>
    </ClInclude>
    <ClInclude Include="ored\portfolio\schedule.hpp">
      <Filter>portfolio</Filter>
    </ClInclude>
    <ClInclude Include="ored\portfolio\swap.hpp">
      <Filter>portfolio</Filter>
    </ClInclude>
    <ClInclude Include="ored\portfolio\swaption.hpp">
      <Filter>portfolio</Filter>
    </ClInclude>
    <ClInclude Include="ored\portfolio\trade.hpp">
      <Filter>portfolio</Filter>
    </ClInclude>
    <ClInclude Include="ored\portfolio\tradeactions.hpp">
      <Filter>portfolio</Filter>
    </ClInclude>
    <ClInclude Include="ored\portfolio\tradefactory.hpp">
      <Filter>portfolio</Filter>
    </ClInclude>
    <ClInclude Include="ored\portfolio\builders\cachingenginebuilder.hpp">
      <Filter>portfolio\builders</Filter>
    </ClInclude>
    <ClInclude Include="ored\portfolio\builders\capfloor.hpp">
      <Filter>portfolio\builders</Filter>
    </ClInclude>
    <ClInclude Include="ored\portfolio\builders\fxforward.hpp">
      <Filter>portfolio\builders</Filter>
    </ClInclude>
    <ClInclude Include="ored\portfolio\builders\fxoption.hpp">
      <Filter>portfolio\builders</Filter>
    </ClInclude>
    <ClInclude Include="ored\portfolio\builders\swap.hpp">
      <Filter>portfolio\builders</Filter>
    </ClInclude>
    <ClInclude Include="ored\portfolio\builders\swaption.hpp">
      <Filter>portfolio\builders</Filter>
    </ClInclude>
    <ClInclude Include="ored\auto_link.hpp" />
    <ClInclude Include="ored\ored.hpp" />
    <ClInclude Include="ored\portfolio\builders\capfloorediborleg.hpp">
      <Filter>portfolio\builders</Filter>
    </ClInclude>
    <ClInclude Include="ored\portfolio\builders\capflooredovernightindexedcouponleg.hpp">
      <Filter>portfolio\builders</Filter>
    </ClInclude>
    <ClInclude Include="ored\version.hpp" />
    <ClInclude Include="ored\utilities\to_string.hpp">
      <Filter>utilities</Filter>
    </ClInclude>
    <ClInclude Include="ored\utilities\vectorutils.hpp">
      <Filter>utilities</Filter>
    </ClInclude>
    <ClInclude Include="ored\utilities\serializationdate.hpp">
      <Filter>utilities</Filter>
    </ClInclude>
    <ClInclude Include="ored\marketdata\equitycurve.hpp">
      <Filter>marketdata</Filter>
    </ClInclude>
    <ClInclude Include="ored\marketdata\equityvolcurve.hpp">
      <Filter>marketdata</Filter>
    </ClInclude>
    <ClInclude Include="ored\configuration\equitycurveconfig.hpp">
      <Filter>configuration</Filter>
    </ClInclude>
    <ClInclude Include="ored\configuration\equityvolcurveconfig.hpp">
      <Filter>configuration</Filter>
    </ClInclude>
    <ClInclude Include="ored\portfolio\equityforward.hpp">
      <Filter>portfolio</Filter>
    </ClInclude>
    <ClInclude Include="ored\portfolio\equityoption.hpp">
      <Filter>portfolio</Filter>
    </ClInclude>
    <ClInclude Include="ored\portfolio\builders\equityforward.hpp">
      <Filter>portfolio\builders</Filter>
    </ClInclude>
    <ClInclude Include="ored\report\report.hpp">
      <Filter>report</Filter>
    </ClInclude>
    <ClInclude Include="ored\report\inmemoryreport.hpp">
      <Filter>report</Filter>
    </ClInclude>
    <ClInclude Include="ored\report\csvreport.hpp">
      <Filter>report</Filter>
    </ClInclude>
    <ClInclude Include="ored\portfolio\bond.hpp">
      <Filter>portfolio</Filter>
    </ClInclude>
    <ClInclude Include="ored\portfolio\builders\bond.hpp">
      <Filter>portfolio\builders</Filter>
    </ClInclude>
    <ClInclude Include="ored\configuration\inflationcurveconfig.hpp">
      <Filter>configuration</Filter>
    </ClInclude>
    <ClInclude Include="ored\marketdata\inflationcurve.hpp">
      <Filter>marketdata</Filter>
    </ClInclude>
    <ClInclude Include="ored\model\eqbsbuilder.hpp">
      <Filter>model</Filter>
    </ClInclude>
    <ClInclude Include="ored\model\eqbsdata.hpp">
      <Filter>model</Filter>
    </ClInclude>
    <ClInclude Include="ored\portfolio\builders\cms.hpp">
      <Filter>portfolio\builders</Filter>
    </ClInclude>
    <ClInclude Include="ored\marketdata\basecorrelationcurve.hpp">
      <Filter>marketdata</Filter>
    </ClInclude>
    <ClInclude Include="ored\configuration\basecorrelationcurveconfig.hpp">
      <Filter>configuration</Filter>
    </ClInclude>
    <ClInclude Include="ored\marketdata\cdsvolcurve.hpp">
      <Filter>marketdata</Filter>
    </ClInclude>
    <ClInclude Include="ored\configuration\cdsvolcurveconfig.hpp">
      <Filter>configuration</Filter>
    </ClInclude>
    <ClInclude Include="ored\portfolio\creditdefaultswap.hpp">
      <Filter>portfolio</Filter>
    </ClInclude>
    <ClInclude Include="ored\portfolio\builders\creditdefaultswap.hpp">
      <Filter>portfolio\builders</Filter>
    </ClInclude>
    <ClInclude Include="ored\portfolio\creditdefaultswapdata.hpp">
      <Filter>portfolio</Filter>
    </ClInclude>
    <ClInclude Include="ored\model\modelbuilder.hpp">
      <Filter>model</Filter>
    </ClInclude>
    <ClInclude Include="ored\configuration\curveconfig.hpp">
      <Filter>configuration</Filter>
    </ClInclude>
    <ClInclude Include="ored\utilities\csvfilereader.hpp">
      <Filter>utilities</Filter>
    </ClInclude>
    <ClInclude Include="ored\utilities\timeperiod.hpp">
      <Filter>utilities</Filter>
    </ClInclude>
    <ClInclude Include="ored\portfolio\forwardrateagreement.hpp">
      <Filter>portfolio</Filter>
    </ClInclude>
    <ClInclude Include="ored\configuration\securityconfig.hpp">
      <Filter>configuration</Filter>
    </ClInclude>
    <ClInclude Include="ored\configuration\fxspotconfig.hpp">
      <Filter>configuration</Filter>
    </ClInclude>
    <ClInclude Include="ored\marketdata\security.hpp">
      <Filter>marketdata</Filter>
    </ClInclude>
    <ClInclude Include="ored\model\infdkbuilder.hpp">
      <Filter>model</Filter>
    </ClInclude>
    <ClInclude Include="ored\model\infdkdata.hpp">
      <Filter>model</Filter>
    </ClInclude>
    <ClInclude Include="ored\model\irlgmdata.hpp">
      <Filter>model</Filter>
    </ClInclude>
    <ClInclude Include="ored\marketdata\commoditycurve.hpp">
      <Filter>marketdata</Filter>
    </ClInclude>
    <ClInclude Include="ored\configuration\commoditycurveconfig.hpp">
      <Filter>configuration</Filter>
    </ClInclude>
    <ClInclude Include="ored\portfolio\commodityforward.hpp">
      <Filter>portfolio</Filter>
    </ClInclude>
    <ClInclude Include="ored\portfolio\builders\commodityforward.hpp">
      <Filter>portfolio\builders</Filter>
    </ClInclude>
    <ClInclude Include="ored\configuration\commodityvolcurveconfig.hpp">
      <Filter>configuration</Filter>
    </ClInclude>
    <ClInclude Include="ored\marketdata\commodityvolcurve.hpp">
      <Filter>marketdata</Filter>
    </ClInclude>
    <ClInclude Include="ored\portfolio\commodityoption.hpp">
      <Filter>portfolio</Filter>
    </ClInclude>
    <ClInclude Include="ored\portfolio\legbuilders.hpp">
      <Filter>portfolio</Filter>
    </ClInclude>
    <ClInclude Include="ored\portfolio\builders\yoycapfloor.hpp">
      <Filter>portfolio\builders</Filter>
    </ClInclude>
    <ClInclude Include="ored\marketdata\inflationcapfloorvolcurve.hpp">
      <Filter>marketdata</Filter>
    </ClInclude>
    <ClInclude Include="ored\configuration\inflationcapfloorvolcurveconfig.hpp">
      <Filter>configuration</Filter>
    </ClInclude>
    <ClInclude Include="ored\portfolio\builders\equityoption.hpp">
      <Filter>portfolio\builders</Filter>
    </ClInclude>
    <ClInclude Include="ored\portfolio\builders\cmsspread.hpp">
      <Filter>portfolio\builders</Filter>
    </ClInclude>
    <ClInclude Include="ored\portfolio\equityswap.hpp">
      <Filter>portfolio</Filter>
    </ClInclude>
    <ClInclude Include="ored\marketdata\inmemoryloader.hpp">
      <Filter>marketdata</Filter>
    </ClInclude>
    <ClInclude Include="ored\configuration\correlationcurveconfig.hpp">
      <Filter>configuration</Filter>
    </ClInclude>
    <ClInclude Include="ored\marketdata\correlationcurve.hpp">
      <Filter>marketdata</Filter>
    </ClInclude>
    <ClInclude Include="ored\configuration\yieldvolcurveconfig.hpp">
      <Filter>configuration</Filter>
    </ClInclude>
    <ClInclude Include="ored\marketdata\yieldvolcurve.hpp">
      <Filter>marketdata</Filter>
    </ClInclude>
    <ClInclude Include="ored\portfolio\fixingdates.hpp">
      <Filter>portfolio</Filter>
    </ClInclude>
    <ClInclude Include="ored\configuration\genericyieldvolcurveconfig.hpp">
      <Filter>configuration</Filter>
    </ClInclude>
    <ClInclude Include="ored\marketdata\genericyieldvolcurve.hpp">
      <Filter>marketdata</Filter>
    </ClInclude>
    <ClInclude Include="ored\utilities\calendaradjustmentconfig.hpp">
      <Filter>utilities</Filter>
    </ClInclude>
    <ClInclude Include="ored\portfolio\builders\capflooredyoyleg.hpp">
      <Filter>portfolio\builders</Filter>
    </ClInclude>
    <ClInclude Include="ored\portfolio\builders\forwardbond.hpp">
      <Filter>portfolio\builders</Filter>
    </ClInclude>
    <ClInclude Include="ored\portfolio\forwardbond.hpp">
      <Filter>portfolio</Filter>
    </ClInclude>
    <ClInclude Include="ored\portfolio\vanillaoption.hpp">
      <Filter>portfolio</Filter>
    </ClInclude>
    <ClInclude Include="ored\portfolio\builders\vanillaoption.hpp">
      <Filter>portfolio\builders</Filter>
    </ClInclude>
    <ClInclude Include="ored\marketdata\structuredcurveerror.hpp">
      <Filter>utilities</Filter>
    </ClInclude>
    <ClInclude Include="ored\portfolio\structuredtradeerror.hpp">
      <Filter>utilities</Filter>
    </ClInclude>
    <ClInclude Include="ored\portfolio\legdatafactory.hpp">
      <Filter>portfolio</Filter>
    </ClInclude>
    <ClInclude Include="ored\utilities\conventionsbasedfutureexpiry.hpp">
      <Filter>utilities</Filter>
    </ClInclude>
    <ClInclude Include="ored\configuration\bootstrapconfig.hpp">
      <Filter>configuration</Filter>
    </ClInclude>
    <ClInclude Include="ored\marketdata\strike.hpp">
      <Filter>marketdata</Filter>
    </ClInclude>
    <ClInclude Include="ored\marketdata\expiry.hpp">
      <Filter>marketdata</Filter>
    </ClInclude>
    <ClInclude Include="ored\configuration\volatilityconfig.hpp">
      <Filter>configuration</Filter>
    </ClInclude>
    <ClInclude Include="ored\model\structuredmodelerror.hpp">
      <Filter>model</Filter>
    </ClInclude>
    <ClInclude Include="ored\portfolio\builders\cpicapfloor.hpp">
      <Filter>portfolio\builders</Filter>
    </ClInclude>
    <ClInclude Include="ored\portfolio\builders\capflooredcpileg.hpp">
      <Filter>portfolio\builders</Filter>
    </ClInclude>
    <ClInclude Include="ored\utilities\dategrid.hpp">
      <Filter>utilities</Filter>
    </ClInclude>
    <ClInclude Include="ored\portfolio\referencedata.hpp">
      <Filter>portfolio</Filter>
    </ClInclude>
    <ClInclude Include="ored\utilities\serializationdaycounter.hpp">
      <Filter>utilities</Filter>
    </ClInclude>
    <ClInclude Include="ored\utilities\serializationperiod.hpp">
      <Filter>utilities</Filter>
    </ClInclude>
    <ClInclude Include="ored\portfolio\referencedatafactory.hpp">
      <Filter>portfolio</Filter>
    </ClInclude>
    <ClInclude Include="ored\portfolio\underlying.hpp">
      <Filter>portfolio</Filter>
    </ClInclude>
    <ClInclude Include="ored\marketdata\fittedbondcurvehelpermarket.hpp">
      <Filter>marketdata</Filter>
    </ClInclude>
    <ClInclude Include="ored\portfolio\bondutils.hpp">
      <Filter>portfolio</Filter>
    </ClInclude>
    <ClInclude Include="ored\portfolio\indexing.hpp">
      <Filter>portfolio</Filter>
    </ClInclude>
    <ClInclude Include="ored\portfolio\builders\commodityoption.hpp">
      <Filter>portfolio\builders</Filter>
    </ClInclude>
    <ClInclude Include="ored\utilities\marketdata.hpp">
      <Filter>utilities</Filter>
    </ClInclude>
    <ClInclude Include="ored\portfolio\optionpaymentdata.hpp">
      <Filter>portfolio</Filter>
    </ClInclude>
    <ClInclude Include="ored\portfolio\optionexercisedata.hpp">
      <Filter>portfolio</Filter>
    </ClInclude>
    <ClInclude Include="ored\portfolio\asianoption.hpp">
      <Filter>portfolio</Filter>
    </ClInclude>
    <ClInclude Include="ored\portfolio\optionasiandata.hpp">
      <Filter>portfolio</Filter>
    </ClInclude>
    <ClInclude Include="ored\portfolio\equityasianoption.hpp">
      <Filter>portfolio</Filter>
    </ClInclude>
    <ClInclude Include="ored\portfolio\builders\asianoption.hpp">
      <Filter>portfolio\builders</Filter>
    </ClInclude>
    <ClInclude Include="ored\portfolio\builders\equityasianoption.hpp">
      <Filter>portfolio\builders</Filter>
    </ClInclude>
    <ClInclude Include="ored\portfolio\builders\commodityasianoption.hpp">
      <Filter>portfolio\builders</Filter>
    </ClInclude>
    <ClInclude Include="ored\portfolio\builders\fxasianoption.hpp">
      <Filter>portfolio\builders</Filter>
    </ClInclude>
    <ClInclude Include="ored\portfolio\fxasianoption.hpp">
      <Filter>portfolio</Filter>
    </ClInclude>
    <ClInclude Include="ored\portfolio\commodityasianoption.hpp">
      <Filter>portfolio</Filter>
    </ClInclude>
  </ItemGroup>
  <ItemGroup>
    <ClCompile Include="ored\configuration\capfloorvolcurveconfig.cpp">
      <Filter>configuration</Filter>
    </ClCompile>
    <ClCompile Include="ored\configuration\conventions.cpp">
      <Filter>configuration</Filter>
    </ClCompile>
    <ClCompile Include="ored\configuration\curveconfigurations.cpp">
      <Filter>configuration</Filter>
    </ClCompile>
    <ClCompile Include="ored\configuration\defaultcurveconfig.cpp">
      <Filter>configuration</Filter>
    </ClCompile>
    <ClCompile Include="ored\configuration\fxvolcurveconfig.cpp">
      <Filter>configuration</Filter>
    </ClCompile>
    <ClCompile Include="ored\configuration\yieldcurveconfig.cpp">
      <Filter>configuration</Filter>
    </ClCompile>
    <ClCompile Include="ored\marketdata\capfloorvolcurve.cpp">
      <Filter>marketdata</Filter>
    </ClCompile>
    <ClCompile Include="ored\marketdata\csvloader.cpp">
      <Filter>marketdata</Filter>
    </ClCompile>
    <ClCompile Include="ored\marketdata\curveloader.cpp">
      <Filter>marketdata</Filter>
    </ClCompile>
    <ClCompile Include="ored\marketdata\curvespec.cpp">
      <Filter>marketdata</Filter>
    </ClCompile>
    <ClCompile Include="ored\marketdata\curvespecparser.cpp">
      <Filter>marketdata</Filter>
    </ClCompile>
    <ClCompile Include="ored\marketdata\defaultcurve.cpp">
      <Filter>marketdata</Filter>
    </ClCompile>
    <ClCompile Include="ored\marketdata\fixings.cpp">
      <Filter>marketdata</Filter>
    </ClCompile>
    <ClCompile Include="ored\marketdata\fxspot.cpp">
      <Filter>marketdata</Filter>
    </ClCompile>
    <ClCompile Include="ored\marketdata\fxtriangulation.cpp">
      <Filter>marketdata</Filter>
    </ClCompile>
    <ClCompile Include="ored\marketdata\fxvolcurve.cpp">
      <Filter>marketdata</Filter>
    </ClCompile>
    <ClCompile Include="ored\marketdata\market.cpp">
      <Filter>marketdata</Filter>
    </ClCompile>
    <ClCompile Include="ored\marketdata\marketdatum.cpp">
      <Filter>marketdata</Filter>
    </ClCompile>
    <ClCompile Include="ored\marketdata\marketdatumparser.cpp">
      <Filter>marketdata</Filter>
    </ClCompile>
    <ClCompile Include="ored\marketdata\marketimpl.cpp">
      <Filter>marketdata</Filter>
    </ClCompile>
    <ClCompile Include="ored\marketdata\swaptionvolcurve.cpp">
      <Filter>marketdata</Filter>
    </ClCompile>
    <ClCompile Include="ored\marketdata\todaysmarket.cpp">
      <Filter>marketdata</Filter>
    </ClCompile>
    <ClCompile Include="ored\marketdata\todaysmarketparameters.cpp">
      <Filter>marketdata</Filter>
    </ClCompile>
    <ClCompile Include="ored\marketdata\yieldcurve.cpp">
      <Filter>marketdata</Filter>
    </ClCompile>
    <ClCompile Include="ored\model\crossassetmodelbuilder.cpp">
      <Filter>model</Filter>
    </ClCompile>
    <ClCompile Include="ored\model\crossassetmodeldata.cpp">
      <Filter>model</Filter>
    </ClCompile>
    <ClCompile Include="ored\model\fxbsbuilder.cpp">
      <Filter>model</Filter>
    </ClCompile>
    <ClCompile Include="ored\model\fxbsdata.cpp">
      <Filter>model</Filter>
    </ClCompile>
    <ClCompile Include="ored\model\lgmbuilder.cpp">
      <Filter>model</Filter>
    </ClCompile>
    <ClCompile Include="ored\model\lgmdata.cpp">
      <Filter>model</Filter>
    </ClCompile>
    <ClCompile Include="ored\model\utilities.cpp">
      <Filter>model</Filter>
    </ClCompile>
    <ClCompile Include="ored\utilities\correlationmatrix.cpp">
      <Filter>utilities</Filter>
    </ClCompile>
    <ClCompile Include="ored\utilities\currencycheck.cpp">
      <Filter>utilities</Filter>
    </ClCompile>
    <ClCompile Include="ored\utilities\flowanalysis.cpp">
      <Filter>utilities</Filter>
    </ClCompile>
    <ClCompile Include="ored\utilities\indexparser.cpp">
      <Filter>utilities</Filter>
    </ClCompile>
    <ClCompile Include="ored\utilities\log.cpp">
      <Filter>utilities</Filter>
    </ClCompile>
    <ClCompile Include="ored\utilities\osutils.cpp">
      <Filter>utilities</Filter>
    </ClCompile>
    <ClCompile Include="ored\utilities\parsers.cpp">
      <Filter>utilities</Filter>
    </ClCompile>
    <ClCompile Include="ored\utilities\progressbar.cpp">
      <Filter>utilities</Filter>
    </ClCompile>
    <ClCompile Include="ored\utilities\strike.cpp">
      <Filter>utilities</Filter>
    </ClCompile>
    <ClCompile Include="ored\utilities\xmlutils.cpp">
      <Filter>utilities</Filter>
    </ClCompile>
    <ClCompile Include="ored\portfolio\capfloor.cpp">
      <Filter>portfolio</Filter>
    </ClCompile>
    <ClCompile Include="ored\portfolio\enginedata.cpp">
      <Filter>portfolio</Filter>
    </ClCompile>
    <ClCompile Include="ored\portfolio\enginefactory.cpp">
      <Filter>portfolio</Filter>
    </ClCompile>
    <ClCompile Include="ored\portfolio\envelope.cpp">
      <Filter>portfolio</Filter>
    </ClCompile>
    <ClCompile Include="ored\portfolio\fxforward.cpp">
      <Filter>portfolio</Filter>
    </ClCompile>
    <ClCompile Include="ored\portfolio\fxoption.cpp">
      <Filter>portfolio</Filter>
    </ClCompile>
    <ClCompile Include="ored\portfolio\fxswap.cpp">
      <Filter>portfolio</Filter>
    </ClCompile>
    <ClCompile Include="ored\portfolio\legdata.cpp">
      <Filter>portfolio</Filter>
    </ClCompile>
    <ClCompile Include="ored\portfolio\nettingsetdefinition.cpp">
      <Filter>portfolio</Filter>
    </ClCompile>
    <ClCompile Include="ored\portfolio\nettingsetmanager.cpp">
      <Filter>portfolio</Filter>
    </ClCompile>
    <ClCompile Include="ored\portfolio\optiondata.cpp">
      <Filter>portfolio</Filter>
    </ClCompile>
    <ClCompile Include="ored\portfolio\optionwrapper.cpp">
      <Filter>portfolio</Filter>
    </ClCompile>
    <ClCompile Include="ored\portfolio\portfolio.cpp">
      <Filter>portfolio</Filter>
    </ClCompile>
    <ClCompile Include="ored\portfolio\schedule.cpp">
      <Filter>portfolio</Filter>
    </ClCompile>
    <ClCompile Include="ored\portfolio\swap.cpp">
      <Filter>portfolio</Filter>
    </ClCompile>
    <ClCompile Include="ored\portfolio\swaption.cpp">
      <Filter>portfolio</Filter>
    </ClCompile>
    <ClCompile Include="ored\portfolio\trade.cpp">
      <Filter>portfolio</Filter>
    </ClCompile>
    <ClCompile Include="ored\portfolio\tradeactions.cpp">
      <Filter>portfolio</Filter>
    </ClCompile>
    <ClCompile Include="ored\portfolio\tradefactory.cpp">
      <Filter>portfolio</Filter>
    </ClCompile>
    <ClCompile Include="ored\portfolio\builders\capfloor.cpp">
      <Filter>portfolio\builders</Filter>
    </ClCompile>
    <ClCompile Include="ored\portfolio\builders\swaption.cpp">
      <Filter>portfolio\builders</Filter>
    </ClCompile>
    <ClCompile Include="ored\portfolio\builders\capfloorediborleg.cpp">
      <Filter>portfolio\builders</Filter>
    </ClCompile>
    <ClCompile Include="ored\portfolio\builders\capflooredovernightindexedcouponleg.cpp">
      <Filter>portfolio\builders</Filter>
    </ClCompile>
    <ClCompile Include="ored\utilities\to_string.cpp">
      <Filter>utilities</Filter>
    </ClCompile>
    <ClCompile Include="ored\marketdata\equitycurve.cpp">
      <Filter>marketdata</Filter>
    </ClCompile>
    <ClCompile Include="ored\marketdata\equityvolcurve.cpp">
      <Filter>marketdata</Filter>
    </ClCompile>
    <ClCompile Include="ored\configuration\equitycurveconfig.cpp">
      <Filter>configuration</Filter>
    </ClCompile>
    <ClCompile Include="ored\configuration\equityvolcurveconfig.cpp">
      <Filter>configuration</Filter>
    </ClCompile>
    <ClCompile Include="ored\portfolio\equityforward.cpp">
      <Filter>portfolio</Filter>
    </ClCompile>
    <ClCompile Include="ored\portfolio\equityoption.cpp">
      <Filter>portfolio</Filter>
    </ClCompile>
    <ClCompile Include="ored\report\csvreport.cpp">
      <Filter>report</Filter>
    </ClCompile>
    <ClCompile Include="ored\portfolio\bond.cpp">
      <Filter>portfolio</Filter>
    </ClCompile>
    <ClCompile Include="ored\configuration\inflationcurveconfig.cpp">
      <Filter>configuration</Filter>
    </ClCompile>
    <ClCompile Include="ored\marketdata\inflationcurve.cpp">
      <Filter>marketdata</Filter>
    </ClCompile>
    <ClCompile Include="ored\model\eqbsbuilder.cpp">
      <Filter>model</Filter>
    </ClCompile>
    <ClCompile Include="ored\model\eqbsdata.cpp">
      <Filter>model</Filter>
    </ClCompile>
    <ClCompile Include="ored\portfolio\builders\cms.cpp">
      <Filter>portfolio\builders</Filter>
    </ClCompile>
    <ClCompile Include="ored\marketdata\basecorrelationcurve.cpp">
      <Filter>marketdata</Filter>
    </ClCompile>
    <ClCompile Include="ored\configuration\basecorrelationcurveconfig.cpp">
      <Filter>configuration</Filter>
    </ClCompile>
    <ClCompile Include="ored\marketdata\cdsvolcurve.cpp">
      <Filter>marketdata</Filter>
    </ClCompile>
    <ClCompile Include="ored\configuration\cdsvolcurveconfig.cpp">
      <Filter>configuration</Filter>
    </ClCompile>
    <ClCompile Include="ored\portfolio\creditdefaultswap.cpp">
      <Filter>portfolio</Filter>
    </ClCompile>
    <ClCompile Include="ored\portfolio\creditdefaultswapdata.cpp">
      <Filter>portfolio</Filter>
    </ClCompile>
    <ClCompile Include="ored\utilities\csvfilereader.cpp">
      <Filter>utilities</Filter>
    </ClCompile>
    <ClCompile Include="ored\portfolio\forwardrateagreement.cpp">
      <Filter>portfolio</Filter>
    </ClCompile>
    <ClCompile Include="ored\marketdata\security.cpp">
      <Filter>marketdata</Filter>
    </ClCompile>
    <ClCompile Include="ored\model\infdkbuilder.cpp">
      <Filter>model</Filter>
    </ClCompile>
    <ClCompile Include="ored\model\infdkdata.cpp">
      <Filter>model</Filter>
    </ClCompile>
    <ClCompile Include="ored\model\irlgmdata.cpp">
      <Filter>model</Filter>
    </ClCompile>
    <ClCompile Include="ored\marketdata\commoditycurve.cpp">
      <Filter>marketdata</Filter>
    </ClCompile>
    <ClCompile Include="ored\configuration\commoditycurveconfig.cpp">
      <Filter>configuration</Filter>
    </ClCompile>
    <ClCompile Include="ored\portfolio\commodityforward.cpp">
      <Filter>portfolio</Filter>
    </ClCompile>
    <ClCompile Include="ored\configuration\commodityvolcurveconfig.cpp">
      <Filter>configuration</Filter>
    </ClCompile>
    <ClCompile Include="ored\marketdata\commodityvolcurve.cpp">
      <Filter>marketdata</Filter>
    </ClCompile>
    <ClCompile Include="ored\portfolio\commodityoption.cpp">
      <Filter>portfolio</Filter>
    </ClCompile>
    <ClCompile Include="ored\portfolio\legbuilders.cpp">
      <Filter>portfolio</Filter>
    </ClCompile>
    <ClCompile Include="ored\portfolio\builders\yoycapfloor.cpp">
      <Filter>portfolio\builders</Filter>
    </ClCompile>
    <ClCompile Include="ored\marketdata\inflationcapfloorvolcurve.cpp">
      <Filter>marketdata</Filter>
    </ClCompile>
    <ClCompile Include="ored\configuration\inflationcapfloorvolcurveconfig.cpp">
      <Filter>configuration</Filter>
    </ClCompile>
    <ClCompile Include="ored\portfolio\builders\cmsspread.cpp">
      <Filter>portfolio\builders</Filter>
    </ClCompile>
    <ClCompile Include="ored\portfolio\equityswap.cpp">
      <Filter>portfolio</Filter>
    </ClCompile>
    <ClCompile Include="ored\marketdata\inmemoryloader.cpp">
      <Filter>marketdata</Filter>
    </ClCompile>
    <ClCompile Include="ored\configuration\correlationcurveconfig.cpp">
      <Filter>configuration</Filter>
    </ClCompile>
    <ClCompile Include="ored\marketdata\correlationcurve.cpp">
      <Filter>marketdata</Filter>
    </ClCompile>
    <ClCompile Include="ored\marketdata\yieldvolcurve.cpp">
      <Filter>marketdata</Filter>
    </ClCompile>
    <ClCompile Include="ored\portfolio\fixingdates.cpp">
      <Filter>portfolio</Filter>
    </ClCompile>
    <ClCompile Include="ored\configuration\genericyieldvolcurveconfig.cpp">
      <Filter>configuration</Filter>
    </ClCompile>
    <ClCompile Include="ored\marketdata\genericyieldvolcurve.cpp">
      <Filter>marketdata</Filter>
    </ClCompile>
    <ClCompile Include="ored\utilities\calendaradjustmentconfig.cpp">
      <Filter>utilities</Filter>
    </ClCompile>
    <ClCompile Include="ored\portfolio\forwardbond.cpp">
      <Filter>portfolio</Filter>
    </ClCompile>
    <ClCompile Include="ored\portfolio\vanillaoption.cpp">
      <Filter>portfolio</Filter>
    </ClCompile>
    <ClCompile Include="ored\portfolio\legdatafactory.cpp">
      <Filter>portfolio</Filter>
    </ClCompile>
    <ClCompile Include="ored\utilities\conventionsbasedfutureexpiry.cpp">
      <Filter>utilities</Filter>
    </ClCompile>
    <ClCompile Include="ored\configuration\bootstrapconfig.cpp">
      <Filter>configuration</Filter>
    </ClCompile>
    <ClCompile Include="ored\marketdata\strike.cpp">
      <Filter>marketdata</Filter>
    </ClCompile>
    <ClCompile Include="ored\marketdata\expiry.cpp">
      <Filter>marketdata</Filter>
    </ClCompile>
    <ClCompile Include="ored\configuration\volatilityconfig.cpp">
      <Filter>configuration</Filter>
    </ClCompile>
    <ClCompile Include="ored\portfolio\builders\cpicapfloor.cpp">
      <Filter>portfolio\builders</Filter>
    </ClCompile>
    <ClCompile Include="ored\utilities\dategrid.cpp">
      <Filter>utilities</Filter>
    </ClCompile>
    <ClCompile Include="ored\portfolio\referencedata.cpp">
      <Filter>portfolio</Filter>
    </ClCompile>
    <ClCompile Include="ored\portfolio\referencedatafactory.cpp">
      <Filter>portfolio</Filter>
    </ClCompile>
    <ClCompile Include="ored\portfolio\underlying.cpp">
      <Filter>portfolio</Filter>
    </ClCompile>
    <ClCompile Include="ored\marketdata\fittedbondcurvehelpermarket.cpp">
      <Filter>marketdata</Filter>
    </ClCompile>
    <ClCompile Include="ored\portfolio\bondutils.cpp">
      <Filter>portfolio</Filter>
    </ClCompile>
    <ClCompile Include="ored\portfolio\indexing.cpp">
      <Filter>portfolio</Filter>
    </ClCompile>
    <ClCompile Include="ored\utilities\marketdata.cpp">
      <Filter>utilities</Filter>
    </ClCompile>
    <ClCompile Include="ored\portfolio\optionpaymentdata.cpp">
      <Filter>portfolio</Filter>
    </ClCompile>
    <ClCompile Include="ored\portfolio\optionexercisedata.cpp">
      <Filter>portfolio</Filter>
    </ClCompile>
    <ClCompile Include="ored\portfolio\asianoption.cpp">
      <Filter>portfolio</Filter>
    </ClCompile>
    <ClCompile Include="ored\portfolio\optionasiandata.cpp">
      <Filter>portfolio</Filter>
    </ClCompile>
    <ClCompile Include="ored\portfolio\equityasianoption.cpp">
      <Filter>portfolio</Filter>
    </ClCompile>
    <ClCompile Include="ored\portfolio\commodityasianoption.cpp">
      <Filter>portfolio</Filter>
    </ClCompile>
    <ClCompile Include="ored\portfolio\fxasianoption.cpp">
      <Filter>portfolio</Filter>
    </ClCompile>
  </ItemGroup>
</Project>